// !$*UTF8*$!
{
	archiveVersion = 1;
	classes = {
	};
	objectVersion = 46;
	objects = {

/* Begin PBXBuildFile section */
		831A50E21C4B747E002247EF /* Constants.swift in Sources */ = {isa = PBXBuildFile; fileRef = 831A50E11C4B747E002247EF /* Constants.swift */; };
		831E56311C50246900ACB75A /* Then.swift in Sources */ = {isa = PBXBuildFile; fileRef = 831E56301C50246900ACB75A /* Then.swift */; };
		831E56371C50286300ACB75A /* InAppProductPurchaseRequest.swift in Sources */ = {isa = PBXBuildFile; fileRef = 831E56341C50286300ACB75A /* InAppProductPurchaseRequest.swift */; };
		831E56381C50286300ACB75A /* InAppProductQueryRequest.swift in Sources */ = {isa = PBXBuildFile; fileRef = 831E56351C50286300ACB75A /* InAppProductQueryRequest.swift */; };
		831E56391C50286300ACB75A /* SwiftyStoreKit.swift in Sources */ = {isa = PBXBuildFile; fileRef = 831E56361C50286300ACB75A /* SwiftyStoreKit.swift */; };
		831E563C1C50DB9100ACB75A /* CreditItemSelectVC.swift in Sources */ = {isa = PBXBuildFile; fileRef = 831E563B1C50DB9100ACB75A /* CreditItemSelectVC.swift */; };
		838442471C32674500342EE2 /* AudioToolbox.framework in Frameworks */ = {isa = PBXBuildFile; fileRef = 8384423F1C32674500342EE2 /* AudioToolbox.framework */; };
		838442481C32674500342EE2 /* CFNetwork.framework in Frameworks */ = {isa = PBXBuildFile; fileRef = 838442401C32674500342EE2 /* CFNetwork.framework */; };
		838442491C32674500342EE2 /* CoreGraphics.framework in Frameworks */ = {isa = PBXBuildFile; fileRef = 838442411C32674500342EE2 /* CoreGraphics.framework */; };
		8384424A1C32674500342EE2 /* CoreLocation.framework in Frameworks */ = {isa = PBXBuildFile; fileRef = 838442421C32674500342EE2 /* CoreLocation.framework */; };
		8384424B1C32674500342EE2 /* QuartzCore.framework in Frameworks */ = {isa = PBXBuildFile; fileRef = 838442431C32674500342EE2 /* QuartzCore.framework */; };
		8384424C1C32674500342EE2 /* Security.framework in Frameworks */ = {isa = PBXBuildFile; fileRef = 838442441C32674500342EE2 /* Security.framework */; };
		8384424D1C32674500342EE2 /* StoreKit.framework in Frameworks */ = {isa = PBXBuildFile; fileRef = 838442451C32674500342EE2 /* StoreKit.framework */; };
		8384424E1C32674500342EE2 /* SystemConfiguration.framework in Frameworks */ = {isa = PBXBuildFile; fileRef = 838442461C32674500342EE2 /* SystemConfiguration.framework */; };
		838442521C32677100342EE2 /* libsqlite3.tbd in Frameworks */ = {isa = PBXBuildFile; fileRef = 8384424F1C32677100342EE2 /* libsqlite3.tbd */; };
		838442531C32677100342EE2 /* libstdc++.6.tbd in Frameworks */ = {isa = PBXBuildFile; fileRef = 838442501C32677100342EE2 /* libstdc++.6.tbd */; };
		838442541C32677100342EE2 /* libz.tbd in Frameworks */ = {isa = PBXBuildFile; fileRef = 838442511C32677100342EE2 /* libz.tbd */; };
		8384425B1C326CF500342EE2 /* SignUpVC.swift in Sources */ = {isa = PBXBuildFile; fileRef = 8384425A1C326CF500342EE2 /* SignUpVC.swift */; };
		8384425D1C326D1300342EE2 /* ContactsVC.swift in Sources */ = {isa = PBXBuildFile; fileRef = 8384425C1C326D1300342EE2 /* ContactsVC.swift */; };
		83E7F5EB1C327CDD001D8C89 /* AddContactVC.swift in Sources */ = {isa = PBXBuildFile; fileRef = 83E7F5EA1C327CDD001D8C89 /* AddContactVC.swift */; };
		83E7F60F1C327CF6001D8C89 /* CatFactsApi.swift in Sources */ = {isa = PBXBuildFile; fileRef = 83E7F5ED1C327CF6001D8C89 /* CatFactsApi.swift */; };
		83E7F6111C327CF6001D8C89 /* InsetLabel.m in Sources */ = {isa = PBXBuildFile; fileRef = 83E7F5F21C327CF6001D8C89 /* InsetLabel.m */; };
		83E7F6121C327CF6001D8C89 /* MGSwipeButton.m in Sources */ = {isa = PBXBuildFile; fileRef = 83E7F5F51C327CF6001D8C89 /* MGSwipeButton.m */; };
		83E7F6131C327CF6001D8C89 /* MGSwipeTableCell.m in Sources */ = {isa = PBXBuildFile; fileRef = 83E7F5F71C327CF6001D8C89 /* MGSwipeTableCell.m */; };
		83E7F6141C327CF6001D8C89 /* TPKeyboardAvoidingScrollView.m in Sources */ = {isa = PBXBuildFile; fileRef = 83E7F5FA1C327CF6001D8C89 /* TPKeyboardAvoidingScrollView.m */; };
		83E7F6151C327CF6001D8C89 /* UIScrollView+TPKeyboardAvoidingAdditions.m in Sources */ = {isa = PBXBuildFile; fileRef = 83E7F5FC1C327CF6001D8C89 /* UIScrollView+TPKeyboardAvoidingAdditions.m */; };
		83E7F6161C327CF6001D8C89 /* UIView+CornerRadius.m in Sources */ = {isa = PBXBuildFile; fileRef = 83E7F5FE1C327CF6001D8C89 /* UIView+CornerRadius.m */; };
		83E7F6171C327CF6001D8C89 /* GlobInfo.m in Sources */ = {isa = PBXBuildFile; fileRef = 83E7F6001C327CF6001D8C89 /* GlobInfo.m */; };
		83E7F6181C327CF6001D8C89 /* Reachability.m in Sources */ = {isa = PBXBuildFile; fileRef = 83E7F6041C327CF6001D8C89 /* Reachability.m */; };
		83E7F61B1C327CF6001D8C89 /* ParseCrashReporting.framework in Frameworks */ = {isa = PBXBuildFile; fileRef = 83E7F6081C327CF6001D8C89 /* ParseCrashReporting.framework */; };
		83E7F61D1C327CF6001D8C89 /* CommData.m in Sources */ = {isa = PBXBuildFile; fileRef = 83E7F60C1C327CF6001D8C89 /* CommData.m */; };
		83E7F61E1C327CF6001D8C89 /* CommonUtility.m in Sources */ = {isa = PBXBuildFile; fileRef = 83E7F60E1C327CF6001D8C89 /* CommonUtility.m */; };
		83E7F6221C32B425001D8C89 /* CFBaseVC.swift in Sources */ = {isa = PBXBuildFile; fileRef = 83E7F6211C32B425001D8C89 /* CFBaseVC.swift */; };
		83E7F6241C32C92A001D8C89 /* CFContactCell.swift in Sources */ = {isa = PBXBuildFile; fileRef = 83E7F6231C32C92A001D8C89 /* CFContactCell.swift */; };
		83F74B261C314F020052CA6C /* Main.storyboard in Resources */ = {isa = PBXBuildFile; fileRef = 83F74B241C314F020052CA6C /* Main.storyboard */; };
		83F74B2B1C314F020052CA6C /* LaunchScreen.storyboard in Resources */ = {isa = PBXBuildFile; fileRef = 83F74B291C314F020052CA6C /* LaunchScreen.storyboard */; };
		83F74B361C314F020052CA6C /* CatFactsTests.swift in Sources */ = {isa = PBXBuildFile; fileRef = 83F74B351C314F020052CA6C /* CatFactsTests.swift */; };
		83F74B411C314F030052CA6C /* CatFactsUITests.swift in Sources */ = {isa = PBXBuildFile; fileRef = 83F74B401C314F030052CA6C /* CatFactsUITests.swift */; };
		83F74B531C3150810052CA6C /* AppDelegate.swift in Sources */ = {isa = PBXBuildFile; fileRef = 83F74B511C3150810052CA6C /* AppDelegate.swift */; };
		83F74B541C3150810052CA6C /* ViewController.swift in Sources */ = {isa = PBXBuildFile; fileRef = 83F74B521C3150810052CA6C /* ViewController.swift */; };
		83F74B561C3150930052CA6C /* Assets.xcassets in Resources */ = {isa = PBXBuildFile; fileRef = 83F74B551C3150930052CA6C /* Assets.xcassets */; };
		83F74B581C3154E00052CA6C /* SignInVC.swift in Sources */ = {isa = PBXBuildFile; fileRef = 83F74B571C3154E00052CA6C /* SignInVC.swift */; };
		83F74B861C3163DF0052CA6C /* Bolts.framework in Frameworks */ = {isa = PBXBuildFile; fileRef = 83F74B821C3163DF0052CA6C /* Bolts.framework */; };
		83F74B871C3163DF0052CA6C /* Parse.framework in Frameworks */ = {isa = PBXBuildFile; fileRef = 83F74B831C3163DF0052CA6C /* Parse.framework */; };
		83F74B881C3163DF0052CA6C /* ParseCrashReporting.framework in Frameworks */ = {isa = PBXBuildFile; fileRef = 83F74B841C3163DF0052CA6C /* ParseCrashReporting.framework */; };
		962DA9901CC0924A0052E140 /* SWRevealViewController.m in Sources */ = {isa = PBXBuildFile; fileRef = 962DA98F1CC0924A0052E140 /* SWRevealViewController.m */; };
		962DA9941CC098560052E140 /* MenuVC.swift in Sources */ = {isa = PBXBuildFile; fileRef = 962DA9931CC098560052E140 /* MenuVC.swift */; };
		962DA9961CC09A680052E140 /* AboutUs.swift in Sources */ = {isa = PBXBuildFile; fileRef = 962DA9951CC09A680052E140 /* AboutUs.swift */; };
		969197391CC15594008CE7EA /* PrivacyPolicyVC.swift in Sources */ = {isa = PBXBuildFile; fileRef = 969197381CC15594008CE7EA /* PrivacyPolicyVC.swift */; };
		96A5E0861CC2529400D8EC1E /* CatFactsPrivacyPolicy.rtf in Resources */ = {isa = PBXBuildFile; fileRef = 96A5E0851CC2529400D8EC1E /* CatFactsPrivacyPolicy.rtf */; };
		96A5E0891CC2B5EC00D8EC1E /* ContactDetailVC.swift in Sources */ = {isa = PBXBuildFile; fileRef = 96A5E0881CC2B5EC00D8EC1E /* ContactDetailVC.swift */; };
		B2D8283E1E7F810500121F5E /* JSQMessagesAssets.bundle in Resources */ = {isa = PBXBuildFile; fileRef = B2D827DC1E7F810500121F5E /* JSQMessagesAssets.bundle */; };
		B2D8283F1E7F810500121F5E /* NSBundle+JSQMessages.m in Sources */ = {isa = PBXBuildFile; fileRef = B2D827DF1E7F810500121F5E /* NSBundle+JSQMessages.m */; };
		B2D828401E7F810500121F5E /* NSString+JSQMessages.m in Sources */ = {isa = PBXBuildFile; fileRef = B2D827E11E7F810500121F5E /* NSString+JSQMessages.m */; };
		B2D828411E7F810500121F5E /* UIColor+JSQMessages.m in Sources */ = {isa = PBXBuildFile; fileRef = B2D827E31E7F810500121F5E /* UIColor+JSQMessages.m */; };
		B2D828421E7F810500121F5E /* UIImage+JSQMessages.m in Sources */ = {isa = PBXBuildFile; fileRef = B2D827E51E7F810500121F5E /* UIImage+JSQMessages.m */; };
		B2D828431E7F810500121F5E /* UIView+JSQMessages.m in Sources */ = {isa = PBXBuildFile; fileRef = B2D827E71E7F810500121F5E /* UIView+JSQMessages.m */; };
		B2D828441E7F810500121F5E /* JSQMessagesViewController.m in Sources */ = {isa = PBXBuildFile; fileRef = B2D827EA1E7F810500121F5E /* JSQMessagesViewController.m */; };
		B2D828451E7F810500121F5E /* JSQMessagesViewController.xib in Resources */ = {isa = PBXBuildFile; fileRef = B2D827EB1E7F810500121F5E /* JSQMessagesViewController.xib */; };
		B2D828461E7F810500121F5E /* JSQMessagesAvatarImageFactory.m in Sources */ = {isa = PBXBuildFile; fileRef = B2D827EE1E7F810500121F5E /* JSQMessagesAvatarImageFactory.m */; };
		B2D828471E7F810500121F5E /* JSQMessagesBubbleImageFactory.m in Sources */ = {isa = PBXBuildFile; fileRef = B2D827F01E7F810500121F5E /* JSQMessagesBubbleImageFactory.m */; };
		B2D828481E7F810500121F5E /* JSQMessagesMediaViewBubbleImageMasker.m in Sources */ = {isa = PBXBuildFile; fileRef = B2D827F21E7F810500121F5E /* JSQMessagesMediaViewBubbleImageMasker.m */; };
		B2D828491E7F810500121F5E /* JSQMessagesTimestampFormatter.m in Sources */ = {isa = PBXBuildFile; fileRef = B2D827F41E7F810500121F5E /* JSQMessagesTimestampFormatter.m */; };
		B2D8284A1E7F810500121F5E /* JSQMessagesToolbarButtonFactory.m in Sources */ = {isa = PBXBuildFile; fileRef = B2D827F61E7F810500121F5E /* JSQMessagesToolbarButtonFactory.m */; };
		B2D8284B1E7F810500121F5E /* JSQMessagesVideoThumbnailFactory.m in Sources */ = {isa = PBXBuildFile; fileRef = B2D827F81E7F810500121F5E /* JSQMessagesVideoThumbnailFactory.m */; };
		B2D8284C1E7F810500121F5E /* JSQAudioMediaViewAttributes.m in Sources */ = {isa = PBXBuildFile; fileRef = B2D827FC1E7F810500121F5E /* JSQAudioMediaViewAttributes.m */; };
		B2D8284D1E7F810500121F5E /* JSQMessagesBubblesSizeCalculator.m in Sources */ = {isa = PBXBuildFile; fileRef = B2D827FF1E7F810500121F5E /* JSQMessagesBubblesSizeCalculator.m */; };
		B2D8284E1E7F810500121F5E /* JSQMessagesCollectionViewFlowLayout.m in Sources */ = {isa = PBXBuildFile; fileRef = B2D828011E7F810500121F5E /* JSQMessagesCollectionViewFlowLayout.m */; };
		B2D8284F1E7F810500121F5E /* JSQMessagesCollectionViewFlowLayoutInvalidationContext.m in Sources */ = {isa = PBXBuildFile; fileRef = B2D828031E7F810500121F5E /* JSQMessagesCollectionViewFlowLayoutInvalidationContext.m */; };
		B2D828501E7F810500121F5E /* JSQMessagesCollectionViewLayoutAttributes.m in Sources */ = {isa = PBXBuildFile; fileRef = B2D828051E7F810500121F5E /* JSQMessagesCollectionViewLayoutAttributes.m */; };
		B2D828511E7F810500121F5E /* JSQAudioMediaItem.m in Sources */ = {isa = PBXBuildFile; fileRef = B2D828081E7F810500121F5E /* JSQAudioMediaItem.m */; };
		B2D828521E7F810500121F5E /* JSQLocationMediaItem.m in Sources */ = {isa = PBXBuildFile; fileRef = B2D8280A1E7F810500121F5E /* JSQLocationMediaItem.m */; };
		B2D828531E7F810500121F5E /* JSQMediaItem.m in Sources */ = {isa = PBXBuildFile; fileRef = B2D8280C1E7F810500121F5E /* JSQMediaItem.m */; };
		B2D828541E7F810500121F5E /* JSQMessage.m in Sources */ = {isa = PBXBuildFile; fileRef = B2D8280E1E7F810500121F5E /* JSQMessage.m */; };
		B2D828551E7F810500121F5E /* JSQMessagesAvatarImage.m in Sources */ = {isa = PBXBuildFile; fileRef = B2D828141E7F810500121F5E /* JSQMessagesAvatarImage.m */; };
		B2D828561E7F810500121F5E /* JSQMessagesBubbleImage.m in Sources */ = {isa = PBXBuildFile; fileRef = B2D828161E7F810500121F5E /* JSQMessagesBubbleImage.m */; };
		B2D828571E7F810500121F5E /* JSQPhotoMediaItem.m in Sources */ = {isa = PBXBuildFile; fileRef = B2D8281B1E7F810500121F5E /* JSQPhotoMediaItem.m */; };
		B2D828581E7F810500121F5E /* JSQVideoMediaItem.m in Sources */ = {isa = PBXBuildFile; fileRef = B2D8281D1E7F810500121F5E /* JSQVideoMediaItem.m */; };
		B2D828591E7F810500121F5E /* JSQMessagesCellTextView.m in Sources */ = {isa = PBXBuildFile; fileRef = B2D828201E7F810500121F5E /* JSQMessagesCellTextView.m */; };
		B2D8285A1E7F810500121F5E /* JSQMessagesCollectionView.m in Sources */ = {isa = PBXBuildFile; fileRef = B2D828221E7F810500121F5E /* JSQMessagesCollectionView.m */; };
		B2D8285B1E7F810500121F5E /* JSQMessagesCollectionViewCell.m in Sources */ = {isa = PBXBuildFile; fileRef = B2D828241E7F810500121F5E /* JSQMessagesCollectionViewCell.m */; };
		B2D8285C1E7F810500121F5E /* JSQMessagesCollectionViewCellIncoming.m in Sources */ = {isa = PBXBuildFile; fileRef = B2D828261E7F810500121F5E /* JSQMessagesCollectionViewCellIncoming.m */; };
		B2D8285D1E7F810500121F5E /* JSQMessagesCollectionViewCellIncoming.xib in Resources */ = {isa = PBXBuildFile; fileRef = B2D828271E7F810500121F5E /* JSQMessagesCollectionViewCellIncoming.xib */; };
		B2D8285E1E7F810500121F5E /* JSQMessagesCollectionViewCellOutgoing.m in Sources */ = {isa = PBXBuildFile; fileRef = B2D828291E7F810500121F5E /* JSQMessagesCollectionViewCellOutgoing.m */; };
		B2D8285F1E7F810500121F5E /* JSQMessagesCollectionViewCellOutgoing.xib in Resources */ = {isa = PBXBuildFile; fileRef = B2D8282A1E7F810500121F5E /* JSQMessagesCollectionViewCellOutgoing.xib */; };
		B2D828601E7F810500121F5E /* JSQMessagesComposerTextView.m in Sources */ = {isa = PBXBuildFile; fileRef = B2D8282C1E7F810500121F5E /* JSQMessagesComposerTextView.m */; };
		B2D828611E7F810500121F5E /* JSQMessagesInputToolbar.m in Sources */ = {isa = PBXBuildFile; fileRef = B2D8282E1E7F810500121F5E /* JSQMessagesInputToolbar.m */; };
		B2D828621E7F810500121F5E /* JSQMessagesLabel.m in Sources */ = {isa = PBXBuildFile; fileRef = B2D828301E7F810500121F5E /* JSQMessagesLabel.m */; };
		B2D828631E7F810500121F5E /* JSQMessagesLoadEarlierHeaderView.m in Sources */ = {isa = PBXBuildFile; fileRef = B2D828321E7F810500121F5E /* JSQMessagesLoadEarlierHeaderView.m */; };
		B2D828641E7F810500121F5E /* JSQMessagesLoadEarlierHeaderView.xib in Resources */ = {isa = PBXBuildFile; fileRef = B2D828331E7F810500121F5E /* JSQMessagesLoadEarlierHeaderView.xib */; };
		B2D828651E7F810500121F5E /* JSQMessagesMediaPlaceholderView.m in Sources */ = {isa = PBXBuildFile; fileRef = B2D828351E7F810500121F5E /* JSQMessagesMediaPlaceholderView.m */; };
		B2D828661E7F810500121F5E /* JSQMessagesToolbarContentView.m in Sources */ = {isa = PBXBuildFile; fileRef = B2D828371E7F810500121F5E /* JSQMessagesToolbarContentView.m */; };
		B2D828671E7F810500121F5E /* JSQMessagesToolbarContentView.xib in Resources */ = {isa = PBXBuildFile; fileRef = B2D828381E7F810500121F5E /* JSQMessagesToolbarContentView.xib */; };
		B2D828681E7F810500121F5E /* JSQMessagesTypingIndicatorFooterView.m in Sources */ = {isa = PBXBuildFile; fileRef = B2D8283A1E7F810500121F5E /* JSQMessagesTypingIndicatorFooterView.m */; };
		B2D828691E7F810500121F5E /* JSQMessagesTypingIndicatorFooterView.xib in Resources */ = {isa = PBXBuildFile; fileRef = B2D8283B1E7F810500121F5E /* JSQMessagesTypingIndicatorFooterView.xib */; };
		B2D8286A1E7F810500121F5E /* JSQMessagesTypingView.m in Sources */ = {isa = PBXBuildFile; fileRef = B2D8283D1E7F810500121F5E /* JSQMessagesTypingView.m */; };
		B2D8286C1E7F86A400121F5E /* ConversationHistoryVC.swift in Sources */ = {isa = PBXBuildFile; fileRef = B2D8286B1E7F86A400121F5E /* ConversationHistoryVC.swift */; };
		B32E28901CF1D1CE0062C7A1 /* CatFactsTermsOfService.rtf in Resources */ = {isa = PBXBuildFile; fileRef = B32E288F1CF1D1CE0062C7A1 /* CatFactsTermsOfService.rtf */; };
		B33D97C51CF4786A00E8DB69 /* DropDownCell.xib in Resources */ = {isa = PBXBuildFile; fileRef = B33D97C41CF4786A00E8DB69 /* DropDownCell.xib */; };
		B38A58571D1453290011CF1F /* Bolts.framework in Frameworks */ = {isa = PBXBuildFile; fileRef = B38A58551D1453290011CF1F /* Bolts.framework */; };
		B38A58581D1453290011CF1F /* Parse.framework in Frameworks */ = {isa = PBXBuildFile; fileRef = B38A58561D1453290011CF1F /* Parse.framework */; };
		B3FBC2E91CF35B0D009E549F /* DropDown.swift in Sources */ = {isa = PBXBuildFile; fileRef = B3FBC2E71CF35B0D009E549F /* DropDown.swift */; };
		B3FBC2EA1CF35B0D009E549F /* DropDownCell.swift in Sources */ = {isa = PBXBuildFile; fileRef = B3FBC2E81CF35B0D009E549F /* DropDownCell.swift */; };
		B3FBC2EE1CF35E95009E549F /* DPDConstants.swift in Sources */ = {isa = PBXBuildFile; fileRef = B3FBC2EB1CF35E95009E549F /* DPDConstants.swift */; };
		B3FBC2EF1CF35E95009E549F /* DPDKeyboardListener.swift in Sources */ = {isa = PBXBuildFile; fileRef = B3FBC2EC1CF35E95009E549F /* DPDKeyboardListener.swift */; };
		B3FBC2F01CF35E95009E549F /* DPDUIView+Extension.swift in Sources */ = {isa = PBXBuildFile; fileRef = B3FBC2ED1CF35E95009E549F /* DPDUIView+Extension.swift */; };
		B97A6BDADBBEE146CC2EFDFC /* Pods.framework in Frameworks */ = {isa = PBXBuildFile; fileRef = C655699474213E860600ADD1 /* Pods.framework */; };
/* End PBXBuildFile section */

/* Begin PBXContainerItemProxy section */
		83F74B321C314F020052CA6C /* PBXContainerItemProxy */ = {
			isa = PBXContainerItemProxy;
			containerPortal = 83F74B151C314F020052CA6C /* Project object */;
			proxyType = 1;
			remoteGlobalIDString = 83F74B1C1C314F020052CA6C;
			remoteInfo = CatFacts;
		};
		83F74B3D1C314F030052CA6C /* PBXContainerItemProxy */ = {
			isa = PBXContainerItemProxy;
			containerPortal = 83F74B151C314F020052CA6C /* Project object */;
			proxyType = 1;
			remoteGlobalIDString = 83F74B1C1C314F020052CA6C;
			remoteInfo = CatFacts;
		};
/* End PBXContainerItemProxy section */

/* Begin PBXFileReference section */
		426BE593CE1B20B0591AA43F /* Pods.debug.xcconfig */ = {isa = PBXFileReference; includeInIndex = 1; lastKnownFileType = text.xcconfig; name = Pods.debug.xcconfig; path = "Pods/Target Support Files/Pods/Pods.debug.xcconfig"; sourceTree = "<group>"; };
		831A50E11C4B747E002247EF /* Constants.swift */ = {isa = PBXFileReference; fileEncoding = 4; lastKnownFileType = sourcecode.swift; name = Constants.swift; path = Controller/Constants.swift; sourceTree = "<group>"; };
		831E56301C50246900ACB75A /* Then.swift */ = {isa = PBXFileReference; fileEncoding = 4; lastKnownFileType = sourcecode.swift; path = Then.swift; sourceTree = "<group>"; };
		831E56341C50286300ACB75A /* InAppProductPurchaseRequest.swift */ = {isa = PBXFileReference; fileEncoding = 4; lastKnownFileType = sourcecode.swift; path = InAppProductPurchaseRequest.swift; sourceTree = "<group>"; };
		831E56351C50286300ACB75A /* InAppProductQueryRequest.swift */ = {isa = PBXFileReference; fileEncoding = 4; lastKnownFileType = sourcecode.swift; path = InAppProductQueryRequest.swift; sourceTree = "<group>"; };
		831E56361C50286300ACB75A /* SwiftyStoreKit.swift */ = {isa = PBXFileReference; fileEncoding = 4; lastKnownFileType = sourcecode.swift; path = SwiftyStoreKit.swift; sourceTree = "<group>"; };
		831E563B1C50DB9100ACB75A /* CreditItemSelectVC.swift */ = {isa = PBXFileReference; fileEncoding = 4; lastKnownFileType = sourcecode.swift; name = CreditItemSelectVC.swift; path = Controller/CreditItemSelect/CreditItemSelectVC.swift; sourceTree = "<group>"; };
		835F24DC1C55C0D700DA73D1 /* SVProgressHUD.framework */ = {isa = PBXFileReference; lastKnownFileType = wrapper.framework; name = SVProgressHUD.framework; path = "Pods/../build/Debug-iphoneos/SVProgressHUD.framework"; sourceTree = "<group>"; };
		835F24DE1C55C0EB00DA73D1 /* DateTools.framework */ = {isa = PBXFileReference; lastKnownFileType = wrapper.framework; name = DateTools.framework; path = "Pods/../build/Debug-iphoneos/DateTools.framework"; sourceTree = "<group>"; };
		8384423F1C32674500342EE2 /* AudioToolbox.framework */ = {isa = PBXFileReference; lastKnownFileType = wrapper.framework; name = AudioToolbox.framework; path = System/Library/Frameworks/AudioToolbox.framework; sourceTree = SDKROOT; };
		838442401C32674500342EE2 /* CFNetwork.framework */ = {isa = PBXFileReference; lastKnownFileType = wrapper.framework; name = CFNetwork.framework; path = System/Library/Frameworks/CFNetwork.framework; sourceTree = SDKROOT; };
		838442411C32674500342EE2 /* CoreGraphics.framework */ = {isa = PBXFileReference; lastKnownFileType = wrapper.framework; name = CoreGraphics.framework; path = System/Library/Frameworks/CoreGraphics.framework; sourceTree = SDKROOT; };
		838442421C32674500342EE2 /* CoreLocation.framework */ = {isa = PBXFileReference; lastKnownFileType = wrapper.framework; name = CoreLocation.framework; path = System/Library/Frameworks/CoreLocation.framework; sourceTree = SDKROOT; };
		838442431C32674500342EE2 /* QuartzCore.framework */ = {isa = PBXFileReference; lastKnownFileType = wrapper.framework; name = QuartzCore.framework; path = System/Library/Frameworks/QuartzCore.framework; sourceTree = SDKROOT; };
		838442441C32674500342EE2 /* Security.framework */ = {isa = PBXFileReference; lastKnownFileType = wrapper.framework; name = Security.framework; path = System/Library/Frameworks/Security.framework; sourceTree = SDKROOT; };
		838442451C32674500342EE2 /* StoreKit.framework */ = {isa = PBXFileReference; lastKnownFileType = wrapper.framework; name = StoreKit.framework; path = System/Library/Frameworks/StoreKit.framework; sourceTree = SDKROOT; };
		838442461C32674500342EE2 /* SystemConfiguration.framework */ = {isa = PBXFileReference; lastKnownFileType = wrapper.framework; name = SystemConfiguration.framework; path = System/Library/Frameworks/SystemConfiguration.framework; sourceTree = SDKROOT; };
		8384424F1C32677100342EE2 /* libsqlite3.tbd */ = {isa = PBXFileReference; lastKnownFileType = "sourcecode.text-based-dylib-definition"; name = libsqlite3.tbd; path = usr/lib/libsqlite3.tbd; sourceTree = SDKROOT; };
		838442501C32677100342EE2 /* libstdc++.6.tbd */ = {isa = PBXFileReference; lastKnownFileType = "sourcecode.text-based-dylib-definition"; name = "libstdc++.6.tbd"; path = "usr/lib/libstdc++.6.tbd"; sourceTree = SDKROOT; };
		838442511C32677100342EE2 /* libz.tbd */ = {isa = PBXFileReference; lastKnownFileType = "sourcecode.text-based-dylib-definition"; name = libz.tbd; path = usr/lib/libz.tbd; sourceTree = SDKROOT; };
		8384425A1C326CF500342EE2 /* SignUpVC.swift */ = {isa = PBXFileReference; fileEncoding = 4; lastKnownFileType = sourcecode.swift; name = SignUpVC.swift; path = Controller/SignUp/SignUpVC.swift; sourceTree = "<group>"; };
		8384425C1C326D1300342EE2 /* ContactsVC.swift */ = {isa = PBXFileReference; fileEncoding = 4; lastKnownFileType = sourcecode.swift; name = ContactsVC.swift; path = Controller/Contacts/ContactsVC.swift; sourceTree = "<group>"; };
		83E7F5EA1C327CDD001D8C89 /* AddContactVC.swift */ = {isa = PBXFileReference; fileEncoding = 4; lastKnownFileType = sourcecode.swift; name = AddContactVC.swift; path = Controller/AddContact/AddContactVC.swift; sourceTree = "<group>"; };
		83E7F5ED1C327CF6001D8C89 /* CatFactsApi.swift */ = {isa = PBXFileReference; fileEncoding = 4; lastKnownFileType = sourcecode.swift; name = CatFactsApi.swift; path = Controller/Common/CatFactsApi.swift; sourceTree = "<group>"; };
		83E7F5F11C327CF6001D8C89 /* InsetLabel.h */ = {isa = PBXFileReference; fileEncoding = 4; lastKnownFileType = sourcecode.c.h; path = InsetLabel.h; sourceTree = "<group>"; };
		83E7F5F21C327CF6001D8C89 /* InsetLabel.m */ = {isa = PBXFileReference; fileEncoding = 4; lastKnownFileType = sourcecode.c.objc; path = InsetLabel.m; sourceTree = "<group>"; };
		83E7F5F41C327CF6001D8C89 /* MGSwipeButton.h */ = {isa = PBXFileReference; fileEncoding = 4; lastKnownFileType = sourcecode.c.h; path = MGSwipeButton.h; sourceTree = "<group>"; };
		83E7F5F51C327CF6001D8C89 /* MGSwipeButton.m */ = {isa = PBXFileReference; fileEncoding = 4; lastKnownFileType = sourcecode.c.objc; path = MGSwipeButton.m; sourceTree = "<group>"; };
		83E7F5F61C327CF6001D8C89 /* MGSwipeTableCell.h */ = {isa = PBXFileReference; fileEncoding = 4; lastKnownFileType = sourcecode.c.h; path = MGSwipeTableCell.h; sourceTree = "<group>"; };
		83E7F5F71C327CF6001D8C89 /* MGSwipeTableCell.m */ = {isa = PBXFileReference; fileEncoding = 4; lastKnownFileType = sourcecode.c.objc; path = MGSwipeTableCell.m; sourceTree = "<group>"; };
		83E7F5F91C327CF6001D8C89 /* TPKeyboardAvoidingScrollView.h */ = {isa = PBXFileReference; fileEncoding = 4; lastKnownFileType = sourcecode.c.h; path = TPKeyboardAvoidingScrollView.h; sourceTree = "<group>"; };
		83E7F5FA1C327CF6001D8C89 /* TPKeyboardAvoidingScrollView.m */ = {isa = PBXFileReference; fileEncoding = 4; lastKnownFileType = sourcecode.c.objc; path = TPKeyboardAvoidingScrollView.m; sourceTree = "<group>"; };
		83E7F5FB1C327CF6001D8C89 /* UIScrollView+TPKeyboardAvoidingAdditions.h */ = {isa = PBXFileReference; fileEncoding = 4; lastKnownFileType = sourcecode.c.h; path = "UIScrollView+TPKeyboardAvoidingAdditions.h"; sourceTree = "<group>"; };
		83E7F5FC1C327CF6001D8C89 /* UIScrollView+TPKeyboardAvoidingAdditions.m */ = {isa = PBXFileReference; fileEncoding = 4; lastKnownFileType = sourcecode.c.objc; path = "UIScrollView+TPKeyboardAvoidingAdditions.m"; sourceTree = "<group>"; };
		83E7F5FD1C327CF6001D8C89 /* UIView+CornerRadius.h */ = {isa = PBXFileReference; fileEncoding = 4; lastKnownFileType = sourcecode.c.h; path = "UIView+CornerRadius.h"; sourceTree = "<group>"; };
		83E7F5FE1C327CF6001D8C89 /* UIView+CornerRadius.m */ = {isa = PBXFileReference; fileEncoding = 4; lastKnownFileType = sourcecode.c.objc; path = "UIView+CornerRadius.m"; sourceTree = "<group>"; };
		83E7F5FF1C327CF6001D8C89 /* GlobInfo.h */ = {isa = PBXFileReference; fileEncoding = 4; lastKnownFileType = sourcecode.c.h; name = GlobInfo.h; path = Controller/Common/GlobInfo.h; sourceTree = "<group>"; };
		83E7F6001C327CF6001D8C89 /* GlobInfo.m */ = {isa = PBXFileReference; fileEncoding = 4; lastKnownFileType = sourcecode.c.objc; name = GlobInfo.m; path = Controller/Common/GlobInfo.m; sourceTree = "<group>"; };
		83E7F6011C327CF6001D8C89 /* kchmacros.h */ = {isa = PBXFileReference; fileEncoding = 4; lastKnownFileType = sourcecode.c.h; name = kchmacros.h; path = Controller/Common/kchmacros.h; sourceTree = "<group>"; };
		83E7F6031C327CF6001D8C89 /* Reachability.h */ = {isa = PBXFileReference; fileEncoding = 4; lastKnownFileType = sourcecode.c.h; path = Reachability.h; sourceTree = "<group>"; };
		83E7F6041C327CF6001D8C89 /* Reachability.m */ = {isa = PBXFileReference; fileEncoding = 4; lastKnownFileType = sourcecode.c.objc; path = Reachability.m; sourceTree = "<group>"; };
		83E7F6081C327CF6001D8C89 /* ParseCrashReporting.framework */ = {isa = PBXFileReference; lastKnownFileType = wrapper.framework; path = ParseCrashReporting.framework; sourceTree = "<group>"; };
		83E7F60B1C327CF6001D8C89 /* CommData.h */ = {isa = PBXFileReference; fileEncoding = 4; lastKnownFileType = sourcecode.c.h; path = CommData.h; sourceTree = "<group>"; };
		83E7F60C1C327CF6001D8C89 /* CommData.m */ = {isa = PBXFileReference; fileEncoding = 4; lastKnownFileType = sourcecode.c.objc; path = CommData.m; sourceTree = "<group>"; };
		83E7F60D1C327CF6001D8C89 /* CommonUtility.h */ = {isa = PBXFileReference; fileEncoding = 4; lastKnownFileType = sourcecode.c.h; path = CommonUtility.h; sourceTree = "<group>"; };
		83E7F60E1C327CF6001D8C89 /* CommonUtility.m */ = {isa = PBXFileReference; fileEncoding = 4; lastKnownFileType = sourcecode.c.objc; path = CommonUtility.m; sourceTree = "<group>"; };
		83E7F6201C327D95001D8C89 /* CatFacts-Bridging-Header.h */ = {isa = PBXFileReference; fileEncoding = 4; lastKnownFileType = sourcecode.c.h; path = "CatFacts-Bridging-Header.h"; sourceTree = "<group>"; };
		83E7F6211C32B425001D8C89 /* CFBaseVC.swift */ = {isa = PBXFileReference; fileEncoding = 4; lastKnownFileType = sourcecode.swift; name = CFBaseVC.swift; path = Controller/Common/CFBaseVC.swift; sourceTree = "<group>"; };
		83E7F6231C32C92A001D8C89 /* CFContactCell.swift */ = {isa = PBXFileReference; fileEncoding = 4; lastKnownFileType = sourcecode.swift; name = CFContactCell.swift; path = Controller/Contacts/CFContactCell.swift; sourceTree = "<group>"; };
		83F74B1D1C314F020052CA6C /* CatFacts.app */ = {isa = PBXFileReference; explicitFileType = wrapper.application; includeInIndex = 0; path = CatFacts.app; sourceTree = BUILT_PRODUCTS_DIR; };
		83F74B251C314F020052CA6C /* Base */ = {isa = PBXFileReference; lastKnownFileType = file.storyboard; name = Base; path = Base.lproj/Main.storyboard; sourceTree = "<group>"; };
		83F74B2A1C314F020052CA6C /* Base */ = {isa = PBXFileReference; lastKnownFileType = file.storyboard; name = Base; path = Base.lproj/LaunchScreen.storyboard; sourceTree = "<group>"; };
		83F74B2C1C314F020052CA6C /* Info.plist */ = {isa = PBXFileReference; lastKnownFileType = text.plist.xml; path = Info.plist; sourceTree = "<group>"; };
		83F74B311C314F020052CA6C /* CatFactsTests.xctest */ = {isa = PBXFileReference; explicitFileType = wrapper.cfbundle; includeInIndex = 0; path = CatFactsTests.xctest; sourceTree = BUILT_PRODUCTS_DIR; };
		83F74B351C314F020052CA6C /* CatFactsTests.swift */ = {isa = PBXFileReference; lastKnownFileType = sourcecode.swift; path = CatFactsTests.swift; sourceTree = "<group>"; };
		83F74B371C314F020052CA6C /* Info.plist */ = {isa = PBXFileReference; lastKnownFileType = text.plist.xml; path = Info.plist; sourceTree = "<group>"; };
		83F74B3C1C314F030052CA6C /* CatFactsUITests.xctest */ = {isa = PBXFileReference; explicitFileType = wrapper.cfbundle; includeInIndex = 0; path = CatFactsUITests.xctest; sourceTree = BUILT_PRODUCTS_DIR; };
		83F74B401C314F030052CA6C /* CatFactsUITests.swift */ = {isa = PBXFileReference; lastKnownFileType = sourcecode.swift; path = CatFactsUITests.swift; sourceTree = "<group>"; };
		83F74B421C314F030052CA6C /* Info.plist */ = {isa = PBXFileReference; lastKnownFileType = text.plist.xml; path = Info.plist; sourceTree = "<group>"; };
		83F74B511C3150810052CA6C /* AppDelegate.swift */ = {isa = PBXFileReference; fileEncoding = 4; lastKnownFileType = sourcecode.swift; name = AppDelegate.swift; path = Controller/AppDelegate.swift; sourceTree = "<group>"; };
		83F74B521C3150810052CA6C /* ViewController.swift */ = {isa = PBXFileReference; fileEncoding = 4; lastKnownFileType = sourcecode.swift; name = ViewController.swift; path = Controller/ViewController.swift; sourceTree = "<group>"; };
		83F74B551C3150930052CA6C /* Assets.xcassets */ = {isa = PBXFileReference; lastKnownFileType = folder.assetcatalog; name = Assets.xcassets; path = View/Assets.xcassets; sourceTree = "<group>"; };
		83F74B571C3154E00052CA6C /* SignInVC.swift */ = {isa = PBXFileReference; fileEncoding = 4; lastKnownFileType = sourcecode.swift; name = SignInVC.swift; path = Controller/SignIn/SignInVC.swift; sourceTree = "<group>"; };
		83F74B821C3163DF0052CA6C /* Bolts.framework */ = {isa = PBXFileReference; lastKnownFileType = wrapper.framework; name = Bolts.framework; path = CatFacts/Controller/ThirdParty/Bolts.framework; sourceTree = "<group>"; };
		83F74B831C3163DF0052CA6C /* Parse.framework */ = {isa = PBXFileReference; lastKnownFileType = wrapper.framework; name = Parse.framework; path = CatFacts/Controller/ThirdParty/Parse.framework; sourceTree = "<group>"; };
		83F74B841C3163DF0052CA6C /* ParseCrashReporting.framework */ = {isa = PBXFileReference; lastKnownFileType = wrapper.framework; name = ParseCrashReporting.framework; path = CatFacts/Controller/ThirdParty/ParseCrashReporting.framework; sourceTree = "<group>"; };
		962DA98E1CC0924A0052E140 /* SWRevealViewController.h */ = {isa = PBXFileReference; fileEncoding = 4; lastKnownFileType = sourcecode.c.h; path = SWRevealViewController.h; sourceTree = "<group>"; };
		962DA98F1CC0924A0052E140 /* SWRevealViewController.m */ = {isa = PBXFileReference; fileEncoding = 4; lastKnownFileType = sourcecode.c.objc; path = SWRevealViewController.m; sourceTree = "<group>"; };
		962DA9931CC098560052E140 /* MenuVC.swift */ = {isa = PBXFileReference; fileEncoding = 4; lastKnownFileType = sourcecode.swift; path = MenuVC.swift; sourceTree = "<group>"; };
		962DA9951CC09A680052E140 /* AboutUs.swift */ = {isa = PBXFileReference; fileEncoding = 4; lastKnownFileType = sourcecode.swift; path = AboutUs.swift; sourceTree = "<group>"; };
		969197381CC15594008CE7EA /* PrivacyPolicyVC.swift */ = {isa = PBXFileReference; fileEncoding = 4; lastKnownFileType = sourcecode.swift; path = PrivacyPolicyVC.swift; sourceTree = "<group>"; };
		96A5E0851CC2529400D8EC1E /* CatFactsPrivacyPolicy.rtf */ = {isa = PBXFileReference; fileEncoding = 4; lastKnownFileType = text.rtf; path = CatFactsPrivacyPolicy.rtf; sourceTree = "<group>"; };
		96A5E0881CC2B5EC00D8EC1E /* ContactDetailVC.swift */ = {isa = PBXFileReference; fileEncoding = 4; lastKnownFileType = sourcecode.swift; path = ContactDetailVC.swift; sourceTree = "<group>"; };
		B2D827DC1E7F810500121F5E /* JSQMessagesAssets.bundle */ = {isa = PBXFileReference; lastKnownFileType = "wrapper.plug-in"; path = JSQMessagesAssets.bundle; sourceTree = "<group>"; };
		B2D827DE1E7F810500121F5E /* NSBundle+JSQMessages.h */ = {isa = PBXFileReference; fileEncoding = 4; lastKnownFileType = sourcecode.c.h; path = "NSBundle+JSQMessages.h"; sourceTree = "<group>"; };
		B2D827DF1E7F810500121F5E /* NSBundle+JSQMessages.m */ = {isa = PBXFileReference; fileEncoding = 4; lastKnownFileType = sourcecode.c.objc; path = "NSBundle+JSQMessages.m"; sourceTree = "<group>"; };
		B2D827E01E7F810500121F5E /* NSString+JSQMessages.h */ = {isa = PBXFileReference; fileEncoding = 4; lastKnownFileType = sourcecode.c.h; path = "NSString+JSQMessages.h"; sourceTree = "<group>"; };
		B2D827E11E7F810500121F5E /* NSString+JSQMessages.m */ = {isa = PBXFileReference; fileEncoding = 4; lastKnownFileType = sourcecode.c.objc; path = "NSString+JSQMessages.m"; sourceTree = "<group>"; };
		B2D827E21E7F810500121F5E /* UIColor+JSQMessages.h */ = {isa = PBXFileReference; fileEncoding = 4; lastKnownFileType = sourcecode.c.h; path = "UIColor+JSQMessages.h"; sourceTree = "<group>"; };
		B2D827E31E7F810500121F5E /* UIColor+JSQMessages.m */ = {isa = PBXFileReference; fileEncoding = 4; lastKnownFileType = sourcecode.c.objc; path = "UIColor+JSQMessages.m"; sourceTree = "<group>"; };
		B2D827E41E7F810500121F5E /* UIImage+JSQMessages.h */ = {isa = PBXFileReference; fileEncoding = 4; lastKnownFileType = sourcecode.c.h; path = "UIImage+JSQMessages.h"; sourceTree = "<group>"; };
		B2D827E51E7F810500121F5E /* UIImage+JSQMessages.m */ = {isa = PBXFileReference; fileEncoding = 4; lastKnownFileType = sourcecode.c.objc; path = "UIImage+JSQMessages.m"; sourceTree = "<group>"; };
		B2D827E61E7F810500121F5E /* UIView+JSQMessages.h */ = {isa = PBXFileReference; fileEncoding = 4; lastKnownFileType = sourcecode.c.h; path = "UIView+JSQMessages.h"; sourceTree = "<group>"; };
		B2D827E71E7F810500121F5E /* UIView+JSQMessages.m */ = {isa = PBXFileReference; fileEncoding = 4; lastKnownFileType = sourcecode.c.objc; path = "UIView+JSQMessages.m"; sourceTree = "<group>"; };
		B2D827E91E7F810500121F5E /* JSQMessagesViewController.h */ = {isa = PBXFileReference; fileEncoding = 4; lastKnownFileType = sourcecode.c.h; path = JSQMessagesViewController.h; sourceTree = "<group>"; };
		B2D827EA1E7F810500121F5E /* JSQMessagesViewController.m */ = {isa = PBXFileReference; fileEncoding = 4; lastKnownFileType = sourcecode.c.objc; path = JSQMessagesViewController.m; sourceTree = "<group>"; };
		B2D827EB1E7F810500121F5E /* JSQMessagesViewController.xib */ = {isa = PBXFileReference; fileEncoding = 4; lastKnownFileType = file.xib; path = JSQMessagesViewController.xib; sourceTree = "<group>"; };
		B2D827ED1E7F810500121F5E /* JSQMessagesAvatarImageFactory.h */ = {isa = PBXFileReference; fileEncoding = 4; lastKnownFileType = sourcecode.c.h; path = JSQMessagesAvatarImageFactory.h; sourceTree = "<group>"; };
		B2D827EE1E7F810500121F5E /* JSQMessagesAvatarImageFactory.m */ = {isa = PBXFileReference; fileEncoding = 4; lastKnownFileType = sourcecode.c.objc; path = JSQMessagesAvatarImageFactory.m; sourceTree = "<group>"; };
		B2D827EF1E7F810500121F5E /* JSQMessagesBubbleImageFactory.h */ = {isa = PBXFileReference; fileEncoding = 4; lastKnownFileType = sourcecode.c.h; path = JSQMessagesBubbleImageFactory.h; sourceTree = "<group>"; };
		B2D827F01E7F810500121F5E /* JSQMessagesBubbleImageFactory.m */ = {isa = PBXFileReference; fileEncoding = 4; lastKnownFileType = sourcecode.c.objc; path = JSQMessagesBubbleImageFactory.m; sourceTree = "<group>"; };
		B2D827F11E7F810500121F5E /* JSQMessagesMediaViewBubbleImageMasker.h */ = {isa = PBXFileReference; fileEncoding = 4; lastKnownFileType = sourcecode.c.h; path = JSQMessagesMediaViewBubbleImageMasker.h; sourceTree = "<group>"; };
		B2D827F21E7F810500121F5E /* JSQMessagesMediaViewBubbleImageMasker.m */ = {isa = PBXFileReference; fileEncoding = 4; lastKnownFileType = sourcecode.c.objc; path = JSQMessagesMediaViewBubbleImageMasker.m; sourceTree = "<group>"; };
		B2D827F31E7F810500121F5E /* JSQMessagesTimestampFormatter.h */ = {isa = PBXFileReference; fileEncoding = 4; lastKnownFileType = sourcecode.c.h; path = JSQMessagesTimestampFormatter.h; sourceTree = "<group>"; };
		B2D827F41E7F810500121F5E /* JSQMessagesTimestampFormatter.m */ = {isa = PBXFileReference; fileEncoding = 4; lastKnownFileType = sourcecode.c.objc; path = JSQMessagesTimestampFormatter.m; sourceTree = "<group>"; };
		B2D827F51E7F810500121F5E /* JSQMessagesToolbarButtonFactory.h */ = {isa = PBXFileReference; fileEncoding = 4; lastKnownFileType = sourcecode.c.h; path = JSQMessagesToolbarButtonFactory.h; sourceTree = "<group>"; };
		B2D827F61E7F810500121F5E /* JSQMessagesToolbarButtonFactory.m */ = {isa = PBXFileReference; fileEncoding = 4; lastKnownFileType = sourcecode.c.objc; path = JSQMessagesToolbarButtonFactory.m; sourceTree = "<group>"; };
		B2D827F71E7F810500121F5E /* JSQMessagesVideoThumbnailFactory.h */ = {isa = PBXFileReference; fileEncoding = 4; lastKnownFileType = sourcecode.c.h; path = JSQMessagesVideoThumbnailFactory.h; sourceTree = "<group>"; };
		B2D827F81E7F810500121F5E /* JSQMessagesVideoThumbnailFactory.m */ = {isa = PBXFileReference; fileEncoding = 4; lastKnownFileType = sourcecode.c.objc; path = JSQMessagesVideoThumbnailFactory.m; sourceTree = "<group>"; };
		B2D827F91E7F810500121F5E /* JSQMessages.h */ = {isa = PBXFileReference; fileEncoding = 4; lastKnownFileType = sourcecode.c.h; path = JSQMessages.h; sourceTree = "<group>"; };
		B2D827FB1E7F810500121F5E /* JSQAudioMediaViewAttributes.h */ = {isa = PBXFileReference; fileEncoding = 4; lastKnownFileType = sourcecode.c.h; path = JSQAudioMediaViewAttributes.h; sourceTree = "<group>"; };
		B2D827FC1E7F810500121F5E /* JSQAudioMediaViewAttributes.m */ = {isa = PBXFileReference; fileEncoding = 4; lastKnownFileType = sourcecode.c.objc; path = JSQAudioMediaViewAttributes.m; sourceTree = "<group>"; };
		B2D827FD1E7F810500121F5E /* JSQMessagesBubbleSizeCalculating.h */ = {isa = PBXFileReference; fileEncoding = 4; lastKnownFileType = sourcecode.c.h; path = JSQMessagesBubbleSizeCalculating.h; sourceTree = "<group>"; };
		B2D827FE1E7F810500121F5E /* JSQMessagesBubblesSizeCalculator.h */ = {isa = PBXFileReference; fileEncoding = 4; lastKnownFileType = sourcecode.c.h; path = JSQMessagesBubblesSizeCalculator.h; sourceTree = "<group>"; };
		B2D827FF1E7F810500121F5E /* JSQMessagesBubblesSizeCalculator.m */ = {isa = PBXFileReference; fileEncoding = 4; lastKnownFileType = sourcecode.c.objc; path = JSQMessagesBubblesSizeCalculator.m; sourceTree = "<group>"; };
		B2D828001E7F810500121F5E /* JSQMessagesCollectionViewFlowLayout.h */ = {isa = PBXFileReference; fileEncoding = 4; lastKnownFileType = sourcecode.c.h; path = JSQMessagesCollectionViewFlowLayout.h; sourceTree = "<group>"; };
		B2D828011E7F810500121F5E /* JSQMessagesCollectionViewFlowLayout.m */ = {isa = PBXFileReference; fileEncoding = 4; lastKnownFileType = sourcecode.c.objc; path = JSQMessagesCollectionViewFlowLayout.m; sourceTree = "<group>"; };
		B2D828021E7F810500121F5E /* JSQMessagesCollectionViewFlowLayoutInvalidationContext.h */ = {isa = PBXFileReference; fileEncoding = 4; lastKnownFileType = sourcecode.c.h; path = JSQMessagesCollectionViewFlowLayoutInvalidationContext.h; sourceTree = "<group>"; };
		B2D828031E7F810500121F5E /* JSQMessagesCollectionViewFlowLayoutInvalidationContext.m */ = {isa = PBXFileReference; fileEncoding = 4; lastKnownFileType = sourcecode.c.objc; path = JSQMessagesCollectionViewFlowLayoutInvalidationContext.m; sourceTree = "<group>"; };
		B2D828041E7F810500121F5E /* JSQMessagesCollectionViewLayoutAttributes.h */ = {isa = PBXFileReference; fileEncoding = 4; lastKnownFileType = sourcecode.c.h; path = JSQMessagesCollectionViewLayoutAttributes.h; sourceTree = "<group>"; };
		B2D828051E7F810500121F5E /* JSQMessagesCollectionViewLayoutAttributes.m */ = {isa = PBXFileReference; fileEncoding = 4; lastKnownFileType = sourcecode.c.objc; path = JSQMessagesCollectionViewLayoutAttributes.m; sourceTree = "<group>"; };
		B2D828071E7F810500121F5E /* JSQAudioMediaItem.h */ = {isa = PBXFileReference; fileEncoding = 4; lastKnownFileType = sourcecode.c.h; path = JSQAudioMediaItem.h; sourceTree = "<group>"; };
		B2D828081E7F810500121F5E /* JSQAudioMediaItem.m */ = {isa = PBXFileReference; fileEncoding = 4; lastKnownFileType = sourcecode.c.objc; path = JSQAudioMediaItem.m; sourceTree = "<group>"; };
		B2D828091E7F810500121F5E /* JSQLocationMediaItem.h */ = {isa = PBXFileReference; fileEncoding = 4; lastKnownFileType = sourcecode.c.h; path = JSQLocationMediaItem.h; sourceTree = "<group>"; };
		B2D8280A1E7F810500121F5E /* JSQLocationMediaItem.m */ = {isa = PBXFileReference; fileEncoding = 4; lastKnownFileType = sourcecode.c.objc; path = JSQLocationMediaItem.m; sourceTree = "<group>"; };
		B2D8280B1E7F810500121F5E /* JSQMediaItem.h */ = {isa = PBXFileReference; fileEncoding = 4; lastKnownFileType = sourcecode.c.h; path = JSQMediaItem.h; sourceTree = "<group>"; };
		B2D8280C1E7F810500121F5E /* JSQMediaItem.m */ = {isa = PBXFileReference; fileEncoding = 4; lastKnownFileType = sourcecode.c.objc; path = JSQMediaItem.m; sourceTree = "<group>"; };
		B2D8280D1E7F810500121F5E /* JSQMessage.h */ = {isa = PBXFileReference; fileEncoding = 4; lastKnownFileType = sourcecode.c.h; path = JSQMessage.h; sourceTree = "<group>"; };
		B2D8280E1E7F810500121F5E /* JSQMessage.m */ = {isa = PBXFileReference; fileEncoding = 4; lastKnownFileType = sourcecode.c.objc; path = JSQMessage.m; sourceTree = "<group>"; };
		B2D8280F1E7F810500121F5E /* JSQMessageAvatarImageDataSource.h */ = {isa = PBXFileReference; fileEncoding = 4; lastKnownFileType = sourcecode.c.h; path = JSQMessageAvatarImageDataSource.h; sourceTree = "<group>"; };
		B2D828101E7F810500121F5E /* JSQMessageBubbleImageDataSource.h */ = {isa = PBXFileReference; fileEncoding = 4; lastKnownFileType = sourcecode.c.h; path = JSQMessageBubbleImageDataSource.h; sourceTree = "<group>"; };
		B2D828111E7F810500121F5E /* JSQMessageData.h */ = {isa = PBXFileReference; fileEncoding = 4; lastKnownFileType = sourcecode.c.h; path = JSQMessageData.h; sourceTree = "<group>"; };
		B2D828121E7F810500121F5E /* JSQMessageMediaData.h */ = {isa = PBXFileReference; fileEncoding = 4; lastKnownFileType = sourcecode.c.h; path = JSQMessageMediaData.h; sourceTree = "<group>"; };
		B2D828131E7F810500121F5E /* JSQMessagesAvatarImage.h */ = {isa = PBXFileReference; fileEncoding = 4; lastKnownFileType = sourcecode.c.h; path = JSQMessagesAvatarImage.h; sourceTree = "<group>"; };
		B2D828141E7F810500121F5E /* JSQMessagesAvatarImage.m */ = {isa = PBXFileReference; fileEncoding = 4; lastKnownFileType = sourcecode.c.objc; path = JSQMessagesAvatarImage.m; sourceTree = "<group>"; };
		B2D828151E7F810500121F5E /* JSQMessagesBubbleImage.h */ = {isa = PBXFileReference; fileEncoding = 4; lastKnownFileType = sourcecode.c.h; path = JSQMessagesBubbleImage.h; sourceTree = "<group>"; };
		B2D828161E7F810500121F5E /* JSQMessagesBubbleImage.m */ = {isa = PBXFileReference; fileEncoding = 4; lastKnownFileType = sourcecode.c.objc; path = JSQMessagesBubbleImage.m; sourceTree = "<group>"; };
		B2D828171E7F810500121F5E /* JSQMessagesCollectionViewDataSource.h */ = {isa = PBXFileReference; fileEncoding = 4; lastKnownFileType = sourcecode.c.h; path = JSQMessagesCollectionViewDataSource.h; sourceTree = "<group>"; };
		B2D828181E7F810500121F5E /* JSQMessagesCollectionViewDelegateFlowLayout.h */ = {isa = PBXFileReference; fileEncoding = 4; lastKnownFileType = sourcecode.c.h; path = JSQMessagesCollectionViewDelegateFlowLayout.h; sourceTree = "<group>"; };
		B2D828191E7F810500121F5E /* JSQMessagesViewAccessoryButtonDelegate.h */ = {isa = PBXFileReference; fileEncoding = 4; lastKnownFileType = sourcecode.c.h; path = JSQMessagesViewAccessoryButtonDelegate.h; sourceTree = "<group>"; };
		B2D8281A1E7F810500121F5E /* JSQPhotoMediaItem.h */ = {isa = PBXFileReference; fileEncoding = 4; lastKnownFileType = sourcecode.c.h; path = JSQPhotoMediaItem.h; sourceTree = "<group>"; };
		B2D8281B1E7F810500121F5E /* JSQPhotoMediaItem.m */ = {isa = PBXFileReference; fileEncoding = 4; lastKnownFileType = sourcecode.c.objc; path = JSQPhotoMediaItem.m; sourceTree = "<group>"; };
		B2D8281C1E7F810500121F5E /* JSQVideoMediaItem.h */ = {isa = PBXFileReference; fileEncoding = 4; lastKnownFileType = sourcecode.c.h; path = JSQVideoMediaItem.h; sourceTree = "<group>"; };
		B2D8281D1E7F810500121F5E /* JSQVideoMediaItem.m */ = {isa = PBXFileReference; fileEncoding = 4; lastKnownFileType = sourcecode.c.objc; path = JSQVideoMediaItem.m; sourceTree = "<group>"; };
		B2D8281F1E7F810500121F5E /* JSQMessagesCellTextView.h */ = {isa = PBXFileReference; fileEncoding = 4; lastKnownFileType = sourcecode.c.h; path = JSQMessagesCellTextView.h; sourceTree = "<group>"; };
		B2D828201E7F810500121F5E /* JSQMessagesCellTextView.m */ = {isa = PBXFileReference; fileEncoding = 4; lastKnownFileType = sourcecode.c.objc; path = JSQMessagesCellTextView.m; sourceTree = "<group>"; };
		B2D828211E7F810500121F5E /* JSQMessagesCollectionView.h */ = {isa = PBXFileReference; fileEncoding = 4; lastKnownFileType = sourcecode.c.h; path = JSQMessagesCollectionView.h; sourceTree = "<group>"; };
		B2D828221E7F810500121F5E /* JSQMessagesCollectionView.m */ = {isa = PBXFileReference; fileEncoding = 4; lastKnownFileType = sourcecode.c.objc; path = JSQMessagesCollectionView.m; sourceTree = "<group>"; };
		B2D828231E7F810500121F5E /* JSQMessagesCollectionViewCell.h */ = {isa = PBXFileReference; fileEncoding = 4; lastKnownFileType = sourcecode.c.h; path = JSQMessagesCollectionViewCell.h; sourceTree = "<group>"; };
		B2D828241E7F810500121F5E /* JSQMessagesCollectionViewCell.m */ = {isa = PBXFileReference; fileEncoding = 4; lastKnownFileType = sourcecode.c.objc; path = JSQMessagesCollectionViewCell.m; sourceTree = "<group>"; };
		B2D828251E7F810500121F5E /* JSQMessagesCollectionViewCellIncoming.h */ = {isa = PBXFileReference; fileEncoding = 4; lastKnownFileType = sourcecode.c.h; path = JSQMessagesCollectionViewCellIncoming.h; sourceTree = "<group>"; };
		B2D828261E7F810500121F5E /* JSQMessagesCollectionViewCellIncoming.m */ = {isa = PBXFileReference; fileEncoding = 4; lastKnownFileType = sourcecode.c.objc; path = JSQMessagesCollectionViewCellIncoming.m; sourceTree = "<group>"; };
		B2D828271E7F810500121F5E /* JSQMessagesCollectionViewCellIncoming.xib */ = {isa = PBXFileReference; fileEncoding = 4; lastKnownFileType = file.xib; path = JSQMessagesCollectionViewCellIncoming.xib; sourceTree = "<group>"; };
		B2D828281E7F810500121F5E /* JSQMessagesCollectionViewCellOutgoing.h */ = {isa = PBXFileReference; fileEncoding = 4; lastKnownFileType = sourcecode.c.h; path = JSQMessagesCollectionViewCellOutgoing.h; sourceTree = "<group>"; };
		B2D828291E7F810500121F5E /* JSQMessagesCollectionViewCellOutgoing.m */ = {isa = PBXFileReference; fileEncoding = 4; lastKnownFileType = sourcecode.c.objc; path = JSQMessagesCollectionViewCellOutgoing.m; sourceTree = "<group>"; };
		B2D8282A1E7F810500121F5E /* JSQMessagesCollectionViewCellOutgoing.xib */ = {isa = PBXFileReference; fileEncoding = 4; lastKnownFileType = file.xib; path = JSQMessagesCollectionViewCellOutgoing.xib; sourceTree = "<group>"; };
		B2D8282B1E7F810500121F5E /* JSQMessagesComposerTextView.h */ = {isa = PBXFileReference; fileEncoding = 4; lastKnownFileType = sourcecode.c.h; path = JSQMessagesComposerTextView.h; sourceTree = "<group>"; };
		B2D8282C1E7F810500121F5E /* JSQMessagesComposerTextView.m */ = {isa = PBXFileReference; fileEncoding = 4; lastKnownFileType = sourcecode.c.objc; path = JSQMessagesComposerTextView.m; sourceTree = "<group>"; };
		B2D8282D1E7F810500121F5E /* JSQMessagesInputToolbar.h */ = {isa = PBXFileReference; fileEncoding = 4; lastKnownFileType = sourcecode.c.h; path = JSQMessagesInputToolbar.h; sourceTree = "<group>"; };
		B2D8282E1E7F810500121F5E /* JSQMessagesInputToolbar.m */ = {isa = PBXFileReference; fileEncoding = 4; lastKnownFileType = sourcecode.c.objc; path = JSQMessagesInputToolbar.m; sourceTree = "<group>"; };
		B2D8282F1E7F810500121F5E /* JSQMessagesLabel.h */ = {isa = PBXFileReference; fileEncoding = 4; lastKnownFileType = sourcecode.c.h; path = JSQMessagesLabel.h; sourceTree = "<group>"; };
		B2D828301E7F810500121F5E /* JSQMessagesLabel.m */ = {isa = PBXFileReference; fileEncoding = 4; lastKnownFileType = sourcecode.c.objc; path = JSQMessagesLabel.m; sourceTree = "<group>"; };
		B2D828311E7F810500121F5E /* JSQMessagesLoadEarlierHeaderView.h */ = {isa = PBXFileReference; fileEncoding = 4; lastKnownFileType = sourcecode.c.h; path = JSQMessagesLoadEarlierHeaderView.h; sourceTree = "<group>"; };
		B2D828321E7F810500121F5E /* JSQMessagesLoadEarlierHeaderView.m */ = {isa = PBXFileReference; fileEncoding = 4; lastKnownFileType = sourcecode.c.objc; path = JSQMessagesLoadEarlierHeaderView.m; sourceTree = "<group>"; };
		B2D828331E7F810500121F5E /* JSQMessagesLoadEarlierHeaderView.xib */ = {isa = PBXFileReference; fileEncoding = 4; lastKnownFileType = file.xib; path = JSQMessagesLoadEarlierHeaderView.xib; sourceTree = "<group>"; };
		B2D828341E7F810500121F5E /* JSQMessagesMediaPlaceholderView.h */ = {isa = PBXFileReference; fileEncoding = 4; lastKnownFileType = sourcecode.c.h; path = JSQMessagesMediaPlaceholderView.h; sourceTree = "<group>"; };
		B2D828351E7F810500121F5E /* JSQMessagesMediaPlaceholderView.m */ = {isa = PBXFileReference; fileEncoding = 4; lastKnownFileType = sourcecode.c.objc; path = JSQMessagesMediaPlaceholderView.m; sourceTree = "<group>"; };
		B2D828361E7F810500121F5E /* JSQMessagesToolbarContentView.h */ = {isa = PBXFileReference; fileEncoding = 4; lastKnownFileType = sourcecode.c.h; path = JSQMessagesToolbarContentView.h; sourceTree = "<group>"; };
		B2D828371E7F810500121F5E /* JSQMessagesToolbarContentView.m */ = {isa = PBXFileReference; fileEncoding = 4; lastKnownFileType = sourcecode.c.objc; path = JSQMessagesToolbarContentView.m; sourceTree = "<group>"; };
		B2D828381E7F810500121F5E /* JSQMessagesToolbarContentView.xib */ = {isa = PBXFileReference; fileEncoding = 4; lastKnownFileType = file.xib; path = JSQMessagesToolbarContentView.xib; sourceTree = "<group>"; };
		B2D828391E7F810500121F5E /* JSQMessagesTypingIndicatorFooterView.h */ = {isa = PBXFileReference; fileEncoding = 4; lastKnownFileType = sourcecode.c.h; path = JSQMessagesTypingIndicatorFooterView.h; sourceTree = "<group>"; };
		B2D8283A1E7F810500121F5E /* JSQMessagesTypingIndicatorFooterView.m */ = {isa = PBXFileReference; fileEncoding = 4; lastKnownFileType = sourcecode.c.objc; path = JSQMessagesTypingIndicatorFooterView.m; sourceTree = "<group>"; };
		B2D8283B1E7F810500121F5E /* JSQMessagesTypingIndicatorFooterView.xib */ = {isa = PBXFileReference; fileEncoding = 4; lastKnownFileType = file.xib; path = JSQMessagesTypingIndicatorFooterView.xib; sourceTree = "<group>"; };
		B2D8283C1E7F810500121F5E /* JSQMessagesTypingView.h */ = {isa = PBXFileReference; fileEncoding = 4; lastKnownFileType = sourcecode.c.h; path = JSQMessagesTypingView.h; sourceTree = "<group>"; };
		B2D8283D1E7F810500121F5E /* JSQMessagesTypingView.m */ = {isa = PBXFileReference; fileEncoding = 4; lastKnownFileType = sourcecode.c.objc; path = JSQMessagesTypingView.m; sourceTree = "<group>"; };
		B2D8286B1E7F86A400121F5E /* ConversationHistoryVC.swift */ = {isa = PBXFileReference; fileEncoding = 4; lastKnownFileType = sourcecode.swift; path = ConversationHistoryVC.swift; sourceTree = "<group>"; };
		B32E288F1CF1D1CE0062C7A1 /* CatFactsTermsOfService.rtf */ = {isa = PBXFileReference; fileEncoding = 4; lastKnownFileType = text.rtf; path = CatFactsTermsOfService.rtf; sourceTree = "<group>"; };
		B33D97C41CF4786A00E8DB69 /* DropDownCell.xib */ = {isa = PBXFileReference; fileEncoding = 4; lastKnownFileType = file.xib; path = DropDownCell.xib; sourceTree = "<group>"; };
		B38A58551D1453290011CF1F /* Bolts.framework */ = {isa = PBXFileReference; lastKnownFileType = wrapper.framework; path = Bolts.framework; sourceTree = "<group>"; };
		B38A58561D1453290011CF1F /* Parse.framework */ = {isa = PBXFileReference; lastKnownFileType = wrapper.framework; path = Parse.framework; sourceTree = "<group>"; };
		B3FBC2E71CF35B0D009E549F /* DropDown.swift */ = {isa = PBXFileReference; fileEncoding = 4; lastKnownFileType = sourcecode.swift; path = DropDown.swift; sourceTree = "<group>"; };
		B3FBC2E81CF35B0D009E549F /* DropDownCell.swift */ = {isa = PBXFileReference; fileEncoding = 4; lastKnownFileType = sourcecode.swift; path = DropDownCell.swift; sourceTree = "<group>"; };
		B3FBC2EB1CF35E95009E549F /* DPDConstants.swift */ = {isa = PBXFileReference; fileEncoding = 4; lastKnownFileType = sourcecode.swift; path = DPDConstants.swift; sourceTree = "<group>"; };
		B3FBC2EC1CF35E95009E549F /* DPDKeyboardListener.swift */ = {isa = PBXFileReference; fileEncoding = 4; lastKnownFileType = sourcecode.swift; path = DPDKeyboardListener.swift; sourceTree = "<group>"; };
		B3FBC2ED1CF35E95009E549F /* DPDUIView+Extension.swift */ = {isa = PBXFileReference; fileEncoding = 4; lastKnownFileType = sourcecode.swift; path = "DPDUIView+Extension.swift"; sourceTree = "<group>"; };
		BEA29D50AC2EAEF4B45ABB53 /* Pods.release.xcconfig */ = {isa = PBXFileReference; includeInIndex = 1; lastKnownFileType = text.xcconfig; name = Pods.release.xcconfig; path = "Pods/Target Support Files/Pods/Pods.release.xcconfig"; sourceTree = "<group>"; };
		C655699474213E860600ADD1 /* Pods.framework */ = {isa = PBXFileReference; explicitFileType = wrapper.framework; includeInIndex = 0; path = Pods.framework; sourceTree = BUILT_PRODUCTS_DIR; };
/* End PBXFileReference section */

/* Begin PBXFrameworksBuildPhase section */
		83F74B1A1C314F020052CA6C /* Frameworks */ = {
			isa = PBXFrameworksBuildPhase;
			buildActionMask = 2147483647;
			files = (
				838442521C32677100342EE2 /* libsqlite3.tbd in Frameworks */,
				83E7F61B1C327CF6001D8C89 /* ParseCrashReporting.framework in Frameworks */,
				838442531C32677100342EE2 /* libstdc++.6.tbd in Frameworks */,
				838442541C32677100342EE2 /* libz.tbd in Frameworks */,
				838442471C32674500342EE2 /* AudioToolbox.framework in Frameworks */,
				838442481C32674500342EE2 /* CFNetwork.framework in Frameworks */,
				838442491C32674500342EE2 /* CoreGraphics.framework in Frameworks */,
				8384424A1C32674500342EE2 /* CoreLocation.framework in Frameworks */,
				8384424B1C32674500342EE2 /* QuartzCore.framework in Frameworks */,
				8384424C1C32674500342EE2 /* Security.framework in Frameworks */,
				B38A58581D1453290011CF1F /* Parse.framework in Frameworks */,
				8384424D1C32674500342EE2 /* StoreKit.framework in Frameworks */,
				8384424E1C32674500342EE2 /* SystemConfiguration.framework in Frameworks */,
				B38A58571D1453290011CF1F /* Bolts.framework in Frameworks */,
				83F74B861C3163DF0052CA6C /* Bolts.framework in Frameworks */,
				83F74B871C3163DF0052CA6C /* Parse.framework in Frameworks */,
				83F74B881C3163DF0052CA6C /* ParseCrashReporting.framework in Frameworks */,
				B97A6BDADBBEE146CC2EFDFC /* Pods.framework in Frameworks */,
			);
			runOnlyForDeploymentPostprocessing = 0;
		};
		83F74B2E1C314F020052CA6C /* Frameworks */ = {
			isa = PBXFrameworksBuildPhase;
			buildActionMask = 2147483647;
			files = (
			);
			runOnlyForDeploymentPostprocessing = 0;
		};
		83F74B391C314F030052CA6C /* Frameworks */ = {
			isa = PBXFrameworksBuildPhase;
			buildActionMask = 2147483647;
			files = (
			);
			runOnlyForDeploymentPostprocessing = 0;
		};
/* End PBXFrameworksBuildPhase section */

/* Begin PBXGroup section */
		2F61EB9EB027D92B1EA46270 /* Pods */ = {
			isa = PBXGroup;
			children = (
				426BE593CE1B20B0591AA43F /* Pods.debug.xcconfig */,
				BEA29D50AC2EAEF4B45ABB53 /* Pods.release.xcconfig */,
			);
			name = Pods;
			sourceTree = "<group>";
		};
		831E56331C50286300ACB75A /* SwiftyStoreKit */ = {
			isa = PBXGroup;
			children = (
				831E56341C50286300ACB75A /* InAppProductPurchaseRequest.swift */,
				831E56351C50286300ACB75A /* InAppProductQueryRequest.swift */,
				831E56361C50286300ACB75A /* SwiftyStoreKit.swift */,
			);
			name = SwiftyStoreKit;
			path = Controller/Common/SwiftyStoreKit;
			sourceTree = "<group>";
		};
		831E563A1C50DB5000ACB75A /* CreditItemSelect */ = {
			isa = PBXGroup;
			children = (
				831E563B1C50DB9100ACB75A /* CreditItemSelectVC.swift */,
			);
			name = CreditItemSelect;
			sourceTree = "<group>";
		};
		838442551C326CAF00342EE2 /* AddContact */ = {
			isa = PBXGroup;
			children = (
				83E7F5EA1C327CDD001D8C89 /* AddContactVC.swift */,
			);
			name = AddContact;
			sourceTree = "<group>";
		};
		838442561C326CB600342EE2 /* SignUp */ = {
			isa = PBXGroup;
			children = (
				8384425A1C326CF500342EE2 /* SignUpVC.swift */,
			);
			name = SignUp;
			sourceTree = "<group>";
		};
		838442571C326CBC00342EE2 /* Contacts */ = {
			isa = PBXGroup;
			children = (
				8384425C1C326D1300342EE2 /* ContactsVC.swift */,
				83E7F6231C32C92A001D8C89 /* CFContactCell.swift */,
			);
			name = Contacts;
			sourceTree = "<group>";
		};
		83E7F5F01C327CF6001D8C89 /* CustomUI */ = {
			isa = PBXGroup;
			children = (
				83E7F5F11C327CF6001D8C89 /* InsetLabel.h */,
				83E7F5F21C327CF6001D8C89 /* InsetLabel.m */,
				83E7F5F31C327CF6001D8C89 /* MGSwipeTableCell */,
				83E7F5F81C327CF6001D8C89 /* TPKeyboardAvoidingScrollView */,
				83E7F5FD1C327CF6001D8C89 /* UIView+CornerRadius.h */,
				83E7F5FE1C327CF6001D8C89 /* UIView+CornerRadius.m */,
			);
			name = CustomUI;
			path = Controller/Common/CustomUI;
			sourceTree = "<group>";
		};
		83E7F5F31C327CF6001D8C89 /* MGSwipeTableCell */ = {
			isa = PBXGroup;
			children = (
				83E7F5F41C327CF6001D8C89 /* MGSwipeButton.h */,
				83E7F5F51C327CF6001D8C89 /* MGSwipeButton.m */,
				83E7F5F61C327CF6001D8C89 /* MGSwipeTableCell.h */,
				83E7F5F71C327CF6001D8C89 /* MGSwipeTableCell.m */,
			);
			path = MGSwipeTableCell;
			sourceTree = "<group>";
		};
		83E7F5F81C327CF6001D8C89 /* TPKeyboardAvoidingScrollView */ = {
			isa = PBXGroup;
			children = (
				83E7F5F91C327CF6001D8C89 /* TPKeyboardAvoidingScrollView.h */,
				83E7F5FA1C327CF6001D8C89 /* TPKeyboardAvoidingScrollView.m */,
				83E7F5FB1C327CF6001D8C89 /* UIScrollView+TPKeyboardAvoidingAdditions.h */,
				83E7F5FC1C327CF6001D8C89 /* UIScrollView+TPKeyboardAvoidingAdditions.m */,
			);
			path = TPKeyboardAvoidingScrollView;
			sourceTree = "<group>";
		};
		83E7F6021C327CF6001D8C89 /* Reachability */ = {
			isa = PBXGroup;
			children = (
				83E7F6031C327CF6001D8C89 /* Reachability.h */,
				83E7F6041C327CF6001D8C89 /* Reachability.m */,
			);
			name = Reachability;
			path = Controller/Common/Reachability;
			sourceTree = "<group>";
		};
		83E7F6051C327CF6001D8C89 /* ThirdParty */ = {
			isa = PBXGroup;
			children = (
				962DA98A1CC08F200052E140 /* SWRevealViewController */,
				83E7F6081C327CF6001D8C89 /* ParseCrashReporting.framework */,
				B38A58551D1453290011CF1F /* Bolts.framework */,
				B38A58561D1453290011CF1F /* Parse.framework */,
			);
			name = ThirdParty;
			path = Controller/Common/ThirdParty;
			sourceTree = "<group>";
		};
		83E7F60A1C327CF6001D8C89 /* Utiility */ = {
			isa = PBXGroup;
			children = (
				83E7F60B1C327CF6001D8C89 /* CommData.h */,
				83E7F60C1C327CF6001D8C89 /* CommData.m */,
				83E7F60D1C327CF6001D8C89 /* CommonUtility.h */,
				83E7F60E1C327CF6001D8C89 /* CommonUtility.m */,
			);
			name = Utiility;
			path = Controller/Common/Utiility;
			sourceTree = "<group>";
		};
		83F74B141C314F020052CA6C = {
			isa = PBXGroup;
			children = (
				83F74B1F1C314F020052CA6C /* CatFacts */,
				83F74B341C314F020052CA6C /* CatFactsTests */,
				83F74B3F1C314F030052CA6C /* CatFactsUITests */,
				83F74B1E1C314F020052CA6C /* Products */,
				2F61EB9EB027D92B1EA46270 /* Pods */,
				D9EFC69CA396840435F00835 /* Frameworks */,
			);
			sourceTree = "<group>";
		};
		83F74B1E1C314F020052CA6C /* Products */ = {
			isa = PBXGroup;
			children = (
				83F74B1D1C314F020052CA6C /* CatFacts.app */,
				83F74B311C314F020052CA6C /* CatFactsTests.xctest */,
				83F74B3C1C314F030052CA6C /* CatFactsUITests.xctest */,
			);
			name = Products;
			sourceTree = "<group>";
		};
		83F74B1F1C314F020052CA6C /* CatFacts */ = {
			isa = PBXGroup;
			children = (
				83E7F6201C327D95001D8C89 /* CatFacts-Bridging-Header.h */,
				B3FBC2E61CF35AFC009E549F /* DropDown */,
				83F74B501C3150270052CA6C /* Model */,
				83F74B4F1C31501D0052CA6C /* Controller */,
				83F74B4E1C3150160052CA6C /* View */,
				83F74B241C314F020052CA6C /* Main.storyboard */,
				83F74B291C314F020052CA6C /* LaunchScreen.storyboard */,
				83F74B2C1C314F020052CA6C /* Info.plist */,
			);
			path = CatFacts;
			sourceTree = "<group>";
		};
		83F74B341C314F020052CA6C /* CatFactsTests */ = {
			isa = PBXGroup;
			children = (
				83F74B351C314F020052CA6C /* CatFactsTests.swift */,
				83F74B371C314F020052CA6C /* Info.plist */,
			);
			path = CatFactsTests;
			sourceTree = "<group>";
		};
		83F74B3F1C314F030052CA6C /* CatFactsUITests */ = {
			isa = PBXGroup;
			children = (
				83F74B401C314F030052CA6C /* CatFactsUITests.swift */,
				83F74B421C314F030052CA6C /* Info.plist */,
			);
			path = CatFactsUITests;
			sourceTree = "<group>";
		};
		83F74B4E1C3150160052CA6C /* View */ = {
			isa = PBXGroup;
			children = (
				83F74B551C3150930052CA6C /* Assets.xcassets */,
			);
			name = View;
			sourceTree = "<group>";
		};
		83F74B4F1C31501D0052CA6C /* Controller */ = {
			isa = PBXGroup;
			children = (
				B2D827DA1E7F810500121F5E /* JSQMessagesViewController */,
				B2EC46561E7B0B38004AAB80 /* HistoryVC */,
				962DA9921CC098250052E140 /* MenuVC */,
				83F74B591C3154E60052CA6C /* SignIn */,
				838442561C326CB600342EE2 /* SignUp */,
				838442551C326CAF00342EE2 /* AddContact */,
				96A5E0871CC2B5C900D8EC1E /* ContactDetailVC */,
				838442571C326CBC00342EE2 /* Contacts */,
				831E563A1C50DB5000ACB75A /* CreditItemSelect */,
				83F74B5C1C315ED70052CA6C /* Common */,
				83F74B511C3150810052CA6C /* AppDelegate.swift */,
				83F74B521C3150810052CA6C /* ViewController.swift */,
				831A50E11C4B747E002247EF /* Constants.swift */,
				831E56301C50246900ACB75A /* Then.swift */,
			);
			name = Controller;
			sourceTree = "<group>";
		};
		83F74B501C3150270052CA6C /* Model */ = {
			isa = PBXGroup;
			children = (
			);
			name = Model;
			sourceTree = "<group>";
		};
		83F74B591C3154E60052CA6C /* SignIn */ = {
			isa = PBXGroup;
			children = (
				83F74B571C3154E00052CA6C /* SignInVC.swift */,
			);
			name = SignIn;
			sourceTree = "<group>";
		};
		83F74B5C1C315ED70052CA6C /* Common */ = {
			isa = PBXGroup;
			children = (
				831E56331C50286300ACB75A /* SwiftyStoreKit */,
				83E7F5ED1C327CF6001D8C89 /* CatFactsApi.swift */,
				83E7F5F01C327CF6001D8C89 /* CustomUI */,
				83E7F5FF1C327CF6001D8C89 /* GlobInfo.h */,
				83E7F6001C327CF6001D8C89 /* GlobInfo.m */,
				83E7F6011C327CF6001D8C89 /* kchmacros.h */,
				83E7F6021C327CF6001D8C89 /* Reachability */,
				83E7F6051C327CF6001D8C89 /* ThirdParty */,
				83E7F60A1C327CF6001D8C89 /* Utiility */,
				83E7F6211C32B425001D8C89 /* CFBaseVC.swift */,
			);
			name = Common;
			sourceTree = "<group>";
		};
		962DA98A1CC08F200052E140 /* SWRevealViewController */ = {
			isa = PBXGroup;
			children = (
				962DA98E1CC0924A0052E140 /* SWRevealViewController.h */,
				962DA98F1CC0924A0052E140 /* SWRevealViewController.m */,
			);
			name = SWRevealViewController;
			sourceTree = "<group>";
		};
		962DA9921CC098250052E140 /* MenuVC */ = {
			isa = PBXGroup;
			children = (
				962DA9931CC098560052E140 /* MenuVC.swift */,
				962DA9951CC09A680052E140 /* AboutUs.swift */,
				969197381CC15594008CE7EA /* PrivacyPolicyVC.swift */,
				96A5E0851CC2529400D8EC1E /* CatFactsPrivacyPolicy.rtf */,
				B32E288F1CF1D1CE0062C7A1 /* CatFactsTermsOfService.rtf */,
			);
			name = MenuVC;
			sourceTree = "<group>";
		};
		96A5E0871CC2B5C900D8EC1E /* ContactDetailVC */ = {
			isa = PBXGroup;
			children = (
				96A5E0881CC2B5EC00D8EC1E /* ContactDetailVC.swift */,
			);
			name = ContactDetailVC;
			sourceTree = "<group>";
		};
		B2D827DA1E7F810500121F5E /* JSQMessagesViewController */ = {
			isa = PBXGroup;
			children = (
				B2D827DB1E7F810500121F5E /* Assets */,
				B2D827DD1E7F810500121F5E /* Categories */,
				B2D827E81E7F810500121F5E /* Controllers */,
				B2D827EC1E7F810500121F5E /* Factories */,
				B2D827F91E7F810500121F5E /* JSQMessages.h */,
				B2D827FA1E7F810500121F5E /* Layout */,
				B2D828061E7F810500121F5E /* Model */,
				B2D8281E1E7F810500121F5E /* Views */,
			);
			name = JSQMessagesViewController;
			path = Controller/JSQMessagesViewController;
			sourceTree = "<group>";
		};
		B2D827DB1E7F810500121F5E /* Assets */ = {
			isa = PBXGroup;
			children = (
				B2D827DC1E7F810500121F5E /* JSQMessagesAssets.bundle */,
			);
			path = Assets;
			sourceTree = "<group>";
		};
		B2D827DD1E7F810500121F5E /* Categories */ = {
			isa = PBXGroup;
			children = (
				B2D827DE1E7F810500121F5E /* NSBundle+JSQMessages.h */,
				B2D827DF1E7F810500121F5E /* NSBundle+JSQMessages.m */,
				B2D827E01E7F810500121F5E /* NSString+JSQMessages.h */,
				B2D827E11E7F810500121F5E /* NSString+JSQMessages.m */,
				B2D827E21E7F810500121F5E /* UIColor+JSQMessages.h */,
				B2D827E31E7F810500121F5E /* UIColor+JSQMessages.m */,
				B2D827E41E7F810500121F5E /* UIImage+JSQMessages.h */,
				B2D827E51E7F810500121F5E /* UIImage+JSQMessages.m */,
				B2D827E61E7F810500121F5E /* UIView+JSQMessages.h */,
				B2D827E71E7F810500121F5E /* UIView+JSQMessages.m */,
			);
			path = Categories;
			sourceTree = "<group>";
		};
		B2D827E81E7F810500121F5E /* Controllers */ = {
			isa = PBXGroup;
			children = (
				B2D827E91E7F810500121F5E /* JSQMessagesViewController.h */,
				B2D827EA1E7F810500121F5E /* JSQMessagesViewController.m */,
				B2D827EB1E7F810500121F5E /* JSQMessagesViewController.xib */,
			);
			path = Controllers;
			sourceTree = "<group>";
		};
		B2D827EC1E7F810500121F5E /* Factories */ = {
			isa = PBXGroup;
			children = (
				B2D827ED1E7F810500121F5E /* JSQMessagesAvatarImageFactory.h */,
				B2D827EE1E7F810500121F5E /* JSQMessagesAvatarImageFactory.m */,
				B2D827EF1E7F810500121F5E /* JSQMessagesBubbleImageFactory.h */,
				B2D827F01E7F810500121F5E /* JSQMessagesBubbleImageFactory.m */,
				B2D827F11E7F810500121F5E /* JSQMessagesMediaViewBubbleImageMasker.h */,
				B2D827F21E7F810500121F5E /* JSQMessagesMediaViewBubbleImageMasker.m */,
				B2D827F31E7F810500121F5E /* JSQMessagesTimestampFormatter.h */,
				B2D827F41E7F810500121F5E /* JSQMessagesTimestampFormatter.m */,
				B2D827F51E7F810500121F5E /* JSQMessagesToolbarButtonFactory.h */,
				B2D827F61E7F810500121F5E /* JSQMessagesToolbarButtonFactory.m */,
				B2D827F71E7F810500121F5E /* JSQMessagesVideoThumbnailFactory.h */,
				B2D827F81E7F810500121F5E /* JSQMessagesVideoThumbnailFactory.m */,
			);
			path = Factories;
			sourceTree = "<group>";
		};
		B2D827FA1E7F810500121F5E /* Layout */ = {
			isa = PBXGroup;
			children = (
				B2D827FB1E7F810500121F5E /* JSQAudioMediaViewAttributes.h */,
				B2D827FC1E7F810500121F5E /* JSQAudioMediaViewAttributes.m */,
				B2D827FD1E7F810500121F5E /* JSQMessagesBubbleSizeCalculating.h */,
				B2D827FE1E7F810500121F5E /* JSQMessagesBubblesSizeCalculator.h */,
				B2D827FF1E7F810500121F5E /* JSQMessagesBubblesSizeCalculator.m */,
				B2D828001E7F810500121F5E /* JSQMessagesCollectionViewFlowLayout.h */,
				B2D828011E7F810500121F5E /* JSQMessagesCollectionViewFlowLayout.m */,
				B2D828021E7F810500121F5E /* JSQMessagesCollectionViewFlowLayoutInvalidationContext.h */,
				B2D828031E7F810500121F5E /* JSQMessagesCollectionViewFlowLayoutInvalidationContext.m */,
				B2D828041E7F810500121F5E /* JSQMessagesCollectionViewLayoutAttributes.h */,
				B2D828051E7F810500121F5E /* JSQMessagesCollectionViewLayoutAttributes.m */,
			);
			path = Layout;
			sourceTree = "<group>";
		};
		B2D828061E7F810500121F5E /* Model */ = {
			isa = PBXGroup;
			children = (
				B2D828071E7F810500121F5E /* JSQAudioMediaItem.h */,
				B2D828081E7F810500121F5E /* JSQAudioMediaItem.m */,
				B2D828091E7F810500121F5E /* JSQLocationMediaItem.h */,
				B2D8280A1E7F810500121F5E /* JSQLocationMediaItem.m */,
				B2D8280B1E7F810500121F5E /* JSQMediaItem.h */,
				B2D8280C1E7F810500121F5E /* JSQMediaItem.m */,
				B2D8280D1E7F810500121F5E /* JSQMessage.h */,
				B2D8280E1E7F810500121F5E /* JSQMessage.m */,
				B2D8280F1E7F810500121F5E /* JSQMessageAvatarImageDataSource.h */,
				B2D828101E7F810500121F5E /* JSQMessageBubbleImageDataSource.h */,
				B2D828111E7F810500121F5E /* JSQMessageData.h */,
				B2D828121E7F810500121F5E /* JSQMessageMediaData.h */,
				B2D828131E7F810500121F5E /* JSQMessagesAvatarImage.h */,
				B2D828141E7F810500121F5E /* JSQMessagesAvatarImage.m */,
				B2D828151E7F810500121F5E /* JSQMessagesBubbleImage.h */,
				B2D828161E7F810500121F5E /* JSQMessagesBubbleImage.m */,
				B2D828171E7F810500121F5E /* JSQMessagesCollectionViewDataSource.h */,
				B2D828181E7F810500121F5E /* JSQMessagesCollectionViewDelegateFlowLayout.h */,
				B2D828191E7F810500121F5E /* JSQMessagesViewAccessoryButtonDelegate.h */,
				B2D8281A1E7F810500121F5E /* JSQPhotoMediaItem.h */,
				B2D8281B1E7F810500121F5E /* JSQPhotoMediaItem.m */,
				B2D8281C1E7F810500121F5E /* JSQVideoMediaItem.h */,
				B2D8281D1E7F810500121F5E /* JSQVideoMediaItem.m */,
			);
			path = Model;
			sourceTree = "<group>";
		};
		B2D8281E1E7F810500121F5E /* Views */ = {
			isa = PBXGroup;
			children = (
				B2D8281F1E7F810500121F5E /* JSQMessagesCellTextView.h */,
				B2D828201E7F810500121F5E /* JSQMessagesCellTextView.m */,
				B2D828211E7F810500121F5E /* JSQMessagesCollectionView.h */,
				B2D828221E7F810500121F5E /* JSQMessagesCollectionView.m */,
				B2D828231E7F810500121F5E /* JSQMessagesCollectionViewCell.h */,
				B2D828241E7F810500121F5E /* JSQMessagesCollectionViewCell.m */,
				B2D828251E7F810500121F5E /* JSQMessagesCollectionViewCellIncoming.h */,
				B2D828261E7F810500121F5E /* JSQMessagesCollectionViewCellIncoming.m */,
				B2D828271E7F810500121F5E /* JSQMessagesCollectionViewCellIncoming.xib */,
				B2D828281E7F810500121F5E /* JSQMessagesCollectionViewCellOutgoing.h */,
				B2D828291E7F810500121F5E /* JSQMessagesCollectionViewCellOutgoing.m */,
				B2D8282A1E7F810500121F5E /* JSQMessagesCollectionViewCellOutgoing.xib */,
				B2D8282B1E7F810500121F5E /* JSQMessagesComposerTextView.h */,
				B2D8282C1E7F810500121F5E /* JSQMessagesComposerTextView.m */,
				B2D8282D1E7F810500121F5E /* JSQMessagesInputToolbar.h */,
				B2D8282E1E7F810500121F5E /* JSQMessagesInputToolbar.m */,
				B2D8282F1E7F810500121F5E /* JSQMessagesLabel.h */,
				B2D828301E7F810500121F5E /* JSQMessagesLabel.m */,
				B2D828311E7F810500121F5E /* JSQMessagesLoadEarlierHeaderView.h */,
				B2D828321E7F810500121F5E /* JSQMessagesLoadEarlierHeaderView.m */,
				B2D828331E7F810500121F5E /* JSQMessagesLoadEarlierHeaderView.xib */,
				B2D828341E7F810500121F5E /* JSQMessagesMediaPlaceholderView.h */,
				B2D828351E7F810500121F5E /* JSQMessagesMediaPlaceholderView.m */,
				B2D828361E7F810500121F5E /* JSQMessagesToolbarContentView.h */,
				B2D828371E7F810500121F5E /* JSQMessagesToolbarContentView.m */,
				B2D828381E7F810500121F5E /* JSQMessagesToolbarContentView.xib */,
				B2D828391E7F810500121F5E /* JSQMessagesTypingIndicatorFooterView.h */,
				B2D8283A1E7F810500121F5E /* JSQMessagesTypingIndicatorFooterView.m */,
				B2D8283B1E7F810500121F5E /* JSQMessagesTypingIndicatorFooterView.xib */,
				B2D8283C1E7F810500121F5E /* JSQMessagesTypingView.h */,
				B2D8283D1E7F810500121F5E /* JSQMessagesTypingView.m */,
			);
			path = Views;
			sourceTree = "<group>";
		};
		B2EC46561E7B0B38004AAB80 /* HistoryVC */ = {
			isa = PBXGroup;
			children = (
				B2D8286B1E7F86A400121F5E /* ConversationHistoryVC.swift */,
			);
			name = HistoryVC;
			path = Controller/HistoryVC;
			sourceTree = "<group>";
		};
		B3FBC2E61CF35AFC009E549F /* DropDown */ = {
			isa = PBXGroup;
			children = (
				B33D97C41CF4786A00E8DB69 /* DropDownCell.xib */,
				B3FBC2EB1CF35E95009E549F /* DPDConstants.swift */,
				B3FBC2EC1CF35E95009E549F /* DPDKeyboardListener.swift */,
				B3FBC2ED1CF35E95009E549F /* DPDUIView+Extension.swift */,
				B3FBC2E71CF35B0D009E549F /* DropDown.swift */,
				B3FBC2E81CF35B0D009E549F /* DropDownCell.swift */,
			);
			name = DropDown;
			sourceTree = "<group>";
		};
		D9EFC69CA396840435F00835 /* Frameworks */ = {
			isa = PBXGroup;
			children = (
				835F24DE1C55C0EB00DA73D1 /* DateTools.framework */,
				835F24DC1C55C0D700DA73D1 /* SVProgressHUD.framework */,
				8384424F1C32677100342EE2 /* libsqlite3.tbd */,
				838442501C32677100342EE2 /* libstdc++.6.tbd */,
				838442511C32677100342EE2 /* libz.tbd */,
				8384423F1C32674500342EE2 /* AudioToolbox.framework */,
				838442401C32674500342EE2 /* CFNetwork.framework */,
				838442411C32674500342EE2 /* CoreGraphics.framework */,
				838442421C32674500342EE2 /* CoreLocation.framework */,
				838442431C32674500342EE2 /* QuartzCore.framework */,
				838442441C32674500342EE2 /* Security.framework */,
				838442451C32674500342EE2 /* StoreKit.framework */,
				838442461C32674500342EE2 /* SystemConfiguration.framework */,
				83F74B821C3163DF0052CA6C /* Bolts.framework */,
				83F74B831C3163DF0052CA6C /* Parse.framework */,
				83F74B841C3163DF0052CA6C /* ParseCrashReporting.framework */,
				C655699474213E860600ADD1 /* Pods.framework */,
			);
			name = Frameworks;
			sourceTree = "<group>";
		};
/* End PBXGroup section */

/* Begin PBXNativeTarget section */
		83F74B1C1C314F020052CA6C /* CatFacts */ = {
			isa = PBXNativeTarget;
			buildConfigurationList = 83F74B451C314F030052CA6C /* Build configuration list for PBXNativeTarget "CatFacts" */;
			buildPhases = (
				C9CE060BFFA61B259DBFB690 /* Check Pods Manifest.lock */,
				83F74B191C314F020052CA6C /* Sources */,
				83F74B1A1C314F020052CA6C /* Frameworks */,
				83F74B1B1C314F020052CA6C /* Resources */,
				DE6E4018AF8C6140D4DEE988 /* Embed Pods Frameworks */,
				78B8ACFAE26359CE37397941 /* Copy Pods Resources */,
			);
			buildRules = (
			);
			dependencies = (
			);
			name = CatFacts;
			productName = CatFacts;
			productReference = 83F74B1D1C314F020052CA6C /* CatFacts.app */;
			productType = "com.apple.product-type.application";
		};
		83F74B301C314F020052CA6C /* CatFactsTests */ = {
			isa = PBXNativeTarget;
			buildConfigurationList = 83F74B481C314F030052CA6C /* Build configuration list for PBXNativeTarget "CatFactsTests" */;
			buildPhases = (
				83F74B2D1C314F020052CA6C /* Sources */,
				83F74B2E1C314F020052CA6C /* Frameworks */,
				83F74B2F1C314F020052CA6C /* Resources */,
			);
			buildRules = (
			);
			dependencies = (
				83F74B331C314F020052CA6C /* PBXTargetDependency */,
			);
			name = CatFactsTests;
			productName = CatFactsTests;
			productReference = 83F74B311C314F020052CA6C /* CatFactsTests.xctest */;
			productType = "com.apple.product-type.bundle.unit-test";
		};
		83F74B3B1C314F030052CA6C /* CatFactsUITests */ = {
			isa = PBXNativeTarget;
			buildConfigurationList = 83F74B4B1C314F030052CA6C /* Build configuration list for PBXNativeTarget "CatFactsUITests" */;
			buildPhases = (
				83F74B381C314F030052CA6C /* Sources */,
				83F74B391C314F030052CA6C /* Frameworks */,
				83F74B3A1C314F030052CA6C /* Resources */,
			);
			buildRules = (
			);
			dependencies = (
				83F74B3E1C314F030052CA6C /* PBXTargetDependency */,
			);
			name = CatFactsUITests;
			productName = CatFactsUITests;
			productReference = 83F74B3C1C314F030052CA6C /* CatFactsUITests.xctest */;
			productType = "com.apple.product-type.bundle.ui-testing";
		};
/* End PBXNativeTarget section */

/* Begin PBXProject section */
		83F74B151C314F020052CA6C /* Project object */ = {
			isa = PBXProject;
			attributes = {
				LastSwiftUpdateCheck = 0720;
				LastUpgradeCheck = 0720;
				ORGANIZATIONNAME = Pae;
				TargetAttributes = {
					83F74B1C1C314F020052CA6C = {
						CreatedOnToolsVersion = 7.2;
					};
					83F74B301C314F020052CA6C = {
						CreatedOnToolsVersion = 7.2;
						TestTargetID = 83F74B1C1C314F020052CA6C;
					};
					83F74B3B1C314F030052CA6C = {
						CreatedOnToolsVersion = 7.2;
						TestTargetID = 83F74B1C1C314F020052CA6C;
					};
				};
			};
			buildConfigurationList = 83F74B181C314F020052CA6C /* Build configuration list for PBXProject "CatFacts" */;
			compatibilityVersion = "Xcode 3.2";
			developmentRegion = English;
			hasScannedForEncodings = 0;
			knownRegions = (
				en,
				Base,
			);
			mainGroup = 83F74B141C314F020052CA6C;
			productRefGroup = 83F74B1E1C314F020052CA6C /* Products */;
			projectDirPath = "";
			projectRoot = "";
			targets = (
				83F74B1C1C314F020052CA6C /* CatFacts */,
				83F74B301C314F020052CA6C /* CatFactsTests */,
				83F74B3B1C314F030052CA6C /* CatFactsUITests */,
			);
		};
/* End PBXProject section */

/* Begin PBXResourcesBuildPhase section */
		83F74B1B1C314F020052CA6C /* Resources */ = {
			isa = PBXResourcesBuildPhase;
			buildActionMask = 2147483647;
			files = (
				B33D97C51CF4786A00E8DB69 /* DropDownCell.xib in Resources */,
				B2D8283E1E7F810500121F5E /* JSQMessagesAssets.bundle in Resources */,
				83F74B2B1C314F020052CA6C /* LaunchScreen.storyboard in Resources */,
				B2D828691E7F810500121F5E /* JSQMessagesTypingIndicatorFooterView.xib in Resources */,
				B2D828451E7F810500121F5E /* JSQMessagesViewController.xib in Resources */,
				83F74B561C3150930052CA6C /* Assets.xcassets in Resources */,
				B2D828641E7F810500121F5E /* JSQMessagesLoadEarlierHeaderView.xib in Resources */,
				96A5E0861CC2529400D8EC1E /* CatFactsPrivacyPolicy.rtf in Resources */,
				83F74B261C314F020052CA6C /* Main.storyboard in Resources */,
				B32E28901CF1D1CE0062C7A1 /* CatFactsTermsOfService.rtf in Resources */,
				B2D8285D1E7F810500121F5E /* JSQMessagesCollectionViewCellIncoming.xib in Resources */,
				B2D8285F1E7F810500121F5E /* JSQMessagesCollectionViewCellOutgoing.xib in Resources */,
				B2D828671E7F810500121F5E /* JSQMessagesToolbarContentView.xib in Resources */,
			);
			runOnlyForDeploymentPostprocessing = 0;
		};
		83F74B2F1C314F020052CA6C /* Resources */ = {
			isa = PBXResourcesBuildPhase;
			buildActionMask = 2147483647;
			files = (
			);
			runOnlyForDeploymentPostprocessing = 0;
		};
		83F74B3A1C314F030052CA6C /* Resources */ = {
			isa = PBXResourcesBuildPhase;
			buildActionMask = 2147483647;
			files = (
			);
			runOnlyForDeploymentPostprocessing = 0;
		};
/* End PBXResourcesBuildPhase section */

/* Begin PBXShellScriptBuildPhase section */
		78B8ACFAE26359CE37397941 /* Copy Pods Resources */ = {
			isa = PBXShellScriptBuildPhase;
			buildActionMask = 2147483647;
			files = (
			);
			inputPaths = (
			);
			name = "Copy Pods Resources";
			outputPaths = (
			);
			runOnlyForDeploymentPostprocessing = 0;
			shellPath = /bin/sh;
			shellScript = "\"${SRCROOT}/Pods/Target Support Files/Pods/Pods-resources.sh\"\n";
			showEnvVarsInLog = 0;
		};
		C9CE060BFFA61B259DBFB690 /* Check Pods Manifest.lock */ = {
			isa = PBXShellScriptBuildPhase;
			buildActionMask = 2147483647;
			files = (
			);
			inputPaths = (
			);
			name = "Check Pods Manifest.lock";
			outputPaths = (
			);
			runOnlyForDeploymentPostprocessing = 0;
			shellPath = /bin/sh;
			shellScript = "diff \"${PODS_ROOT}/../Podfile.lock\" \"${PODS_ROOT}/Manifest.lock\" > /dev/null\nif [[ $? != 0 ]] ; then\n    cat << EOM\nerror: The sandbox is not in sync with the Podfile.lock. Run 'pod install' or update your CocoaPods installation.\nEOM\n    exit 1\nfi\n";
			showEnvVarsInLog = 0;
		};
		DE6E4018AF8C6140D4DEE988 /* Embed Pods Frameworks */ = {
			isa = PBXShellScriptBuildPhase;
			buildActionMask = 2147483647;
			files = (
			);
			inputPaths = (
			);
			name = "Embed Pods Frameworks";
			outputPaths = (
			);
			runOnlyForDeploymentPostprocessing = 0;
			shellPath = /bin/sh;
			shellScript = "\"${SRCROOT}/Pods/Target Support Files/Pods/Pods-frameworks.sh\"\n";
			showEnvVarsInLog = 0;
		};
/* End PBXShellScriptBuildPhase section */

/* Begin PBXSourcesBuildPhase section */
		83F74B191C314F020052CA6C /* Sources */ = {
			isa = PBXSourcesBuildPhase;
			buildActionMask = 2147483647;
			files = (
				B3FBC2EE1CF35E95009E549F /* DPDConstants.swift in Sources */,
				B2D828621E7F810500121F5E /* JSQMessagesLabel.m in Sources */,
				B2D828441E7F810500121F5E /* JSQMessagesViewController.m in Sources */,
				B2D828651E7F810500121F5E /* JSQMessagesMediaPlaceholderView.m in Sources */,
				B2D8285C1E7F810500121F5E /* JSQMessagesCollectionViewCellIncoming.m in Sources */,
				B3FBC2E91CF35B0D009E549F /* DropDown.swift in Sources */,
				83F74B541C3150810052CA6C /* ViewController.swift in Sources */,
				83E7F5EB1C327CDD001D8C89 /* AddContactVC.swift in Sources */,
				B3FBC2F01CF35E95009E549F /* DPDUIView+Extension.swift in Sources */,
				83E7F6121C327CF6001D8C89 /* MGSwipeButton.m in Sources */,
				B2D8285B1E7F810500121F5E /* JSQMessagesCollectionViewCell.m in Sources */,
				B2D828681E7F810500121F5E /* JSQMessagesTypingIndicatorFooterView.m in Sources */,
				B2D828401E7F810500121F5E /* NSString+JSQMessages.m in Sources */,
				B2D828601E7F810500121F5E /* JSQMessagesComposerTextView.m in Sources */,
				B2D828581E7F810500121F5E /* JSQVideoMediaItem.m in Sources */,
				B2D8284A1E7F810500121F5E /* JSQMessagesToolbarButtonFactory.m in Sources */,
				B2D8286C1E7F86A400121F5E /* ConversationHistoryVC.swift in Sources */,
				83E7F6151C327CF6001D8C89 /* UIScrollView+TPKeyboardAvoidingAdditions.m in Sources */,
				83E7F6241C32C92A001D8C89 /* CFContactCell.swift in Sources */,
				83E7F6221C32B425001D8C89 /* CFBaseVC.swift in Sources */,
				B2D8284D1E7F810500121F5E /* JSQMessagesBubblesSizeCalculator.m in Sources */,
				B2D828461E7F810500121F5E /* JSQMessagesAvatarImageFactory.m in Sources */,
				83E7F6131C327CF6001D8C89 /* MGSwipeTableCell.m in Sources */,
				83E7F6111C327CF6001D8C89 /* InsetLabel.m in Sources */,
				96A5E0891CC2B5EC00D8EC1E /* ContactDetailVC.swift in Sources */,
				83E7F61D1C327CF6001D8C89 /* CommData.m in Sources */,
				831E56381C50286300ACB75A /* InAppProductQueryRequest.swift in Sources */,
				B2D8285A1E7F810500121F5E /* JSQMessagesCollectionView.m in Sources */,
				969197391CC15594008CE7EA /* PrivacyPolicyVC.swift in Sources */,
				B2D828561E7F810500121F5E /* JSQMessagesBubbleImage.m in Sources */,
				83E7F6171C327CF6001D8C89 /* GlobInfo.m in Sources */,
				B2D828421E7F810500121F5E /* UIImage+JSQMessages.m in Sources */,
				B2D828521E7F810500121F5E /* JSQLocationMediaItem.m in Sources */,
				B2D828571E7F810500121F5E /* JSQPhotoMediaItem.m in Sources */,
				831E56391C50286300ACB75A /* SwiftyStoreKit.swift in Sources */,
				831E56311C50246900ACB75A /* Then.swift in Sources */,
				962DA9901CC0924A0052E140 /* SWRevealViewController.m in Sources */,
				B2D828631E7F810500121F5E /* JSQMessagesLoadEarlierHeaderView.m in Sources */,
				B2D828491E7F810500121F5E /* JSQMessagesTimestampFormatter.m in Sources */,
				962DA9941CC098560052E140 /* MenuVC.swift in Sources */,
				B2D828411E7F810500121F5E /* UIColor+JSQMessages.m in Sources */,
				B2D828531E7F810500121F5E /* JSQMediaItem.m in Sources */,
				B2D8285E1E7F810500121F5E /* JSQMessagesCollectionViewCellOutgoing.m in Sources */,
				B2D8284F1E7F810500121F5E /* JSQMessagesCollectionViewFlowLayoutInvalidationContext.m in Sources */,
				83F74B531C3150810052CA6C /* AppDelegate.swift in Sources */,
				B2D828611E7F810500121F5E /* JSQMessagesInputToolbar.m in Sources */,
				83F74B581C3154E00052CA6C /* SignInVC.swift in Sources */,
				B2D8284B1E7F810500121F5E /* JSQMessagesVideoThumbnailFactory.m in Sources */,
				83E7F6181C327CF6001D8C89 /* Reachability.m in Sources */,
				831E56371C50286300ACB75A /* InAppProductPurchaseRequest.swift in Sources */,
				B2D828661E7F810500121F5E /* JSQMessagesToolbarContentView.m in Sources */,
				B2D828591E7F810500121F5E /* JSQMessagesCellTextView.m in Sources */,
				B3FBC2EF1CF35E95009E549F /* DPDKeyboardListener.swift in Sources */,
				B2D828501E7F810500121F5E /* JSQMessagesCollectionViewLayoutAttributes.m in Sources */,
				8384425B1C326CF500342EE2 /* SignUpVC.swift in Sources */,
				B2D8284E1E7F810500121F5E /* JSQMessagesCollectionViewFlowLayout.m in Sources */,
				B2D8286A1E7F810500121F5E /* JSQMessagesTypingView.m in Sources */,
				83E7F6141C327CF6001D8C89 /* TPKeyboardAvoidingScrollView.m in Sources */,
				B2D828541E7F810500121F5E /* JSQMessage.m in Sources */,
				831A50E21C4B747E002247EF /* Constants.swift in Sources */,
				83E7F6161C327CF6001D8C89 /* UIView+CornerRadius.m in Sources */,
				B2D828471E7F810500121F5E /* JSQMessagesBubbleImageFactory.m in Sources */,
				B3FBC2EA1CF35B0D009E549F /* DropDownCell.swift in Sources */,
				B2D828481E7F810500121F5E /* JSQMessagesMediaViewBubbleImageMasker.m in Sources */,
				83E7F61E1C327CF6001D8C89 /* CommonUtility.m in Sources */,
				B2D828431E7F810500121F5E /* UIView+JSQMessages.m in Sources */,
				83E7F60F1C327CF6001D8C89 /* CatFactsApi.swift in Sources */,
				B2D828551E7F810500121F5E /* JSQMessagesAvatarImage.m in Sources */,
				B2D8283F1E7F810500121F5E /* NSBundle+JSQMessages.m in Sources */,
				831E563C1C50DB9100ACB75A /* CreditItemSelectVC.swift in Sources */,
				8384425D1C326D1300342EE2 /* ContactsVC.swift in Sources */,
				B2D8284C1E7F810500121F5E /* JSQAudioMediaViewAttributes.m in Sources */,
				962DA9961CC09A680052E140 /* AboutUs.swift in Sources */,
				B2D828511E7F810500121F5E /* JSQAudioMediaItem.m in Sources */,
			);
			runOnlyForDeploymentPostprocessing = 0;
		};
		83F74B2D1C314F020052CA6C /* Sources */ = {
			isa = PBXSourcesBuildPhase;
			buildActionMask = 2147483647;
			files = (
				83F74B361C314F020052CA6C /* CatFactsTests.swift in Sources */,
			);
			runOnlyForDeploymentPostprocessing = 0;
		};
		83F74B381C314F030052CA6C /* Sources */ = {
			isa = PBXSourcesBuildPhase;
			buildActionMask = 2147483647;
			files = (
				83F74B411C314F030052CA6C /* CatFactsUITests.swift in Sources */,
			);
			runOnlyForDeploymentPostprocessing = 0;
		};
/* End PBXSourcesBuildPhase section */

/* Begin PBXTargetDependency section */
		83F74B331C314F020052CA6C /* PBXTargetDependency */ = {
			isa = PBXTargetDependency;
			target = 83F74B1C1C314F020052CA6C /* CatFacts */;
			targetProxy = 83F74B321C314F020052CA6C /* PBXContainerItemProxy */;
		};
		83F74B3E1C314F030052CA6C /* PBXTargetDependency */ = {
			isa = PBXTargetDependency;
			target = 83F74B1C1C314F020052CA6C /* CatFacts */;
			targetProxy = 83F74B3D1C314F030052CA6C /* PBXContainerItemProxy */;
		};
/* End PBXTargetDependency section */

/* Begin PBXVariantGroup section */
		83F74B241C314F020052CA6C /* Main.storyboard */ = {
			isa = PBXVariantGroup;
			children = (
				83F74B251C314F020052CA6C /* Base */,
			);
			name = Main.storyboard;
			sourceTree = "<group>";
		};
		83F74B291C314F020052CA6C /* LaunchScreen.storyboard */ = {
			isa = PBXVariantGroup;
			children = (
				83F74B2A1C314F020052CA6C /* Base */,
			);
			name = LaunchScreen.storyboard;
			sourceTree = "<group>";
		};
/* End PBXVariantGroup section */

/* Begin XCBuildConfiguration section */
		83F74B431C314F030052CA6C /* Debug */ = {
			isa = XCBuildConfiguration;
			buildSettings = {
				ALWAYS_SEARCH_USER_PATHS = NO;
				CLANG_CXX_LANGUAGE_STANDARD = "gnu++0x";
				CLANG_CXX_LIBRARY = "libc++";
				CLANG_ENABLE_MODULES = YES;
				CLANG_ENABLE_OBJC_ARC = YES;
				CLANG_WARN_BOOL_CONVERSION = YES;
				CLANG_WARN_CONSTANT_CONVERSION = YES;
				CLANG_WARN_DIRECT_OBJC_ISA_USAGE = YES_ERROR;
				CLANG_WARN_EMPTY_BODY = YES;
				CLANG_WARN_ENUM_CONVERSION = YES;
				CLANG_WARN_INT_CONVERSION = YES;
				CLANG_WARN_OBJC_ROOT_CLASS = YES_ERROR;
				CLANG_WARN_UNREACHABLE_CODE = YES;
				CLANG_WARN__DUPLICATE_METHOD_MATCH = YES;
				CODE_SIGN_IDENTITY = "iPhone Developer: Matt McWilliam (YP948Q6FPH)";
				"CODE_SIGN_IDENTITY[sdk=iphoneos*]" = "iPhone Developer";
				COPY_PHASE_STRIP = NO;
				DEBUG_INFORMATION_FORMAT = dwarf;
				ENABLE_STRICT_OBJC_MSGSEND = YES;
				ENABLE_TESTABILITY = YES;
				GCC_C_LANGUAGE_STANDARD = gnu99;
				GCC_DYNAMIC_NO_PIC = NO;
				GCC_NO_COMMON_BLOCKS = YES;
				GCC_OPTIMIZATION_LEVEL = 0;
				GCC_PREPROCESSOR_DEFINITIONS = (
					"DEBUG=1",
					"$(inherited)",
				);
				GCC_WARN_64_TO_32_BIT_CONVERSION = YES;
				GCC_WARN_ABOUT_RETURN_TYPE = YES_ERROR;
				GCC_WARN_UNDECLARED_SELECTOR = YES;
				GCC_WARN_UNINITIALIZED_AUTOS = YES_AGGRESSIVE;
				GCC_WARN_UNUSED_FUNCTION = YES;
				GCC_WARN_UNUSED_VARIABLE = YES;
				IPHONEOS_DEPLOYMENT_TARGET = 9.2;
				MTL_ENABLE_DEBUG_INFO = YES;
				ONLY_ACTIVE_ARCH = NO;
				PROVISIONING_PROFILE = "5c4572ea-9626-4492-800e-7924edb6a35e";
				SDKROOT = iphoneos;
				SWIFT_OPTIMIZATION_LEVEL = "-Onone";
				TARGETED_DEVICE_FAMILY = "1,2";
			};
			name = Debug;
		};
		83F74B441C314F030052CA6C /* Release */ = {
			isa = XCBuildConfiguration;
			buildSettings = {
				ALWAYS_SEARCH_USER_PATHS = NO;
				CLANG_CXX_LANGUAGE_STANDARD = "gnu++0x";
				CLANG_CXX_LIBRARY = "libc++";
				CLANG_ENABLE_MODULES = YES;
				CLANG_ENABLE_OBJC_ARC = YES;
				CLANG_WARN_BOOL_CONVERSION = YES;
				CLANG_WARN_CONSTANT_CONVERSION = YES;
				CLANG_WARN_DIRECT_OBJC_ISA_USAGE = YES_ERROR;
				CLANG_WARN_EMPTY_BODY = YES;
				CLANG_WARN_ENUM_CONVERSION = YES;
				CLANG_WARN_INT_CONVERSION = YES;
				CLANG_WARN_OBJC_ROOT_CLASS = YES_ERROR;
				CLANG_WARN_UNREACHABLE_CODE = YES;
				CLANG_WARN__DUPLICATE_METHOD_MATCH = YES;
				CODE_SIGN_IDENTITY = "iPhone Developer: Matt McWilliam (YP948Q6FPH)";
				"CODE_SIGN_IDENTITY[sdk=iphoneos*]" = "iPhone Developer";
				COPY_PHASE_STRIP = NO;
				DEBUG_INFORMATION_FORMAT = "dwarf-with-dsym";
				ENABLE_NS_ASSERTIONS = NO;
				ENABLE_STRICT_OBJC_MSGSEND = YES;
				GCC_C_LANGUAGE_STANDARD = gnu99;
				GCC_NO_COMMON_BLOCKS = YES;
				GCC_WARN_64_TO_32_BIT_CONVERSION = YES;
				GCC_WARN_ABOUT_RETURN_TYPE = YES_ERROR;
				GCC_WARN_UNDECLARED_SELECTOR = YES;
				GCC_WARN_UNINITIALIZED_AUTOS = YES_AGGRESSIVE;
				GCC_WARN_UNUSED_FUNCTION = YES;
				GCC_WARN_UNUSED_VARIABLE = YES;
				IPHONEOS_DEPLOYMENT_TARGET = 9.2;
				MTL_ENABLE_DEBUG_INFO = NO;
				ONLY_ACTIVE_ARCH = NO;
				PROVISIONING_PROFILE = "5c4572ea-9626-4492-800e-7924edb6a35e";
				SDKROOT = iphoneos;
				TARGETED_DEVICE_FAMILY = "1,2";
				VALIDATE_PRODUCT = YES;
			};
			name = Release;
		};
		83F74B461C314F030052CA6C /* Debug */ = {
			isa = XCBuildConfiguration;
			baseConfigurationReference = 426BE593CE1B20B0591AA43F /* Pods.debug.xcconfig */;
			buildSettings = {
				ASSETCATALOG_COMPILER_APPICON_NAME = AppIcon;
				CLANG_ENABLE_MODULES = YES;
				CODE_SIGN_IDENTITY = "iPhone Developer: Matt McWilliam (YP948Q6FPH)";
				FRAMEWORK_SEARCH_PATHS = (
					"$(inherited)",
					"$(PROJECT_DIR)/CatFacts/Controller/ThirdParty",
					"$(PROJECT_DIR)/CatFacts/Controller/Common/ThirdParty",
					"$(PROJECT_DIR)/build/Debug-iphoneos",
				);
				INFOPLIST_FILE = CatFacts/Info.plist;
				IPHONEOS_DEPLOYMENT_TARGET = 8.4;
				LD_RUNPATH_SEARCH_PATHS = "$(inherited) @executable_path/Frameworks";
				ONLY_ACTIVE_ARCH = NO;
				PRODUCT_BUNDLE_IDENTIFIER = com.mjm.catfacts;
				PRODUCT_NAME = "$(TARGET_NAME)";
				PROVISIONING_PROFILE = "5c4572ea-9626-4492-800e-7924edb6a35e";
				SDKROOT = iphoneos;
				SWIFT_OBJC_BRIDGING_HEADER = "CatFacts/CatFacts-Bridging-Header.h";
				SWIFT_OPTIMIZATION_LEVEL = "-Onone";
				SWIFT_VERSION = 2.3;
			};
			name = Debug;
		};
		83F74B471C314F030052CA6C /* Release */ = {
			isa = XCBuildConfiguration;
			baseConfigurationReference = BEA29D50AC2EAEF4B45ABB53 /* Pods.release.xcconfig */;
			buildSettings = {
				ASSETCATALOG_COMPILER_APPICON_NAME = AppIcon;
				CLANG_ENABLE_MODULES = YES;
				CODE_SIGN_IDENTITY = "iPhone Developer: Matt McWilliam (YP948Q6FPH)";
				FRAMEWORK_SEARCH_PATHS = (
					"$(inherited)",
					"$(PROJECT_DIR)/CatFacts/Controller/ThirdParty",
					"$(PROJECT_DIR)/CatFacts/Controller/Common/ThirdParty",
					"$(PROJECT_DIR)/build/Debug-iphoneos",
				);
				INFOPLIST_FILE = CatFacts/Info.plist;
				IPHONEOS_DEPLOYMENT_TARGET = 8.4;
				LD_RUNPATH_SEARCH_PATHS = "$(inherited) @executable_path/Frameworks";
				ONLY_ACTIVE_ARCH = NO;
				PRODUCT_BUNDLE_IDENTIFIER = com.mjm.catfacts;
				PRODUCT_NAME = "$(TARGET_NAME)";
				PROVISIONING_PROFILE = "5c4572ea-9626-4492-800e-7924edb6a35e";
				SDKROOT = iphoneos;
				SWIFT_OBJC_BRIDGING_HEADER = "CatFacts/CatFacts-Bridging-Header.h";
				SWIFT_VERSION = 2.3;
			};
			name = Release;
		};
		83F74B491C314F030052CA6C /* Debug */ = {
			isa = XCBuildConfiguration;
			buildSettings = {
				BUNDLE_LOADER = "$(TEST_HOST)";
				INFOPLIST_FILE = CatFactsTests/Info.plist;
				LD_RUNPATH_SEARCH_PATHS = "$(inherited) @executable_path/Frameworks @loader_path/Frameworks";
				PRODUCT_BUNDLE_IDENTIFIER = com.global.CatFactsTests;
				PRODUCT_NAME = "$(TARGET_NAME)";
				TEST_HOST = "$(BUILT_PRODUCTS_DIR)/CatFacts.app/CatFacts";
			};
			name = Debug;
		};
		83F74B4A1C314F030052CA6C /* Release */ = {
			isa = XCBuildConfiguration;
			buildSettings = {
				BUNDLE_LOADER = "$(TEST_HOST)";
				INFOPLIST_FILE = CatFactsTests/Info.plist;
				LD_RUNPATH_SEARCH_PATHS = "$(inherited) @executable_path/Frameworks @loader_path/Frameworks";
				PRODUCT_BUNDLE_IDENTIFIER = com.global.CatFactsTests;
				PRODUCT_NAME = "$(TARGET_NAME)";
				TEST_HOST = "$(BUILT_PRODUCTS_DIR)/CatFacts.app/CatFacts";
			};
			name = Release;
		};
		83F74B4C1C314F030052CA6C /* Debug */ = {
			isa = XCBuildConfiguration;
			buildSettings = {
				INFOPLIST_FILE = CatFactsUITests/Info.plist;
				LD_RUNPATH_SEARCH_PATHS = "$(inherited) @executable_path/Frameworks @loader_path/Frameworks";
				PRODUCT_BUNDLE_IDENTIFIER = com.global.CatFactsUITests;
				PRODUCT_NAME = "$(TARGET_NAME)";
				TEST_TARGET_NAME = CatFacts;
				USES_XCTRUNNER = YES;
			};
			name = Debug;
		};
		83F74B4D1C314F030052CA6C /* Release */ = {
			isa = XCBuildConfiguration;
			buildSettings = {
				INFOPLIST_FILE = CatFactsUITests/Info.plist;
				LD_RUNPATH_SEARCH_PATHS = "$(inherited) @executable_path/Frameworks @loader_path/Frameworks";
				PRODUCT_BUNDLE_IDENTIFIER = com.global.CatFactsUITests;
				PRODUCT_NAME = "$(TARGET_NAME)";
				TEST_TARGET_NAME = CatFacts;
				USES_XCTRUNNER = YES;
			};
			name = Release;
		};
/* End XCBuildConfiguration section */

/* Begin XCConfigurationList section */
		83F74B181C314F020052CA6C /* Build configuration list for PBXProject "CatFacts" */ = {
			isa = XCConfigurationList;
			buildConfigurations = (
				83F74B431C314F030052CA6C /* Debug */,
				83F74B441C314F030052CA6C /* Release */,
			);
			defaultConfigurationIsVisible = 0;
			defaultConfigurationName = Release;
		};
		83F74B451C314F030052CA6C /* Build configuration list for PBXNativeTarget "CatFacts" */ = {
			isa = XCConfigurationList;
			buildConfigurations = (
				83F74B461C314F030052CA6C /* Debug */,
				83F74B471C314F030052CA6C /* Release */,
			);
			defaultConfigurationIsVisible = 0;
			defaultConfigurationName = Release;
		};
		83F74B481C314F030052CA6C /* Build configuration list for PBXNativeTarget "CatFactsTests" */ = {
			isa = XCConfigurationList;
			buildConfigurations = (
				83F74B491C314F030052CA6C /* Debug */,
				83F74B4A1C314F030052CA6C /* Release */,
			);
			defaultConfigurationIsVisible = 0;
			defaultConfigurationName = Release;
		};
		83F74B4B1C314F030052CA6C /* Build configuration list for PBXNativeTarget "CatFactsUITests" */ = {
			isa = XCConfigurationList;
			buildConfigurations = (
				83F74B4C1C314F030052CA6C /* Debug */,
				83F74B4D1C314F030052CA6C /* Release */,
			);
			defaultConfigurationIsVisible = 0;
			defaultConfigurationName = Release;
		};
/* End XCConfigurationList section */
	};
	rootObject = 83F74B151C314F020052CA6C /* Project object */;
}
