// !$*UTF8*$!
{
	archiveVersion = 1;
	classes = {
	};
	objectVersion = 46;
	objects = {

/* Begin PBXBuildFile section */
		0F87DDCB243BBFA3000DCE1A /* GoogleService-Info.plist in Resources */ = {isa = PBXBuildFile; fileRef = 0F87DDCA243BBFA3000DCE1A /* GoogleService-Info.plist */; };
		0FBEA34124324DCB00C65CA6 /* CountryCodeCell.swift in Sources */ = {isa = PBXBuildFile; fileRef = 0FBEA33F24324DCB00C65CA6 /* CountryCodeCell.swift */; };
		0FBEA34224324DCB00C65CA6 /* CountryCodeCell.xib in Resources */ = {isa = PBXBuildFile; fileRef = 0FBEA34024324DCB00C65CA6 /* CountryCodeCell.xib */; };
		0FE292EF242E931600BBDEBF /* TransferDialog.swift in Sources */ = {isa = PBXBuildFile; fileRef = 0FE292EE242E931600BBDEBF /* TransferDialog.swift */; };
		642099E42113891F007B3D8D /* SVIndefiniteAnimatedView.m in Sources */ = {isa = PBXBuildFile; fileRef = 642099DB2113891F007B3D8D /* SVIndefiniteAnimatedView.m */; };
		642099E52113891F007B3D8D /* SVProgressAnimatedView.m in Sources */ = {isa = PBXBuildFile; fileRef = 642099DD2113891F007B3D8D /* SVProgressAnimatedView.m */; };
		642099E62113891F007B3D8D /* SVProgressHUD.bundle in Resources */ = {isa = PBXBuildFile; fileRef = 642099DF2113891F007B3D8D /* SVProgressHUD.bundle */; };
		642099E72113891F007B3D8D /* SVProgressHUD.m in Sources */ = {isa = PBXBuildFile; fileRef = 642099E12113891F007B3D8D /* SVProgressHUD.m */; };
		642099E82113891F007B3D8D /* SVRadialGradientLayer.m in Sources */ = {isa = PBXBuildFile; fileRef = 642099E32113891F007B3D8D /* SVRadialGradientLayer.m */; };
		642099FA211389F3007B3D8D /* DTConstants.m in Sources */ = {isa = PBXBuildFile; fileRef = 642099EB211389F3007B3D8D /* DTConstants.m */; };
		642099FB211389F3007B3D8D /* DTError.m in Sources */ = {isa = PBXBuildFile; fileRef = 642099ED211389F3007B3D8D /* DTError.m */; };
		642099FC211389F3007B3D8D /* DTTimePeriod.m in Sources */ = {isa = PBXBuildFile; fileRef = 642099EF211389F3007B3D8D /* DTTimePeriod.m */; };
		642099FD211389F3007B3D8D /* DTTimePeriodChain.m in Sources */ = {isa = PBXBuildFile; fileRef = 642099F1211389F3007B3D8D /* DTTimePeriodChain.m */; };
		642099FE211389F3007B3D8D /* DTTimePeriodCollection.m in Sources */ = {isa = PBXBuildFile; fileRef = 642099F3211389F3007B3D8D /* DTTimePeriodCollection.m */; };
		642099FF211389F3007B3D8D /* DTTimePeriodGroup.m in Sources */ = {isa = PBXBuildFile; fileRef = 642099F5211389F3007B3D8D /* DTTimePeriodGroup.m */; };
		64209A00211389F3007B3D8D /* DateTools.bundle in Resources */ = {isa = PBXBuildFile; fileRef = 642099F6211389F3007B3D8D /* DateTools.bundle */; };
		64209A01211389F3007B3D8D /* NSDate+DateTools.m in Sources */ = {isa = PBXBuildFile; fileRef = 642099F9211389F3007B3D8D /* NSDate+DateTools.m */; };
		64771FF42115F9F800E15237 /* ContactDetailVC.swift in Sources */ = {isa = PBXBuildFile; fileRef = 64771FF32115F9F800E15237 /* ContactDetailVC.swift */; };
		6477208C2115FB3A00E15237 /* Assets.xcassets in Resources */ = {isa = PBXBuildFile; fileRef = 647720872115FB3A00E15237 /* Assets.xcassets */; };
		6477208D2115FB3A00E15237 /* LaunchScreen.storyboard in Resources */ = {isa = PBXBuildFile; fileRef = 647720882115FB3A00E15237 /* LaunchScreen.storyboard */; };
		6477208E2115FB3A00E15237 /* Main.storyboard in Resources */ = {isa = PBXBuildFile; fileRef = 6477208A2115FB3A00E15237 /* Main.storyboard */; };
		647720912115FB8E00E15237 /* Constants.swift in Sources */ = {isa = PBXBuildFile; fileRef = 647720902115FB8E00E15237 /* Constants.swift */; };
		647720B92115FC3000E15237 /* GlobInfo.m in Sources */ = {isa = PBXBuildFile; fileRef = 647720922115FC2F00E15237 /* GlobInfo.m */; };
		647720BA2115FC3000E15237 /* InAppProductPurchaseRequest.swift in Sources */ = {isa = PBXBuildFile; fileRef = 647720942115FC2F00E15237 /* InAppProductPurchaseRequest.swift */; };
		647720BB2115FC3000E15237 /* InAppProductQueryRequest.swift in Sources */ = {isa = PBXBuildFile; fileRef = 647720952115FC2F00E15237 /* InAppProductQueryRequest.swift */; };
		647720BC2115FC3000E15237 /* SwiftyStoreKit.swift in Sources */ = {isa = PBXBuildFile; fileRef = 647720962115FC2F00E15237 /* SwiftyStoreKit.swift */; };
		647720BD2115FC3000E15237 /* Bolts.framework in Frameworks */ = {isa = PBXBuildFile; fileRef = 647720982115FC2F00E15237 /* Bolts.framework */; };
		647720BE2115FC3000E15237 /* Parse.framework in Frameworks */ = {isa = PBXBuildFile; fileRef = 647720992115FC2F00E15237 /* Parse.framework */; };
		647720BF2115FC3000E15237 /* ParseCrashReporting.framework in Frameworks */ = {isa = PBXBuildFile; fileRef = 6477209A2115FC2F00E15237 /* ParseCrashReporting.framework */; };
		647720C12115FC3000E15237 /* SWRevealViewController.m in Sources */ = {isa = PBXBuildFile; fileRef = 6477209D2115FC2F00E15237 /* SWRevealViewController.m */; };
		647720C22115FC3000E15237 /* CommData.m in Sources */ = {isa = PBXBuildFile; fileRef = 647720A02115FC2F00E15237 /* CommData.m */; };
		647720C32115FC3000E15237 /* CommonUtility.m in Sources */ = {isa = PBXBuildFile; fileRef = 647720A22115FC2F00E15237 /* CommonUtility.m */; };
		647720C42115FC3000E15237 /* CFBaseVC.swift in Sources */ = {isa = PBXBuildFile; fileRef = 647720A32115FC3000E15237 /* CFBaseVC.swift */; };
		647720C52115FC3000E15237 /* PAInsetLabel.m in Sources */ = {isa = PBXBuildFile; fileRef = 647720A82115FC3000E15237 /* PAInsetLabel.m */; };
		647720C62115FC3000E15237 /* MGSwipeButton.m in Sources */ = {isa = PBXBuildFile; fileRef = 647720AB2115FC3000E15237 /* MGSwipeButton.m */; };
		647720C72115FC3000E15237 /* MGSwipeTableCell.m in Sources */ = {isa = PBXBuildFile; fileRef = 647720AD2115FC3000E15237 /* MGSwipeTableCell.m */; };
		647720C82115FC3000E15237 /* TPKeyboardAvoidingScrollView.m in Sources */ = {isa = PBXBuildFile; fileRef = 647720B02115FC3000E15237 /* TPKeyboardAvoidingScrollView.m */; };
		647720C92115FC3000E15237 /* UIScrollView+TPKeyboardAvoidingAdditions.m in Sources */ = {isa = PBXBuildFile; fileRef = 647720B22115FC3000E15237 /* UIScrollView+TPKeyboardAvoidingAdditions.m */; };
		647720CA2115FC3000E15237 /* UIView+CornerRadius.m in Sources */ = {isa = PBXBuildFile; fileRef = 647720B42115FC3000E15237 /* UIView+CornerRadius.m */; };
		647720CB2115FC3000E15237 /* CatFactsApi.swift in Sources */ = {isa = PBXBuildFile; fileRef = 647720B52115FC3000E15237 /* CatFactsApi.swift */; };
		647720CC2115FC3000E15237 /* Reachability.m in Sources */ = {isa = PBXBuildFile; fileRef = 647720B82115FC3000E15237 /* Reachability.m */; };
		648F17E82115F93C00B1C7C2 /* CatFactsPrivacyPolicy.rtf in Resources */ = {isa = PBXBuildFile; fileRef = 648F17E32115F93C00B1C7C2 /* CatFactsPrivacyPolicy.rtf */; };
		648F17E92115F93C00B1C7C2 /* CatFactsTermsOfService.rtf in Resources */ = {isa = PBXBuildFile; fileRef = 648F17E42115F93C00B1C7C2 /* CatFactsTermsOfService.rtf */; };
		648F17EA2115F93C00B1C7C2 /* MenuVC.swift in Sources */ = {isa = PBXBuildFile; fileRef = 648F17E52115F93C00B1C7C2 /* MenuVC.swift */; };
		648F17EB2115F93C00B1C7C2 /* PrivacyPolicyVC.swift in Sources */ = {isa = PBXBuildFile; fileRef = 648F17E62115F93C00B1C7C2 /* PrivacyPolicyVC.swift */; };
		64A6EF3522681B55001C2438 /* MessageKit.framework in Frameworks */ = {isa = PBXBuildFile; fileRef = 64A6EF3422681B54001C2438 /* MessageKit.framework */; };
		64A6EF3822681B7F001C2438 /* MockSocket.swift in Sources */ = {isa = PBXBuildFile; fileRef = 64A6EF3622681B7E001C2438 /* MockSocket.swift */; };
		64A6EF3922681B7F001C2438 /* MockMessage.swift in Sources */ = {isa = PBXBuildFile; fileRef = 64A6EF3722681B7F001C2438 /* MockMessage.swift */; };
		64A6EF3B22681BD3001C2438 /* ChatViewController.swift in Sources */ = {isa = PBXBuildFile; fileRef = 64A6EF3A22681BD3001C2438 /* ChatViewController.swift */; };
		64ADD0BB21EE747E00EA684C /* CatFactsFAQ.rtf in Resources */ = {isa = PBXBuildFile; fileRef = 64ADD0B821EE747E00EA684C /* CatFactsFAQ.rtf */; };
		64ADD0BC21EE747E00EA684C /* CatFactsAbout.rtf in Resources */ = {isa = PBXBuildFile; fileRef = 64ADD0B921EE747E00EA684C /* CatFactsAbout.rtf */; };
		64ADD0BD21EE747E00EA684C /* CatFactsHelp.rtf in Resources */ = {isa = PBXBuildFile; fileRef = 64ADD0BA21EE747E00EA684C /* CatFactsHelp.rtf */; };
		64D0BEB52146CCD400986A2D /* PhoneNumberKit.framework in Frameworks */ = {isa = PBXBuildFile; fileRef = 64D0BEB42146CCD300986A2D /* PhoneNumberKit.framework */; };
		64E666D921477543001C957D /* Utils.swift in Sources */ = {isa = PBXBuildFile; fileRef = 64E666D821477543001C957D /* Utils.swift */; };
		831E563C1C50DB9100ACB75A /* CreditItemSelectVC.swift in Sources */ = {isa = PBXBuildFile; fileRef = 831E563B1C50DB9100ACB75A /* CreditItemSelectVC.swift */; };
		838442471C32674500342EE2 /* AudioToolbox.framework in Frameworks */ = {isa = PBXBuildFile; fileRef = 8384423F1C32674500342EE2 /* AudioToolbox.framework */; };
		838442481C32674500342EE2 /* CFNetwork.framework in Frameworks */ = {isa = PBXBuildFile; fileRef = 838442401C32674500342EE2 /* CFNetwork.framework */; };
		838442491C32674500342EE2 /* CoreGraphics.framework in Frameworks */ = {isa = PBXBuildFile; fileRef = 838442411C32674500342EE2 /* CoreGraphics.framework */; };
		8384424A1C32674500342EE2 /* CoreLocation.framework in Frameworks */ = {isa = PBXBuildFile; fileRef = 838442421C32674500342EE2 /* CoreLocation.framework */; };
		8384424B1C32674500342EE2 /* QuartzCore.framework in Frameworks */ = {isa = PBXBuildFile; fileRef = 838442431C32674500342EE2 /* QuartzCore.framework */; };
		8384424C1C32674500342EE2 /* Security.framework in Frameworks */ = {isa = PBXBuildFile; fileRef = 838442441C32674500342EE2 /* Security.framework */; };
		8384424D1C32674500342EE2 /* StoreKit.framework in Frameworks */ = {isa = PBXBuildFile; fileRef = 838442451C32674500342EE2 /* StoreKit.framework */; };
		8384424E1C32674500342EE2 /* SystemConfiguration.framework in Frameworks */ = {isa = PBXBuildFile; fileRef = 838442461C32674500342EE2 /* SystemConfiguration.framework */; };
		838442521C32677100342EE2 /* libsqlite3.tbd in Frameworks */ = {isa = PBXBuildFile; fileRef = 8384424F1C32677100342EE2 /* libsqlite3.tbd */; };
		838442531C32677100342EE2 /* libstdc++.6.tbd in Frameworks */ = {isa = PBXBuildFile; fileRef = 838442501C32677100342EE2 /* libstdc++.6.tbd */; };
		838442541C32677100342EE2 /* libz.tbd in Frameworks */ = {isa = PBXBuildFile; fileRef = 838442511C32677100342EE2 /* libz.tbd */; };
		8384425B1C326CF500342EE2 /* SignUpVC.swift in Sources */ = {isa = PBXBuildFile; fileRef = 8384425A1C326CF500342EE2 /* SignUpVC.swift */; };
		8384425D1C326D1300342EE2 /* ContactsVC.swift in Sources */ = {isa = PBXBuildFile; fileRef = 8384425C1C326D1300342EE2 /* ContactsVC.swift */; };
		83E7F5EB1C327CDD001D8C89 /* AddContactVC.swift in Sources */ = {isa = PBXBuildFile; fileRef = 83E7F5EA1C327CDD001D8C89 /* AddContactVC.swift */; };
		83E7F6241C32C92A001D8C89 /* CFContactCell.swift in Sources */ = {isa = PBXBuildFile; fileRef = 83E7F6231C32C92A001D8C89 /* CFContactCell.swift */; };
		83F74B361C314F020052CA6C /* CatFactsTests.swift in Sources */ = {isa = PBXBuildFile; fileRef = 83F74B351C314F020052CA6C /* CatFactsTests.swift */; };
		83F74B411C314F030052CA6C /* CatFactsUITests.swift in Sources */ = {isa = PBXBuildFile; fileRef = 83F74B401C314F030052CA6C /* CatFactsUITests.swift */; };
		83F74B531C3150810052CA6C /* AppDelegate.swift in Sources */ = {isa = PBXBuildFile; fileRef = 83F74B511C3150810052CA6C /* AppDelegate.swift */; };
		83F74B541C3150810052CA6C /* ViewController.swift in Sources */ = {isa = PBXBuildFile; fileRef = 83F74B521C3150810052CA6C /* ViewController.swift */; };
		83F74B581C3154E00052CA6C /* SignInVC.swift in Sources */ = {isa = PBXBuildFile; fileRef = 83F74B571C3154E00052CA6C /* SignInVC.swift */; };
		C96F2C952385B0F60032716D /* MessageInputBar.framework in Frameworks */ = {isa = PBXBuildFile; fileRef = C96F2C942385B0F60032716D /* MessageInputBar.framework */; };
		EC15E1C5F9A78BD05C0D4D92 /* Pods_CatFacts.framework in Frameworks */ = {isa = PBXBuildFile; fileRef = 90722B58E45FF9F6BACA9C34 /* Pods_CatFacts.framework */; };
/* End PBXBuildFile section */

/* Begin PBXContainerItemProxy section */
		83F74B321C314F020052CA6C /* PBXContainerItemProxy */ = {
			isa = PBXContainerItemProxy;
			containerPortal = 83F74B151C314F020052CA6C /* Project object */;
			proxyType = 1;
			remoteGlobalIDString = 83F74B1C1C314F020052CA6C;
			remoteInfo = CatFacts;
		};
		83F74B3D1C314F030052CA6C /* PBXContainerItemProxy */ = {
			isa = PBXContainerItemProxy;
			containerPortal = 83F74B151C314F020052CA6C /* Project object */;
			proxyType = 1;
			remoteGlobalIDString = 83F74B1C1C314F020052CA6C;
			remoteInfo = CatFacts;
		};
/* End PBXContainerItemProxy section */

/* Begin PBXFileReference section */
		0F87DDC6243BB99C000DCE1A /* libiconv.dylib */ = {isa = PBXFileReference; lastKnownFileType = "compiled.mach-o.dylib"; name = libiconv.dylib; path = Platforms/iPhoneOS.platform/Library/Developer/CoreSimulator/Profiles/Runtimes/iOS.simruntime/Contents/Resources/RuntimeRoot/usr/lib/libiconv.dylib; sourceTree = DEVELOPER_DIR; };
		0F87DDCA243BBFA3000DCE1A /* GoogleService-Info.plist */ = {isa = PBXFileReference; fileEncoding = 4; lastKnownFileType = text.plist.xml; path = "GoogleService-Info.plist"; sourceTree = "<group>"; };
		0FBEA33F24324DCB00C65CA6 /* CountryCodeCell.swift */ = {isa = PBXFileReference; lastKnownFileType = sourcecode.swift; path = CountryCodeCell.swift; sourceTree = "<group>"; };
		0FBEA34024324DCB00C65CA6 /* CountryCodeCell.xib */ = {isa = PBXFileReference; lastKnownFileType = file.xib; path = CountryCodeCell.xib; sourceTree = "<group>"; };
		0FE292EE242E931600BBDEBF /* TransferDialog.swift */ = {isa = PBXFileReference; lastKnownFileType = sourcecode.swift; path = TransferDialog.swift; sourceTree = "<group>"; };
		642099DA2113891F007B3D8D /* SVIndefiniteAnimatedView.h */ = {isa = PBXFileReference; fileEncoding = 4; lastKnownFileType = sourcecode.c.h; path = SVIndefiniteAnimatedView.h; sourceTree = "<group>"; };
		642099DB2113891F007B3D8D /* SVIndefiniteAnimatedView.m */ = {isa = PBXFileReference; fileEncoding = 4; lastKnownFileType = sourcecode.c.objc; path = SVIndefiniteAnimatedView.m; sourceTree = "<group>"; };
		642099DC2113891F007B3D8D /* SVProgressAnimatedView.h */ = {isa = PBXFileReference; fileEncoding = 4; lastKnownFileType = sourcecode.c.h; path = SVProgressAnimatedView.h; sourceTree = "<group>"; };
		642099DD2113891F007B3D8D /* SVProgressAnimatedView.m */ = {isa = PBXFileReference; fileEncoding = 4; lastKnownFileType = sourcecode.c.objc; path = SVProgressAnimatedView.m; sourceTree = "<group>"; };
		642099DE2113891F007B3D8D /* SVProgressHUD-Prefix.pch */ = {isa = PBXFileReference; fileEncoding = 4; lastKnownFileType = sourcecode.c.h; path = "SVProgressHUD-Prefix.pch"; sourceTree = "<group>"; };
		642099DF2113891F007B3D8D /* SVProgressHUD.bundle */ = {isa = PBXFileReference; lastKnownFileType = "wrapper.plug-in"; path = SVProgressHUD.bundle; sourceTree = "<group>"; };
		642099E02113891F007B3D8D /* SVProgressHUD.h */ = {isa = PBXFileReference; fileEncoding = 4; lastKnownFileType = sourcecode.c.h; path = SVProgressHUD.h; sourceTree = "<group>"; };
		642099E12113891F007B3D8D /* SVProgressHUD.m */ = {isa = PBXFileReference; fileEncoding = 4; lastKnownFileType = sourcecode.c.objc; path = SVProgressHUD.m; sourceTree = "<group>"; };
		642099E22113891F007B3D8D /* SVRadialGradientLayer.h */ = {isa = PBXFileReference; fileEncoding = 4; lastKnownFileType = sourcecode.c.h; path = SVRadialGradientLayer.h; sourceTree = "<group>"; };
		642099E32113891F007B3D8D /* SVRadialGradientLayer.m */ = {isa = PBXFileReference; fileEncoding = 4; lastKnownFileType = sourcecode.c.objc; path = SVRadialGradientLayer.m; sourceTree = "<group>"; };
		642099EA211389F3007B3D8D /* DTConstants.h */ = {isa = PBXFileReference; fileEncoding = 4; lastKnownFileType = sourcecode.c.h; path = DTConstants.h; sourceTree = "<group>"; };
		642099EB211389F3007B3D8D /* DTConstants.m */ = {isa = PBXFileReference; fileEncoding = 4; lastKnownFileType = sourcecode.c.objc; path = DTConstants.m; sourceTree = "<group>"; };
		642099EC211389F3007B3D8D /* DTError.h */ = {isa = PBXFileReference; fileEncoding = 4; lastKnownFileType = sourcecode.c.h; path = DTError.h; sourceTree = "<group>"; };
		642099ED211389F3007B3D8D /* DTError.m */ = {isa = PBXFileReference; fileEncoding = 4; lastKnownFileType = sourcecode.c.objc; path = DTError.m; sourceTree = "<group>"; };
		642099EE211389F3007B3D8D /* DTTimePeriod.h */ = {isa = PBXFileReference; fileEncoding = 4; lastKnownFileType = sourcecode.c.h; path = DTTimePeriod.h; sourceTree = "<group>"; };
		642099EF211389F3007B3D8D /* DTTimePeriod.m */ = {isa = PBXFileReference; fileEncoding = 4; lastKnownFileType = sourcecode.c.objc; path = DTTimePeriod.m; sourceTree = "<group>"; };
		642099F0211389F3007B3D8D /* DTTimePeriodChain.h */ = {isa = PBXFileReference; fileEncoding = 4; lastKnownFileType = sourcecode.c.h; path = DTTimePeriodChain.h; sourceTree = "<group>"; };
		642099F1211389F3007B3D8D /* DTTimePeriodChain.m */ = {isa = PBXFileReference; fileEncoding = 4; lastKnownFileType = sourcecode.c.objc; path = DTTimePeriodChain.m; sourceTree = "<group>"; };
		642099F2211389F3007B3D8D /* DTTimePeriodCollection.h */ = {isa = PBXFileReference; fileEncoding = 4; lastKnownFileType = sourcecode.c.h; path = DTTimePeriodCollection.h; sourceTree = "<group>"; };
		642099F3211389F3007B3D8D /* DTTimePeriodCollection.m */ = {isa = PBXFileReference; fileEncoding = 4; lastKnownFileType = sourcecode.c.objc; path = DTTimePeriodCollection.m; sourceTree = "<group>"; };
		642099F4211389F3007B3D8D /* DTTimePeriodGroup.h */ = {isa = PBXFileReference; fileEncoding = 4; lastKnownFileType = sourcecode.c.h; path = DTTimePeriodGroup.h; sourceTree = "<group>"; };
		642099F5211389F3007B3D8D /* DTTimePeriodGroup.m */ = {isa = PBXFileReference; fileEncoding = 4; lastKnownFileType = sourcecode.c.objc; path = DTTimePeriodGroup.m; sourceTree = "<group>"; };
		642099F6211389F3007B3D8D /* DateTools.bundle */ = {isa = PBXFileReference; lastKnownFileType = "wrapper.plug-in"; path = DateTools.bundle; sourceTree = "<group>"; };
		642099F7211389F3007B3D8D /* DateTools.h */ = {isa = PBXFileReference; fileEncoding = 4; lastKnownFileType = sourcecode.c.h; path = DateTools.h; sourceTree = "<group>"; };
		642099F8211389F3007B3D8D /* NSDate+DateTools.h */ = {isa = PBXFileReference; fileEncoding = 4; lastKnownFileType = sourcecode.c.h; path = "NSDate+DateTools.h"; sourceTree = "<group>"; };
		642099F9211389F3007B3D8D /* NSDate+DateTools.m */ = {isa = PBXFileReference; fileEncoding = 4; lastKnownFileType = sourcecode.c.objc; path = "NSDate+DateTools.m"; sourceTree = "<group>"; };
		64771FF32115F9F800E15237 /* ContactDetailVC.swift */ = {isa = PBXFileReference; fileEncoding = 4; lastKnownFileType = sourcecode.swift; path = ContactDetailVC.swift; sourceTree = "<group>"; };
		647720872115FB3A00E15237 /* Assets.xcassets */ = {isa = PBXFileReference; lastKnownFileType = folder.assetcatalog; path = Assets.xcassets; sourceTree = "<group>"; };
		647720892115FB3A00E15237 /* Base */ = {isa = PBXFileReference; lastKnownFileType = file.storyboard; name = Base; path = Base.lproj/LaunchScreen.storyboard; sourceTree = "<group>"; };
		6477208B2115FB3A00E15237 /* Base */ = {isa = PBXFileReference; lastKnownFileType = file.storyboard; name = Base; path = Base.lproj/Main.storyboard; sourceTree = "<group>"; };
		647720902115FB8E00E15237 /* Constants.swift */ = {isa = PBXFileReference; fileEncoding = 4; lastKnownFileType = sourcecode.swift; path = Constants.swift; sourceTree = "<group>"; };
		647720922115FC2F00E15237 /* GlobInfo.m */ = {isa = PBXFileReference; fileEncoding = 4; lastKnownFileType = sourcecode.c.objc; path = GlobInfo.m; sourceTree = "<group>"; };
		647720942115FC2F00E15237 /* InAppProductPurchaseRequest.swift */ = {isa = PBXFileReference; fileEncoding = 4; lastKnownFileType = sourcecode.swift; path = InAppProductPurchaseRequest.swift; sourceTree = "<group>"; };
		647720952115FC2F00E15237 /* InAppProductQueryRequest.swift */ = {isa = PBXFileReference; fileEncoding = 4; lastKnownFileType = sourcecode.swift; path = InAppProductQueryRequest.swift; sourceTree = "<group>"; };
		647720962115FC2F00E15237 /* SwiftyStoreKit.swift */ = {isa = PBXFileReference; fileEncoding = 4; lastKnownFileType = sourcecode.swift; path = SwiftyStoreKit.swift; sourceTree = "<group>"; };
		647720982115FC2F00E15237 /* Bolts.framework */ = {isa = PBXFileReference; lastKnownFileType = wrapper.framework; path = Bolts.framework; sourceTree = "<group>"; };
		647720992115FC2F00E15237 /* Parse.framework */ = {isa = PBXFileReference; lastKnownFileType = wrapper.framework; path = Parse.framework; sourceTree = "<group>"; };
		6477209A2115FC2F00E15237 /* ParseCrashReporting.framework */ = {isa = PBXFileReference; lastKnownFileType = wrapper.framework; path = ParseCrashReporting.framework; sourceTree = "<group>"; };
		6477209B2115FC2F00E15237 /* R5Streaming.framework */ = {isa = PBXFileReference; lastKnownFileType = wrapper.framework; path = R5Streaming.framework; sourceTree = "<group>"; };
		6477209C2115FC2F00E15237 /* SWRevealViewController.h */ = {isa = PBXFileReference; fileEncoding = 4; lastKnownFileType = sourcecode.c.h; path = SWRevealViewController.h; sourceTree = "<group>"; };
		6477209D2115FC2F00E15237 /* SWRevealViewController.m */ = {isa = PBXFileReference; fileEncoding = 4; lastKnownFileType = sourcecode.c.objc; path = SWRevealViewController.m; sourceTree = "<group>"; };
		6477209F2115FC2F00E15237 /* CommData.h */ = {isa = PBXFileReference; fileEncoding = 4; lastKnownFileType = sourcecode.c.h; path = CommData.h; sourceTree = "<group>"; };
		647720A02115FC2F00E15237 /* CommData.m */ = {isa = PBXFileReference; fileEncoding = 4; lastKnownFileType = sourcecode.c.objc; path = CommData.m; sourceTree = "<group>"; };
		647720A12115FC2F00E15237 /* CommonUtility.h */ = {isa = PBXFileReference; fileEncoding = 4; lastKnownFileType = sourcecode.c.h; path = CommonUtility.h; sourceTree = "<group>"; };
		647720A22115FC2F00E15237 /* CommonUtility.m */ = {isa = PBXFileReference; fileEncoding = 4; lastKnownFileType = sourcecode.c.objc; path = CommonUtility.m; sourceTree = "<group>"; };
		647720A32115FC3000E15237 /* CFBaseVC.swift */ = {isa = PBXFileReference; fileEncoding = 4; lastKnownFileType = sourcecode.swift; path = CFBaseVC.swift; sourceTree = "<group>"; };
		647720A42115FC3000E15237 /* kchmacros.h */ = {isa = PBXFileReference; fileEncoding = 4; lastKnownFileType = sourcecode.c.h; path = kchmacros.h; sourceTree = "<group>"; };
		647720A52115FC3000E15237 /* GlobInfo.h */ = {isa = PBXFileReference; fileEncoding = 4; lastKnownFileType = sourcecode.c.h; path = GlobInfo.h; sourceTree = "<group>"; };
		647720A72115FC3000E15237 /* PAInsetLabel.h */ = {isa = PBXFileReference; fileEncoding = 4; lastKnownFileType = sourcecode.c.h; path = PAInsetLabel.h; sourceTree = "<group>"; };
		647720A82115FC3000E15237 /* PAInsetLabel.m */ = {isa = PBXFileReference; fileEncoding = 4; lastKnownFileType = sourcecode.c.objc; path = PAInsetLabel.m; sourceTree = "<group>"; };
		647720AA2115FC3000E15237 /* MGSwipeButton.h */ = {isa = PBXFileReference; fileEncoding = 4; lastKnownFileType = sourcecode.c.h; path = MGSwipeButton.h; sourceTree = "<group>"; };
		647720AB2115FC3000E15237 /* MGSwipeButton.m */ = {isa = PBXFileReference; fileEncoding = 4; lastKnownFileType = sourcecode.c.objc; path = MGSwipeButton.m; sourceTree = "<group>"; };
		647720AC2115FC3000E15237 /* MGSwipeTableCell.h */ = {isa = PBXFileReference; fileEncoding = 4; lastKnownFileType = sourcecode.c.h; path = MGSwipeTableCell.h; sourceTree = "<group>"; };
		647720AD2115FC3000E15237 /* MGSwipeTableCell.m */ = {isa = PBXFileReference; fileEncoding = 4; lastKnownFileType = sourcecode.c.objc; path = MGSwipeTableCell.m; sourceTree = "<group>"; };
		647720AF2115FC3000E15237 /* TPKeyboardAvoidingScrollView.h */ = {isa = PBXFileReference; fileEncoding = 4; lastKnownFileType = sourcecode.c.h; path = TPKeyboardAvoidingScrollView.h; sourceTree = "<group>"; };
		647720B02115FC3000E15237 /* TPKeyboardAvoidingScrollView.m */ = {isa = PBXFileReference; fileEncoding = 4; lastKnownFileType = sourcecode.c.objc; path = TPKeyboardAvoidingScrollView.m; sourceTree = "<group>"; };
		647720B12115FC3000E15237 /* UIScrollView+TPKeyboardAvoidingAdditions.h */ = {isa = PBXFileReference; fileEncoding = 4; lastKnownFileType = sourcecode.c.h; path = "UIScrollView+TPKeyboardAvoidingAdditions.h"; sourceTree = "<group>"; };
		647720B22115FC3000E15237 /* UIScrollView+TPKeyboardAvoidingAdditions.m */ = {isa = PBXFileReference; fileEncoding = 4; lastKnownFileType = sourcecode.c.objc; path = "UIScrollView+TPKeyboardAvoidingAdditions.m"; sourceTree = "<group>"; };
		647720B32115FC3000E15237 /* UIView+CornerRadius.h */ = {isa = PBXFileReference; fileEncoding = 4; lastKnownFileType = sourcecode.c.h; path = "UIView+CornerRadius.h"; sourceTree = "<group>"; };
		647720B42115FC3000E15237 /* UIView+CornerRadius.m */ = {isa = PBXFileReference; fileEncoding = 4; lastKnownFileType = sourcecode.c.objc; path = "UIView+CornerRadius.m"; sourceTree = "<group>"; };
		647720B52115FC3000E15237 /* CatFactsApi.swift */ = {isa = PBXFileReference; fileEncoding = 4; lastKnownFileType = sourcecode.swift; path = CatFactsApi.swift; sourceTree = "<group>"; };
		647720B72115FC3000E15237 /* Reachability.h */ = {isa = PBXFileReference; fileEncoding = 4; lastKnownFileType = sourcecode.c.h; path = Reachability.h; sourceTree = "<group>"; };
		647720B82115FC3000E15237 /* Reachability.m */ = {isa = PBXFileReference; fileEncoding = 4; lastKnownFileType = sourcecode.c.objc; path = Reachability.m; sourceTree = "<group>"; };
		648F17E32115F93C00B1C7C2 /* CatFactsPrivacyPolicy.rtf */ = {isa = PBXFileReference; fileEncoding = 4; lastKnownFileType = text.rtf; path = CatFactsPrivacyPolicy.rtf; sourceTree = "<group>"; };
		648F17E42115F93C00B1C7C2 /* CatFactsTermsOfService.rtf */ = {isa = PBXFileReference; fileEncoding = 4; lastKnownFileType = text.rtf; path = CatFactsTermsOfService.rtf; sourceTree = "<group>"; };
		648F17E52115F93C00B1C7C2 /* MenuVC.swift */ = {isa = PBXFileReference; fileEncoding = 4; lastKnownFileType = sourcecode.swift; path = MenuVC.swift; sourceTree = "<group>"; };
		648F17E62115F93C00B1C7C2 /* PrivacyPolicyVC.swift */ = {isa = PBXFileReference; fileEncoding = 4; lastKnownFileType = sourcecode.swift; path = PrivacyPolicyVC.swift; sourceTree = "<group>"; };
		649DEE8621E8BDAC00117949 /* libc++.tbd */ = {isa = PBXFileReference; lastKnownFileType = "sourcecode.text-based-dylib-definition"; name = "libc++.tbd"; path = "usr/lib/libc++.tbd"; sourceTree = SDKROOT; };
		64A6EF3422681B54001C2438 /* MessageKit.framework */ = {isa = PBXFileReference; lastKnownFileType = wrapper.framework; name = MessageKit.framework; path = Carthage/Build/iOS/MessageKit.framework; sourceTree = "<group>"; };
		64A6EF3622681B7E001C2438 /* MockSocket.swift */ = {isa = PBXFileReference; fileEncoding = 4; lastKnownFileType = sourcecode.swift; path = MockSocket.swift; sourceTree = "<group>"; };
		64A6EF3722681B7F001C2438 /* MockMessage.swift */ = {isa = PBXFileReference; fileEncoding = 4; lastKnownFileType = sourcecode.swift; path = MockMessage.swift; sourceTree = "<group>"; };
		64A6EF3A22681BD3001C2438 /* ChatViewController.swift */ = {isa = PBXFileReference; fileEncoding = 4; lastKnownFileType = sourcecode.swift; path = ChatViewController.swift; sourceTree = "<group>"; };
		64ADD0B821EE747E00EA684C /* CatFactsFAQ.rtf */ = {isa = PBXFileReference; fileEncoding = 4; lastKnownFileType = text.rtf; path = CatFactsFAQ.rtf; sourceTree = "<group>"; };
		64ADD0B921EE747E00EA684C /* CatFactsAbout.rtf */ = {isa = PBXFileReference; fileEncoding = 4; lastKnownFileType = text.rtf; path = CatFactsAbout.rtf; sourceTree = "<group>"; };
		64ADD0BA21EE747E00EA684C /* CatFactsHelp.rtf */ = {isa = PBXFileReference; fileEncoding = 4; lastKnownFileType = text.rtf; path = CatFactsHelp.rtf; sourceTree = "<group>"; };
		64D0BEB42146CCD300986A2D /* PhoneNumberKit.framework */ = {isa = PBXFileReference; lastKnownFileType = wrapper.framework; name = PhoneNumberKit.framework; path = Carthage/Build/iOS/PhoneNumberKit.framework; sourceTree = "<group>"; };
		64E666D821477543001C957D /* Utils.swift */ = {isa = PBXFileReference; lastKnownFileType = sourcecode.swift; path = Utils.swift; sourceTree = "<group>"; };
		831E563B1C50DB9100ACB75A /* CreditItemSelectVC.swift */ = {isa = PBXFileReference; fileEncoding = 4; lastKnownFileType = sourcecode.swift; name = CreditItemSelectVC.swift; path = Controller/CreditItemSelect/CreditItemSelectVC.swift; sourceTree = "<group>"; };
		8384423F1C32674500342EE2 /* AudioToolbox.framework */ = {isa = PBXFileReference; lastKnownFileType = wrapper.framework; name = AudioToolbox.framework; path = System/Library/Frameworks/AudioToolbox.framework; sourceTree = SDKROOT; };
		838442401C32674500342EE2 /* CFNetwork.framework */ = {isa = PBXFileReference; lastKnownFileType = wrapper.framework; name = CFNetwork.framework; path = System/Library/Frameworks/CFNetwork.framework; sourceTree = SDKROOT; };
		838442411C32674500342EE2 /* CoreGraphics.framework */ = {isa = PBXFileReference; lastKnownFileType = wrapper.framework; name = CoreGraphics.framework; path = System/Library/Frameworks/CoreGraphics.framework; sourceTree = SDKROOT; };
		838442421C32674500342EE2 /* CoreLocation.framework */ = {isa = PBXFileReference; lastKnownFileType = wrapper.framework; name = CoreLocation.framework; path = System/Library/Frameworks/CoreLocation.framework; sourceTree = SDKROOT; };
		838442431C32674500342EE2 /* QuartzCore.framework */ = {isa = PBXFileReference; lastKnownFileType = wrapper.framework; name = QuartzCore.framework; path = System/Library/Frameworks/QuartzCore.framework; sourceTree = SDKROOT; };
		838442441C32674500342EE2 /* Security.framework */ = {isa = PBXFileReference; lastKnownFileType = wrapper.framework; name = Security.framework; path = System/Library/Frameworks/Security.framework; sourceTree = SDKROOT; };
		838442451C32674500342EE2 /* StoreKit.framework */ = {isa = PBXFileReference; lastKnownFileType = wrapper.framework; name = StoreKit.framework; path = System/Library/Frameworks/StoreKit.framework; sourceTree = SDKROOT; };
		838442461C32674500342EE2 /* SystemConfiguration.framework */ = {isa = PBXFileReference; lastKnownFileType = wrapper.framework; name = SystemConfiguration.framework; path = System/Library/Frameworks/SystemConfiguration.framework; sourceTree = SDKROOT; };
		8384424F1C32677100342EE2 /* libsqlite3.tbd */ = {isa = PBXFileReference; lastKnownFileType = "sourcecode.text-based-dylib-definition"; name = libsqlite3.tbd; path = usr/lib/libsqlite3.tbd; sourceTree = SDKROOT; };
		838442501C32677100342EE2 /* libstdc++.6.tbd */ = {isa = PBXFileReference; lastKnownFileType = "sourcecode.text-based-dylib-definition"; name = "libstdc++.6.tbd"; path = "usr/lib/libstdc++.6.tbd"; sourceTree = SDKROOT; };
		838442511C32677100342EE2 /* libz.tbd */ = {isa = PBXFileReference; lastKnownFileType = "sourcecode.text-based-dylib-definition"; name = libz.tbd; path = usr/lib/libz.tbd; sourceTree = SDKROOT; };
		8384425A1C326CF500342EE2 /* SignUpVC.swift */ = {isa = PBXFileReference; fileEncoding = 4; lastKnownFileType = sourcecode.swift; name = SignUpVC.swift; path = Controller/SignUp/SignUpVC.swift; sourceTree = "<group>"; };
		8384425C1C326D1300342EE2 /* ContactsVC.swift */ = {isa = PBXFileReference; fileEncoding = 4; lastKnownFileType = sourcecode.swift; name = ContactsVC.swift; path = Controller/Contacts/ContactsVC.swift; sourceTree = "<group>"; };
		83E7F5EA1C327CDD001D8C89 /* AddContactVC.swift */ = {isa = PBXFileReference; fileEncoding = 4; lastKnownFileType = sourcecode.swift; name = AddContactVC.swift; path = Controller/AddContact/AddContactVC.swift; sourceTree = "<group>"; wrapsLines = 0; };
		83E7F6201C327D95001D8C89 /* CatFacts-Bridging-Header.h */ = {isa = PBXFileReference; fileEncoding = 4; lastKnownFileType = sourcecode.c.h; path = "CatFacts-Bridging-Header.h"; sourceTree = "<group>"; };
		83E7F6231C32C92A001D8C89 /* CFContactCell.swift */ = {isa = PBXFileReference; fileEncoding = 4; lastKnownFileType = sourcecode.swift; name = CFContactCell.swift; path = Controller/Contacts/CFContactCell.swift; sourceTree = "<group>"; };
		83F74B1D1C314F020052CA6C /* CatFacts.app */ = {isa = PBXFileReference; explicitFileType = wrapper.application; includeInIndex = 0; path = CatFacts.app; sourceTree = BUILT_PRODUCTS_DIR; };
		83F74B2C1C314F020052CA6C /* Info.plist */ = {isa = PBXFileReference; lastKnownFileType = text.plist.xml; path = Info.plist; sourceTree = "<group>"; };
		83F74B311C314F020052CA6C /* CatFactsTests.xctest */ = {isa = PBXFileReference; explicitFileType = wrapper.cfbundle; includeInIndex = 0; path = CatFactsTests.xctest; sourceTree = BUILT_PRODUCTS_DIR; };
		83F74B351C314F020052CA6C /* CatFactsTests.swift */ = {isa = PBXFileReference; lastKnownFileType = sourcecode.swift; path = CatFactsTests.swift; sourceTree = "<group>"; };
		83F74B371C314F020052CA6C /* Info.plist */ = {isa = PBXFileReference; lastKnownFileType = text.plist.xml; path = Info.plist; sourceTree = "<group>"; };
		83F74B3C1C314F030052CA6C /* CatFactsUITests.xctest */ = {isa = PBXFileReference; explicitFileType = wrapper.cfbundle; includeInIndex = 0; path = CatFactsUITests.xctest; sourceTree = BUILT_PRODUCTS_DIR; };
		83F74B401C314F030052CA6C /* CatFactsUITests.swift */ = {isa = PBXFileReference; lastKnownFileType = sourcecode.swift; path = CatFactsUITests.swift; sourceTree = "<group>"; };
		83F74B421C314F030052CA6C /* Info.plist */ = {isa = PBXFileReference; lastKnownFileType = text.plist.xml; path = Info.plist; sourceTree = "<group>"; };
		83F74B511C3150810052CA6C /* AppDelegate.swift */ = {isa = PBXFileReference; fileEncoding = 4; lastKnownFileType = sourcecode.swift; name = AppDelegate.swift; path = Controller/AppDelegate.swift; sourceTree = "<group>"; };
		83F74B521C3150810052CA6C /* ViewController.swift */ = {isa = PBXFileReference; fileEncoding = 4; lastKnownFileType = sourcecode.swift; name = ViewController.swift; path = Controller/ViewController.swift; sourceTree = "<group>"; };
		83F74B571C3154E00052CA6C /* SignInVC.swift */ = {isa = PBXFileReference; fileEncoding = 4; lastKnownFileType = sourcecode.swift; name = SignInVC.swift; path = Controller/SignIn/SignInVC.swift; sourceTree = "<group>"; };
		90722B58E45FF9F6BACA9C34 /* Pods_CatFacts.framework */ = {isa = PBXFileReference; explicitFileType = wrapper.framework; includeInIndex = 0; path = Pods_CatFacts.framework; sourceTree = BUILT_PRODUCTS_DIR; };
		C96F2C942385B0F60032716D /* MessageInputBar.framework */ = {isa = PBXFileReference; lastKnownFileType = wrapper.framework; name = MessageInputBar.framework; path = Carthage/Build/iOS/MessageInputBar.framework; sourceTree = "<group>"; };
		C9EF8F221E8A092000B1FFA1 /* CatFacts.entitlements */ = {isa = PBXFileReference; lastKnownFileType = text.plist.entitlements; path = CatFacts.entitlements; sourceTree = "<group>"; };
		D84159FC5E87911C89D62930 /* Pods-CatFacts.debug.xcconfig */ = {isa = PBXFileReference; includeInIndex = 1; lastKnownFileType = text.xcconfig; name = "Pods-CatFacts.debug.xcconfig"; path = "Target Support Files/Pods-CatFacts/Pods-CatFacts.debug.xcconfig"; sourceTree = "<group>"; };
		EC7BC10C6DD7AB91E039A92E /* Pods-CatFacts.release.xcconfig */ = {isa = PBXFileReference; includeInIndex = 1; lastKnownFileType = text.xcconfig; name = "Pods-CatFacts.release.xcconfig"; path = "Target Support Files/Pods-CatFacts/Pods-CatFacts.release.xcconfig"; sourceTree = "<group>"; };
/* End PBXFileReference section */

/* Begin PBXFrameworksBuildPhase section */
		83F74B1A1C314F020052CA6C /* Frameworks */ = {
			isa = PBXFrameworksBuildPhase;
			buildActionMask = 2147483647;
			files = (
				64A6EF3522681B55001C2438 /* MessageKit.framework in Frameworks */,
				64D0BEB52146CCD400986A2D /* PhoneNumberKit.framework in Frameworks */,
				838442521C32677100342EE2 /* libsqlite3.tbd in Frameworks */,
				C96F2C952385B0F60032716D /* MessageInputBar.framework in Frameworks */,
				647720BD2115FC3000E15237 /* Bolts.framework in Frameworks */,
				838442531C32677100342EE2 /* libstdc++.6.tbd in Frameworks */,
				838442541C32677100342EE2 /* libz.tbd in Frameworks */,
				838442471C32674500342EE2 /* AudioToolbox.framework in Frameworks */,
				838442481C32674500342EE2 /* CFNetwork.framework in Frameworks */,
				838442491C32674500342EE2 /* CoreGraphics.framework in Frameworks */,
				8384424A1C32674500342EE2 /* CoreLocation.framework in Frameworks */,
				8384424B1C32674500342EE2 /* QuartzCore.framework in Frameworks */,
				8384424C1C32674500342EE2 /* Security.framework in Frameworks */,
				8384424D1C32674500342EE2 /* StoreKit.framework in Frameworks */,
				8384424E1C32674500342EE2 /* SystemConfiguration.framework in Frameworks */,
				647720BE2115FC3000E15237 /* Parse.framework in Frameworks */,
				647720BF2115FC3000E15237 /* ParseCrashReporting.framework in Frameworks */,
				EC15E1C5F9A78BD05C0D4D92 /* Pods_CatFacts.framework in Frameworks */,
			);
			runOnlyForDeploymentPostprocessing = 0;
		};
		83F74B2E1C314F020052CA6C /* Frameworks */ = {
			isa = PBXFrameworksBuildPhase;
			buildActionMask = 2147483647;
			files = (
			);
			runOnlyForDeploymentPostprocessing = 0;
		};
		83F74B391C314F030052CA6C /* Frameworks */ = {
			isa = PBXFrameworksBuildPhase;
			buildActionMask = 2147483647;
			files = (
			);
			runOnlyForDeploymentPostprocessing = 0;
		};
/* End PBXFrameworksBuildPhase section */

/* Begin PBXGroup section */
		0FBEA33E24324D9D00C65CA6 /* CountryCode */ = {
			isa = PBXGroup;
			children = (
				0FBEA33F24324DCB00C65CA6 /* CountryCodeCell.swift */,
				0FBEA34024324DCB00C65CA6 /* CountryCodeCell.xib */,
			);
			path = CountryCode;
			sourceTree = "<group>";
		};
		0FE292ED242E92FB00BBDEBF /* TransferDialog */ = {
			isa = PBXGroup;
			children = (
				0FE292EE242E931600BBDEBF /* TransferDialog.swift */,
			);
			path = TransferDialog;
			sourceTree = "<group>";
		};
		642099D821138916007B3D8D /* Common */ = {
			isa = PBXGroup;
			children = (
				647720B52115FC3000E15237 /* CatFactsApi.swift */,
				647720A32115FC3000E15237 /* CFBaseVC.swift */,
				647720A52115FC3000E15237 /* GlobInfo.h */,
				647720922115FC2F00E15237 /* GlobInfo.m */,
				647720A42115FC3000E15237 /* kchmacros.h */,
				647720A62115FC3000E15237 /* CustomUI */,
				647720B62115FC3000E15237 /* Reachability */,
				647720932115FC2F00E15237 /* SwiftyStoreKit */,
				647720972115FC2F00E15237 /* ThirdParty */,
				6477209E2115FC2F00E15237 /* Utiility */,
				642099E9211389F3007B3D8D /* DateTools */,
				642099D92113891F007B3D8D /* SVProgressHUD */,
			);
			path = Common;
			sourceTree = "<group>";
		};
		642099D92113891F007B3D8D /* SVProgressHUD */ = {
			isa = PBXGroup;
			children = (
				642099DA2113891F007B3D8D /* SVIndefiniteAnimatedView.h */,
				642099DB2113891F007B3D8D /* SVIndefiniteAnimatedView.m */,
				642099DC2113891F007B3D8D /* SVProgressAnimatedView.h */,
				642099DD2113891F007B3D8D /* SVProgressAnimatedView.m */,
				642099DE2113891F007B3D8D /* SVProgressHUD-Prefix.pch */,
				642099DF2113891F007B3D8D /* SVProgressHUD.bundle */,
				642099E02113891F007B3D8D /* SVProgressHUD.h */,
				642099E12113891F007B3D8D /* SVProgressHUD.m */,
				642099E22113891F007B3D8D /* SVRadialGradientLayer.h */,
				642099E32113891F007B3D8D /* SVRadialGradientLayer.m */,
			);
			path = SVProgressHUD;
			sourceTree = "<group>";
		};
		642099E9211389F3007B3D8D /* DateTools */ = {
			isa = PBXGroup;
			children = (
				642099EA211389F3007B3D8D /* DTConstants.h */,
				642099EB211389F3007B3D8D /* DTConstants.m */,
				642099EC211389F3007B3D8D /* DTError.h */,
				642099ED211389F3007B3D8D /* DTError.m */,
				642099EE211389F3007B3D8D /* DTTimePeriod.h */,
				642099EF211389F3007B3D8D /* DTTimePeriod.m */,
				642099F0211389F3007B3D8D /* DTTimePeriodChain.h */,
				642099F1211389F3007B3D8D /* DTTimePeriodChain.m */,
				642099F2211389F3007B3D8D /* DTTimePeriodCollection.h */,
				642099F3211389F3007B3D8D /* DTTimePeriodCollection.m */,
				642099F4211389F3007B3D8D /* DTTimePeriodGroup.h */,
				642099F5211389F3007B3D8D /* DTTimePeriodGroup.m */,
				642099F6211389F3007B3D8D /* DateTools.bundle */,
				642099F7211389F3007B3D8D /* DateTools.h */,
				642099F8211389F3007B3D8D /* NSDate+DateTools.h */,
				642099F9211389F3007B3D8D /* NSDate+DateTools.m */,
			);
			path = DateTools;
			sourceTree = "<group>";
		};
		64771FEF2115F9B900E15237 /* History */ = {
			isa = PBXGroup;
			children = (
				64A6EF3A22681BD3001C2438 /* ChatViewController.swift */,
			);
			name = History;
			path = Controller/History;
			sourceTree = "<group>";
		};
		64771FF22115F9F800E15237 /* ContactDetail */ = {
			isa = PBXGroup;
			children = (
				64771FF32115F9F800E15237 /* ContactDetailVC.swift */,
			);
			name = ContactDetail;
			path = Controller/ContactDetail;
			sourceTree = "<group>";
		};
		647720862115FB3A00E15237 /* View */ = {
			isa = PBXGroup;
			children = (
				647720872115FB3A00E15237 /* Assets.xcassets */,
				647720882115FB3A00E15237 /* LaunchScreen.storyboard */,
				6477208A2115FB3A00E15237 /* Main.storyboard */,
			);
			path = View;
			sourceTree = "<group>";
		};
		6477208F2115FB8E00E15237 /* Model */ = {
			isa = PBXGroup;
			children = (
				647720902115FB8E00E15237 /* Constants.swift */,
				64E666D821477543001C957D /* Utils.swift */,
				64A6EF3722681B7F001C2438 /* MockMessage.swift */,
				64A6EF3622681B7E001C2438 /* MockSocket.swift */,
			);
			path = Model;
			sourceTree = "<group>";
		};
		647720932115FC2F00E15237 /* SwiftyStoreKit */ = {
			isa = PBXGroup;
			children = (
				647720942115FC2F00E15237 /* InAppProductPurchaseRequest.swift */,
				647720952115FC2F00E15237 /* InAppProductQueryRequest.swift */,
				647720962115FC2F00E15237 /* SwiftyStoreKit.swift */,
			);
			path = SwiftyStoreKit;
			sourceTree = "<group>";
		};
		647720972115FC2F00E15237 /* ThirdParty */ = {
			isa = PBXGroup;
			children = (
				647720982115FC2F00E15237 /* Bolts.framework */,
				647720992115FC2F00E15237 /* Parse.framework */,
				6477209A2115FC2F00E15237 /* ParseCrashReporting.framework */,
				6477209B2115FC2F00E15237 /* R5Streaming.framework */,
				6477209C2115FC2F00E15237 /* SWRevealViewController.h */,
				6477209D2115FC2F00E15237 /* SWRevealViewController.m */,
			);
			path = ThirdParty;
			sourceTree = "<group>";
		};
		6477209E2115FC2F00E15237 /* Utiility */ = {
			isa = PBXGroup;
			children = (
				6477209F2115FC2F00E15237 /* CommData.h */,
				647720A02115FC2F00E15237 /* CommData.m */,
				647720A12115FC2F00E15237 /* CommonUtility.h */,
				647720A22115FC2F00E15237 /* CommonUtility.m */,
			);
			path = Utiility;
			sourceTree = "<group>";
		};
		647720A62115FC3000E15237 /* CustomUI */ = {
			isa = PBXGroup;
			children = (
				0FBEA33E24324D9D00C65CA6 /* CountryCode */,
				647720A72115FC3000E15237 /* PAInsetLabel.h */,
				647720A82115FC3000E15237 /* PAInsetLabel.m */,
				647720A92115FC3000E15237 /* MGSwipeTableCell */,
				647720AE2115FC3000E15237 /* TPKeyboardAvoidingScrollView */,
				647720B32115FC3000E15237 /* UIView+CornerRadius.h */,
				647720B42115FC3000E15237 /* UIView+CornerRadius.m */,
			);
			path = CustomUI;
			sourceTree = "<group>";
		};
		647720A92115FC3000E15237 /* MGSwipeTableCell */ = {
			isa = PBXGroup;
			children = (
				647720AA2115FC3000E15237 /* MGSwipeButton.h */,
				647720AB2115FC3000E15237 /* MGSwipeButton.m */,
				647720AC2115FC3000E15237 /* MGSwipeTableCell.h */,
				647720AD2115FC3000E15237 /* MGSwipeTableCell.m */,
			);
			path = MGSwipeTableCell;
			sourceTree = "<group>";
		};
		647720AE2115FC3000E15237 /* TPKeyboardAvoidingScrollView */ = {
			isa = PBXGroup;
			children = (
				647720AF2115FC3000E15237 /* TPKeyboardAvoidingScrollView.h */,
				647720B02115FC3000E15237 /* TPKeyboardAvoidingScrollView.m */,
				647720B12115FC3000E15237 /* UIScrollView+TPKeyboardAvoidingAdditions.h */,
				647720B22115FC3000E15237 /* UIScrollView+TPKeyboardAvoidingAdditions.m */,
			);
			path = TPKeyboardAvoidingScrollView;
			sourceTree = "<group>";
		};
		647720B62115FC3000E15237 /* Reachability */ = {
			isa = PBXGroup;
			children = (
				647720B72115FC3000E15237 /* Reachability.h */,
				647720B82115FC3000E15237 /* Reachability.m */,
			);
			path = Reachability;
			sourceTree = "<group>";
		};
		648F17E12115F93C00B1C7C2 /* Menu */ = {
			isa = PBXGroup;
			children = (
				64ADD0B921EE747E00EA684C /* CatFactsAbout.rtf */,
				64ADD0B821EE747E00EA684C /* CatFactsFAQ.rtf */,
				64ADD0BA21EE747E00EA684C /* CatFactsHelp.rtf */,
				648F17E32115F93C00B1C7C2 /* CatFactsPrivacyPolicy.rtf */,
				648F17E42115F93C00B1C7C2 /* CatFactsTermsOfService.rtf */,
				648F17E52115F93C00B1C7C2 /* MenuVC.swift */,
				648F17E62115F93C00B1C7C2 /* PrivacyPolicyVC.swift */,
			);
			name = Menu;
			path = Controller/Menu;
			sourceTree = "<group>";
		};
		831E563A1C50DB5000ACB75A /* CreditItemSelect */ = {
			isa = PBXGroup;
			children = (
				831E563B1C50DB9100ACB75A /* CreditItemSelectVC.swift */,
			);
			name = CreditItemSelect;
			sourceTree = "<group>";
		};
		838442551C326CAF00342EE2 /* AddContact */ = {
			isa = PBXGroup;
			children = (
				83E7F5EA1C327CDD001D8C89 /* AddContactVC.swift */,
			);
			name = AddContact;
			sourceTree = "<group>";
		};
		838442561C326CB600342EE2 /* SignUp */ = {
			isa = PBXGroup;
			children = (
				8384425A1C326CF500342EE2 /* SignUpVC.swift */,
			);
			name = SignUp;
			sourceTree = "<group>";
		};
		838442571C326CBC00342EE2 /* Contacts */ = {
			isa = PBXGroup;
			children = (
				8384425C1C326D1300342EE2 /* ContactsVC.swift */,
				83E7F6231C32C92A001D8C89 /* CFContactCell.swift */,
			);
			name = Contacts;
			sourceTree = "<group>";
		};
		83F74B141C314F020052CA6C = {
			isa = PBXGroup;
			children = (
				83F74B1F1C314F020052CA6C /* CatFacts */,
				83F74B341C314F020052CA6C /* CatFactsTests */,
				83F74B3F1C314F030052CA6C /* CatFactsUITests */,
				83F74B1E1C314F020052CA6C /* Products */,
				D9EFC69CA396840435F00835 /* Frameworks */,
				9873CF61CC06A6DA3507B717 /* Pods */,
			);
			sourceTree = "<group>";
		};
		83F74B1E1C314F020052CA6C /* Products */ = {
			isa = PBXGroup;
			children = (
				83F74B1D1C314F020052CA6C /* CatFacts.app */,
				83F74B311C314F020052CA6C /* CatFactsTests.xctest */,
				83F74B3C1C314F030052CA6C /* CatFactsUITests.xctest */,
			);
			name = Products;
			sourceTree = "<group>";
		};
		83F74B1F1C314F020052CA6C /* CatFacts */ = {
			isa = PBXGroup;
			children = (
				83E7F6201C327D95001D8C89 /* CatFacts-Bridging-Header.h */,
				C9EF8F221E8A092000B1FFA1 /* CatFacts.entitlements */,
				6477208F2115FB8E00E15237 /* Model */,
				642099D821138916007B3D8D /* Common */,
				83F74B4F1C31501D0052CA6C /* Controller */,
				647720862115FB3A00E15237 /* View */,
				83F74B2C1C314F020052CA6C /* Info.plist */,
				0F87DDCA243BBFA3000DCE1A /* GoogleService-Info.plist */,
			);
			path = CatFacts;
			sourceTree = "<group>";
		};
		83F74B341C314F020052CA6C /* CatFactsTests */ = {
			isa = PBXGroup;
			children = (
				83F74B351C314F020052CA6C /* CatFactsTests.swift */,
				83F74B371C314F020052CA6C /* Info.plist */,
			);
			path = CatFactsTests;
			sourceTree = "<group>";
		};
		83F74B3F1C314F030052CA6C /* CatFactsUITests */ = {
			isa = PBXGroup;
			children = (
				83F74B401C314F030052CA6C /* CatFactsUITests.swift */,
				83F74B421C314F030052CA6C /* Info.plist */,
			);
			path = CatFactsUITests;
			sourceTree = "<group>";
		};
		83F74B4F1C31501D0052CA6C /* Controller */ = {
			isa = PBXGroup;
			children = (
				0FE292ED242E92FB00BBDEBF /* TransferDialog */,
				64771FF22115F9F800E15237 /* ContactDetail */,
				64771FEF2115F9B900E15237 /* History */,
				648F17E12115F93C00B1C7C2 /* Menu */,
				83F74B591C3154E60052CA6C /* SignIn */,
				838442561C326CB600342EE2 /* SignUp */,
				838442551C326CAF00342EE2 /* AddContact */,
				838442571C326CBC00342EE2 /* Contacts */,
				831E563A1C50DB5000ACB75A /* CreditItemSelect */,
				83F74B511C3150810052CA6C /* AppDelegate.swift */,
				83F74B521C3150810052CA6C /* ViewController.swift */,
			);
			name = Controller;
			sourceTree = "<group>";
		};
		83F74B591C3154E60052CA6C /* SignIn */ = {
			isa = PBXGroup;
			children = (
				83F74B571C3154E00052CA6C /* SignInVC.swift */,
			);
			name = SignIn;
			sourceTree = "<group>";
		};
		9873CF61CC06A6DA3507B717 /* Pods */ = {
			isa = PBXGroup;
			children = (
				D84159FC5E87911C89D62930 /* Pods-CatFacts.debug.xcconfig */,
				EC7BC10C6DD7AB91E039A92E /* Pods-CatFacts.release.xcconfig */,
			);
			path = Pods;
			sourceTree = "<group>";
		};
		D9EFC69CA396840435F00835 /* Frameworks */ = {
			isa = PBXGroup;
			children = (
				0F87DDC6243BB99C000DCE1A /* libiconv.dylib */,
				C96F2C942385B0F60032716D /* MessageInputBar.framework */,
				64A6EF3422681B54001C2438 /* MessageKit.framework */,
				649DEE8621E8BDAC00117949 /* libc++.tbd */,
				64D0BEB42146CCD300986A2D /* PhoneNumberKit.framework */,
				8384424F1C32677100342EE2 /* libsqlite3.tbd */,
				838442501C32677100342EE2 /* libstdc++.6.tbd */,
				838442511C32677100342EE2 /* libz.tbd */,
				8384423F1C32674500342EE2 /* AudioToolbox.framework */,
				838442401C32674500342EE2 /* CFNetwork.framework */,
				838442411C32674500342EE2 /* CoreGraphics.framework */,
				838442421C32674500342EE2 /* CoreLocation.framework */,
				838442431C32674500342EE2 /* QuartzCore.framework */,
				838442441C32674500342EE2 /* Security.framework */,
				838442451C32674500342EE2 /* StoreKit.framework */,
				838442461C32674500342EE2 /* SystemConfiguration.framework */,
				90722B58E45FF9F6BACA9C34 /* Pods_CatFacts.framework */,
			);
			name = Frameworks;
			sourceTree = "<group>";
		};
/* End PBXGroup section */

/* Begin PBXNativeTarget section */
		83F74B1C1C314F020052CA6C /* CatFacts */ = {
			isa = PBXNativeTarget;
			buildConfigurationList = 83F74B451C314F030052CA6C /* Build configuration list for PBXNativeTarget "CatFacts" */;
			buildPhases = (
				2F79FA004E66460EBFB70D73 /* [CP] Check Pods Manifest.lock */,
				83F74B191C314F020052CA6C /* Sources */,
				83F74B1A1C314F020052CA6C /* Frameworks */,
				83F74B1B1C314F020052CA6C /* Resources */,
				647720CE21160A2F00E15237 /* ShellScript */,
				5D9CEABAF8FC72EE19250A82 /* [CP] Embed Pods Frameworks */,
			);
			buildRules = (
			);
			dependencies = (
			);
			name = CatFacts;
			productName = CatFacts;
			productReference = 83F74B1D1C314F020052CA6C /* CatFacts.app */;
			productType = "com.apple.product-type.application";
		};
		83F74B301C314F020052CA6C /* CatFactsTests */ = {
			isa = PBXNativeTarget;
			buildConfigurationList = 83F74B481C314F030052CA6C /* Build configuration list for PBXNativeTarget "CatFactsTests" */;
			buildPhases = (
				83F74B2D1C314F020052CA6C /* Sources */,
				83F74B2E1C314F020052CA6C /* Frameworks */,
				83F74B2F1C314F020052CA6C /* Resources */,
			);
			buildRules = (
			);
			dependencies = (
				83F74B331C314F020052CA6C /* PBXTargetDependency */,
			);
			name = CatFactsTests;
			productName = CatFactsTests;
			productReference = 83F74B311C314F020052CA6C /* CatFactsTests.xctest */;
			productType = "com.apple.product-type.bundle.unit-test";
		};
		83F74B3B1C314F030052CA6C /* CatFactsUITests */ = {
			isa = PBXNativeTarget;
			buildConfigurationList = 83F74B4B1C314F030052CA6C /* Build configuration list for PBXNativeTarget "CatFactsUITests" */;
			buildPhases = (
				83F74B381C314F030052CA6C /* Sources */,
				83F74B391C314F030052CA6C /* Frameworks */,
				83F74B3A1C314F030052CA6C /* Resources */,
			);
			buildRules = (
			);
			dependencies = (
				83F74B3E1C314F030052CA6C /* PBXTargetDependency */,
			);
			name = CatFactsUITests;
			productName = CatFactsUITests;
			productReference = 83F74B3C1C314F030052CA6C /* CatFactsUITests.xctest */;
			productType = "com.apple.product-type.bundle.ui-testing";
		};
/* End PBXNativeTarget section */

/* Begin PBXProject section */
		83F74B151C314F020052CA6C /* Project object */ = {
			isa = PBXProject;
			attributes = {
				LastSwiftUpdateCheck = 0720;
				LastUpgradeCheck = 1020;
				ORGANIZATIONNAME = Pae;
				TargetAttributes = {
					83F74B1C1C314F020052CA6C = {
						CreatedOnToolsVersion = 7.2;
						DevelopmentTeam = D8TWV9SE4V;
						LastSwiftMigration = 0830;
						ProvisioningStyle = Automatic;
						SystemCapabilities = {
							com.apple.Push = {
								enabled = 1;
							};
						};
					};
					83F74B301C314F020052CA6C = {
						CreatedOnToolsVersion = 7.2;
						LastSwiftMigration = 0830;
						TestTargetID = 83F74B1C1C314F020052CA6C;
					};
					83F74B3B1C314F030052CA6C = {
						CreatedOnToolsVersion = 7.2;
						LastSwiftMigration = 0830;
						TestTargetID = 83F74B1C1C314F020052CA6C;
					};
				};
			};
			buildConfigurationList = 83F74B181C314F020052CA6C /* Build configuration list for PBXProject "CatFacts" */;
			compatibilityVersion = "Xcode 3.2";
			developmentRegion = English;
			hasScannedForEncodings = 0;
			knownRegions = (
				English,
				en,
				Base,
			);
			mainGroup = 83F74B141C314F020052CA6C;
			productRefGroup = 83F74B1E1C314F020052CA6C /* Products */;
			projectDirPath = "";
			projectRoot = "";
			targets = (
				83F74B1C1C314F020052CA6C /* CatFacts */,
				83F74B301C314F020052CA6C /* CatFactsTests */,
				83F74B3B1C314F030052CA6C /* CatFactsUITests */,
			);
		};
/* End PBXProject section */

/* Begin PBXResourcesBuildPhase section */
		83F74B1B1C314F020052CA6C /* Resources */ = {
			isa = PBXResourcesBuildPhase;
			buildActionMask = 2147483647;
			files = (
				6477208C2115FB3A00E15237 /* Assets.xcassets in Resources */,
				64ADD0BC21EE747E00EA684C /* CatFactsAbout.rtf in Resources */,
				0FBEA34224324DCB00C65CA6 /* CountryCodeCell.xib in Resources */,
				64ADD0BD21EE747E00EA684C /* CatFactsHelp.rtf in Resources */,
				6477208E2115FB3A00E15237 /* Main.storyboard in Resources */,
				0F87DDCB243BBFA3000DCE1A /* GoogleService-Info.plist in Resources */,
				642099E62113891F007B3D8D /* SVProgressHUD.bundle in Resources */,
				6477208D2115FB3A00E15237 /* LaunchScreen.storyboard in Resources */,
				648F17E82115F93C00B1C7C2 /* CatFactsPrivacyPolicy.rtf in Resources */,
				64ADD0BB21EE747E00EA684C /* CatFactsFAQ.rtf in Resources */,
				648F17E92115F93C00B1C7C2 /* CatFactsTermsOfService.rtf in Resources */,
				64209A00211389F3007B3D8D /* DateTools.bundle in Resources */,
			);
			runOnlyForDeploymentPostprocessing = 0;
		};
		83F74B2F1C314F020052CA6C /* Resources */ = {
			isa = PBXResourcesBuildPhase;
			buildActionMask = 2147483647;
			files = (
			);
			runOnlyForDeploymentPostprocessing = 0;
		};
		83F74B3A1C314F030052CA6C /* Resources */ = {
			isa = PBXResourcesBuildPhase;
			buildActionMask = 2147483647;
			files = (
			);
			runOnlyForDeploymentPostprocessing = 0;
		};
/* End PBXResourcesBuildPhase section */

/* Begin PBXShellScriptBuildPhase section */
		2F79FA004E66460EBFB70D73 /* [CP] Check Pods Manifest.lock */ = {
			isa = PBXShellScriptBuildPhase;
			buildActionMask = 2147483647;
			files = (
			);
			inputFileListPaths = (
			);
			inputPaths = (
				"${PODS_PODFILE_DIR_PATH}/Podfile.lock",
				"${PODS_ROOT}/Manifest.lock",
			);
			name = "[CP] Check Pods Manifest.lock";
			outputFileListPaths = (
			);
			outputPaths = (
				"$(DERIVED_FILE_DIR)/Pods-CatFacts-checkManifestLockResult.txt",
			);
			runOnlyForDeploymentPostprocessing = 0;
			shellPath = /bin/sh;
			shellScript = "diff \"${PODS_PODFILE_DIR_PATH}/Podfile.lock\" \"${PODS_ROOT}/Manifest.lock\" > /dev/null\nif [ $? != 0 ] ; then\n    # print error to STDERR\n    echo \"error: The sandbox is not in sync with the Podfile.lock. Run 'pod install' or update your CocoaPods installation.\" >&2\n    exit 1\nfi\n# This output is used by Xcode 'outputs' to avoid re-running this script phase.\necho \"SUCCESS\" > \"${SCRIPT_OUTPUT_FILE_0}\"\n";
			showEnvVarsInLog = 0;
		};
		5D9CEABAF8FC72EE19250A82 /* [CP] Embed Pods Frameworks */ = {
			isa = PBXShellScriptBuildPhase;
			buildActionMask = 2147483647;
			files = (
			);
			inputPaths = (
				"${PODS_ROOT}/Target Support Files/Pods-CatFacts/Pods-CatFacts-frameworks.sh",
				"${BUILT_PRODUCTS_DIR}/DropDown/DropDown.framework",
				"${BUILT_PRODUCTS_DIR}/GoogleUtilities/GoogleUtilities.framework",
				"${BUILT_PRODUCTS_DIR}/IBAnimatable/IBAnimatable.framework",
				"${BUILT_PRODUCTS_DIR}/PhoneNumberKit/PhoneNumberKit.framework",
				"${BUILT_PRODUCTS_DIR}/PromisesObjC/FBLPromises.framework",
				"${BUILT_PRODUCTS_DIR}/nanopb/nanopb.framework",
			);
			name = "[CP] Embed Pods Frameworks";
			outputPaths = (
				"${TARGET_BUILD_DIR}/${FRAMEWORKS_FOLDER_PATH}/DropDown.framework",
				"${TARGET_BUILD_DIR}/${FRAMEWORKS_FOLDER_PATH}/GoogleUtilities.framework",
				"${TARGET_BUILD_DIR}/${FRAMEWORKS_FOLDER_PATH}/IBAnimatable.framework",
				"${TARGET_BUILD_DIR}/${FRAMEWORKS_FOLDER_PATH}/PhoneNumberKit.framework",
				"${TARGET_BUILD_DIR}/${FRAMEWORKS_FOLDER_PATH}/FBLPromises.framework",
				"${TARGET_BUILD_DIR}/${FRAMEWORKS_FOLDER_PATH}/nanopb.framework",
			);
			runOnlyForDeploymentPostprocessing = 0;
			shellPath = /bin/sh;
			shellScript = "\"${PODS_ROOT}/Target Support Files/Pods-CatFacts/Pods-CatFacts-frameworks.sh\"\n";
			showEnvVarsInLog = 0;
		};
		647720CE21160A2F00E15237 /* ShellScript */ = {
			isa = PBXShellScriptBuildPhase;
			buildActionMask = 2147483647;
			files = (
			);
			inputPaths = (
				"$(SRCROOT)/Carthage/Build/iOS/SDWebImage.framework",
				"$(SRCROOT)/Carthage/Build/iOS/MZFormSheetPresentationController.framework",
				"$(SRCROOT)/Carthage/Build/iOS/MZAppearance.framework",
				"$(SRCROOT)/Carthage/Build/iOS/PhoneNumberKit.framework",
				"$(SRCROOT)/Carthage/Build/iOS/MessageKit.framework",
				"$(SRCROOT)/Carthage/Build/iOS/MessageInputBar.framework",
			);
			outputPaths = (
			);
			runOnlyForDeploymentPostprocessing = 0;
			shellPath = /bin/sh;
			shellScript = "/usr/local/bin/carthage copy-frameworks\n\"${PODS_ROOT}/FirebaseCrashlytics/run\"\n";
		};
/* End PBXShellScriptBuildPhase section */

/* Begin PBXSourcesBuildPhase section */
		83F74B191C314F020052CA6C /* Sources */ = {
			isa = PBXSourcesBuildPhase;
			buildActionMask = 2147483647;
			files = (
				83F74B541C3150810052CA6C /* ViewController.swift in Sources */,
				83E7F5EB1C327CDD001D8C89 /* AddContactVC.swift in Sources */,
				647720C42115FC3000E15237 /* CFBaseVC.swift in Sources */,
				64A6EF3B22681BD3001C2438 /* ChatViewController.swift in Sources */,
				647720C82115FC3000E15237 /* TPKeyboardAvoidingScrollView.m in Sources */,
				647720C72115FC3000E15237 /* MGSwipeTableCell.m in Sources */,
				642099FA211389F3007B3D8D /* DTConstants.m in Sources */,
				647720912115FB8E00E15237 /* Constants.swift in Sources */,
				64A6EF3822681B7F001C2438 /* MockSocket.swift in Sources */,
				83E7F6241C32C92A001D8C89 /* CFContactCell.swift in Sources */,
				642099FE211389F3007B3D8D /* DTTimePeriodCollection.m in Sources */,
				647720B92115FC3000E15237 /* GlobInfo.m in Sources */,
				642099FC211389F3007B3D8D /* DTTimePeriod.m in Sources */,
				647720C12115FC3000E15237 /* SWRevealViewController.m in Sources */,
				0FBEA34124324DCB00C65CA6 /* CountryCodeCell.swift in Sources */,
				647720CA2115FC3000E15237 /* UIView+CornerRadius.m in Sources */,
				642099E72113891F007B3D8D /* SVProgressHUD.m in Sources */,
				647720C32115FC3000E15237 /* CommonUtility.m in Sources */,
				83F74B531C3150810052CA6C /* AppDelegate.swift in Sources */,
				642099FF211389F3007B3D8D /* DTTimePeriodGroup.m in Sources */,
				64A6EF3922681B7F001C2438 /* MockMessage.swift in Sources */,
				83F74B581C3154E00052CA6C /* SignInVC.swift in Sources */,
				647720CC2115FC3000E15237 /* Reachability.m in Sources */,
				647720CB2115FC3000E15237 /* CatFactsApi.swift in Sources */,
				647720C22115FC3000E15237 /* CommData.m in Sources */,
				642099E42113891F007B3D8D /* SVIndefiniteAnimatedView.m in Sources */,
				647720C62115FC3000E15237 /* MGSwipeButton.m in Sources */,
				64771FF42115F9F800E15237 /* ContactDetailVC.swift in Sources */,
				0FE292EF242E931600BBDEBF /* TransferDialog.swift in Sources */,
				642099FD211389F3007B3D8D /* DTTimePeriodChain.m in Sources */,
				64E666D921477543001C957D /* Utils.swift in Sources */,
				8384425B1C326CF500342EE2 /* SignUpVC.swift in Sources */,
				648F17EB2115F93C00B1C7C2 /* PrivacyPolicyVC.swift in Sources */,
				647720BA2115FC3000E15237 /* InAppProductPurchaseRequest.swift in Sources */,
				642099E82113891F007B3D8D /* SVRadialGradientLayer.m in Sources */,
				647720C52115FC3000E15237 /* PAInsetLabel.m in Sources */,
				642099FB211389F3007B3D8D /* DTError.m in Sources */,
				642099E52113891F007B3D8D /* SVProgressAnimatedView.m in Sources */,
				64209A01211389F3007B3D8D /* NSDate+DateTools.m in Sources */,
				647720C92115FC3000E15237 /* UIScrollView+TPKeyboardAvoidingAdditions.m in Sources */,
				648F17EA2115F93C00B1C7C2 /* MenuVC.swift in Sources */,
				647720BC2115FC3000E15237 /* SwiftyStoreKit.swift in Sources */,
				647720BB2115FC3000E15237 /* InAppProductQueryRequest.swift in Sources */,
				831E563C1C50DB9100ACB75A /* CreditItemSelectVC.swift in Sources */,
				8384425D1C326D1300342EE2 /* ContactsVC.swift in Sources */,
			);
			runOnlyForDeploymentPostprocessing = 0;
		};
		83F74B2D1C314F020052CA6C /* Sources */ = {
			isa = PBXSourcesBuildPhase;
			buildActionMask = 2147483647;
			files = (
				83F74B361C314F020052CA6C /* CatFactsTests.swift in Sources */,
			);
			runOnlyForDeploymentPostprocessing = 0;
		};
		83F74B381C314F030052CA6C /* Sources */ = {
			isa = PBXSourcesBuildPhase;
			buildActionMask = 2147483647;
			files = (
				83F74B411C314F030052CA6C /* CatFactsUITests.swift in Sources */,
			);
			runOnlyForDeploymentPostprocessing = 0;
		};
/* End PBXSourcesBuildPhase section */

/* Begin PBXTargetDependency section */
		83F74B331C314F020052CA6C /* PBXTargetDependency */ = {
			isa = PBXTargetDependency;
			target = 83F74B1C1C314F020052CA6C /* CatFacts */;
			targetProxy = 83F74B321C314F020052CA6C /* PBXContainerItemProxy */;
		};
		83F74B3E1C314F030052CA6C /* PBXTargetDependency */ = {
			isa = PBXTargetDependency;
			target = 83F74B1C1C314F020052CA6C /* CatFacts */;
			targetProxy = 83F74B3D1C314F030052CA6C /* PBXContainerItemProxy */;
		};
/* End PBXTargetDependency section */

/* Begin PBXVariantGroup section */
		647720882115FB3A00E15237 /* LaunchScreen.storyboard */ = {
			isa = PBXVariantGroup;
			children = (
				647720892115FB3A00E15237 /* Base */,
			);
			name = LaunchScreen.storyboard;
			sourceTree = "<group>";
		};
		6477208A2115FB3A00E15237 /* Main.storyboard */ = {
			isa = PBXVariantGroup;
			children = (
				6477208B2115FB3A00E15237 /* Base */,
			);
			name = Main.storyboard;
			sourceTree = "<group>";
		};
/* End PBXVariantGroup section */

/* Begin XCBuildConfiguration section */
		83F74B431C314F030052CA6C /* Debug */ = {
			isa = XCBuildConfiguration;
			buildSettings = {
				ALWAYS_SEARCH_USER_PATHS = NO;
				CLANG_ANALYZER_LOCALIZABILITY_NONLOCALIZED = YES;
				CLANG_CXX_LANGUAGE_STANDARD = "gnu++0x";
				CLANG_CXX_LIBRARY = "libc++";
				CLANG_ENABLE_MODULES = YES;
				CLANG_ENABLE_OBJC_ARC = YES;
				CLANG_WARN_BLOCK_CAPTURE_AUTORELEASING = YES;
				CLANG_WARN_BOOL_CONVERSION = YES;
				CLANG_WARN_COMMA = YES;
				CLANG_WARN_CONSTANT_CONVERSION = YES;
				CLANG_WARN_DEPRECATED_OBJC_IMPLEMENTATIONS = YES;
				CLANG_WARN_DIRECT_OBJC_ISA_USAGE = YES_ERROR;
				CLANG_WARN_EMPTY_BODY = YES;
				CLANG_WARN_ENUM_CONVERSION = YES;
				CLANG_WARN_INFINITE_RECURSION = YES;
				CLANG_WARN_INT_CONVERSION = YES;
				CLANG_WARN_NON_LITERAL_NULL_CONVERSION = YES;
				CLANG_WARN_OBJC_IMPLICIT_RETAIN_SELF = YES;
				CLANG_WARN_OBJC_LITERAL_CONVERSION = YES;
				CLANG_WARN_OBJC_ROOT_CLASS = YES_ERROR;
				CLANG_WARN_RANGE_LOOP_ANALYSIS = YES;
				CLANG_WARN_STRICT_PROTOTYPES = YES;
				CLANG_WARN_SUSPICIOUS_MOVE = YES;
				CLANG_WARN_UNREACHABLE_CODE = YES;
				CLANG_WARN__DUPLICATE_METHOD_MATCH = YES;
				CODE_SIGN_IDENTITY = "iPhone Developer: Matt McWilliam (YP948Q6FPH)";
				"CODE_SIGN_IDENTITY[sdk=iphoneos*]" = "iPhone Developer";
				COPY_PHASE_STRIP = NO;
				DEBUG_INFORMATION_FORMAT = dwarf;
				ENABLE_STRICT_OBJC_MSGSEND = YES;
				ENABLE_TESTABILITY = YES;
				GCC_C_LANGUAGE_STANDARD = gnu99;
				GCC_DYNAMIC_NO_PIC = NO;
				GCC_NO_COMMON_BLOCKS = YES;
				GCC_OPTIMIZATION_LEVEL = 0;
				GCC_PREPROCESSOR_DEFINITIONS = (
					"DEBUG=1",
					"$(inherited)",
				);
				GCC_WARN_64_TO_32_BIT_CONVERSION = YES;
				GCC_WARN_ABOUT_RETURN_TYPE = YES_ERROR;
				GCC_WARN_UNDECLARED_SELECTOR = YES;
				GCC_WARN_UNINITIALIZED_AUTOS = YES_AGGRESSIVE;
				GCC_WARN_UNUSED_FUNCTION = YES;
				GCC_WARN_UNUSED_VARIABLE = YES;
				IPHONEOS_DEPLOYMENT_TARGET = 9.2;
				MTL_ENABLE_DEBUG_INFO = YES;
				ONLY_ACTIVE_ARCH = YES;
				PROVISIONING_PROFILE = "5c4572ea-9626-4492-800e-7924edb6a35e";
				SDKROOT = iphoneos;
				SWIFT_OPTIMIZATION_LEVEL = "-Onone";
				TARGETED_DEVICE_FAMILY = "1,2";
			};
			name = Debug;
		};
		83F74B441C314F030052CA6C /* Release */ = {
			isa = XCBuildConfiguration;
			buildSettings = {
				ALWAYS_SEARCH_USER_PATHS = NO;
				CLANG_ANALYZER_LOCALIZABILITY_NONLOCALIZED = YES;
				CLANG_CXX_LANGUAGE_STANDARD = "gnu++0x";
				CLANG_CXX_LIBRARY = "libc++";
				CLANG_ENABLE_MODULES = YES;
				CLANG_ENABLE_OBJC_ARC = YES;
				CLANG_WARN_BLOCK_CAPTURE_AUTORELEASING = YES;
				CLANG_WARN_BOOL_CONVERSION = YES;
				CLANG_WARN_COMMA = YES;
				CLANG_WARN_CONSTANT_CONVERSION = YES;
				CLANG_WARN_DEPRECATED_OBJC_IMPLEMENTATIONS = YES;
				CLANG_WARN_DIRECT_OBJC_ISA_USAGE = YES_ERROR;
				CLANG_WARN_EMPTY_BODY = YES;
				CLANG_WARN_ENUM_CONVERSION = YES;
				CLANG_WARN_INFINITE_RECURSION = YES;
				CLANG_WARN_INT_CONVERSION = YES;
				CLANG_WARN_NON_LITERAL_NULL_CONVERSION = YES;
				CLANG_WARN_OBJC_IMPLICIT_RETAIN_SELF = YES;
				CLANG_WARN_OBJC_LITERAL_CONVERSION = YES;
				CLANG_WARN_OBJC_ROOT_CLASS = YES_ERROR;
				CLANG_WARN_RANGE_LOOP_ANALYSIS = YES;
				CLANG_WARN_STRICT_PROTOTYPES = YES;
				CLANG_WARN_SUSPICIOUS_MOVE = YES;
				CLANG_WARN_UNREACHABLE_CODE = YES;
				CLANG_WARN__DUPLICATE_METHOD_MATCH = YES;
				CODE_SIGN_IDENTITY = "iPhone Developer: Matt McWilliam (YP948Q6FPH)";
				"CODE_SIGN_IDENTITY[sdk=iphoneos*]" = "iPhone Developer";
				COPY_PHASE_STRIP = NO;
				DEBUG_INFORMATION_FORMAT = "dwarf-with-dsym";
				ENABLE_NS_ASSERTIONS = NO;
				ENABLE_STRICT_OBJC_MSGSEND = YES;
				GCC_C_LANGUAGE_STANDARD = gnu99;
				GCC_NO_COMMON_BLOCKS = YES;
				GCC_WARN_64_TO_32_BIT_CONVERSION = YES;
				GCC_WARN_ABOUT_RETURN_TYPE = YES_ERROR;
				GCC_WARN_UNDECLARED_SELECTOR = YES;
				GCC_WARN_UNINITIALIZED_AUTOS = YES_AGGRESSIVE;
				GCC_WARN_UNUSED_FUNCTION = YES;
				GCC_WARN_UNUSED_VARIABLE = YES;
				IPHONEOS_DEPLOYMENT_TARGET = 9.2;
				MTL_ENABLE_DEBUG_INFO = NO;
				ONLY_ACTIVE_ARCH = NO;
				PROVISIONING_PROFILE = "5c4572ea-9626-4492-800e-7924edb6a35e";
				SDKROOT = iphoneos;
				SWIFT_COMPILATION_MODE = wholemodule;
				TARGETED_DEVICE_FAMILY = "1,2";
				VALIDATE_PRODUCT = YES;
			};
			name = Release;
		};
		83F74B461C314F030052CA6C /* Debug */ = {
			isa = XCBuildConfiguration;
			baseConfigurationReference = D84159FC5E87911C89D62930 /* Pods-CatFacts.debug.xcconfig */;
			buildSettings = {
				ASSETCATALOG_COMPILER_APPICON_NAME = AppIcon;
				CLANG_ENABLE_MODULES = YES;
				CODE_SIGN_ENTITLEMENTS = CatFacts/CatFacts.entitlements;
				CODE_SIGN_IDENTITY = "iPhone Developer: Matt McWilliam (YP948Q6FPH)";
				"CODE_SIGN_IDENTITY[sdk=iphoneos*]" = "iPhone Developer";
				CURRENT_PROJECT_VERSION = 2.0;
				DEVELOPMENT_TEAM = D8TWV9SE4V;
				ENABLE_BITCODE = NO;
				FRAMEWORK_SEARCH_PATHS = (
					"$(inherited)",
					"$(PROJECT_DIR)/CatFacts/Common/ThirdParty",
					"$(PROJECT_DIR)/Framework",
					"$(PROJECT_DIR)/Carthage/Build/iOS",
				);
				HEADER_SEARCH_PATHS = (
					"$(inherited)",
					"\"$(PROJECT_DIR)/Framework\"",
				);
				INFOPLIST_FILE = CatFacts/Info.plist;
				IPHONEOS_DEPLOYMENT_TARGET = 11.2;
				LD_RUNPATH_SEARCH_PATHS = "$(inherited) @executable_path/Frameworks";
				MARKETING_VERSION = 1.18;
				ONLY_ACTIVE_ARCH = NO;
				PRODUCT_BUNDLE_IDENTIFIER = com.mjm.catfacts;
				PRODUCT_NAME = "$(TARGET_NAME)";
				PROVISIONING_PROFILE = "";
				PROVISIONING_PROFILE_SPECIFIER = "";
				SDKROOT = iphoneos;
				SWIFT_OBJC_BRIDGING_HEADER = "CatFacts/CatFacts-Bridging-Header.h";
				SWIFT_OPTIMIZATION_LEVEL = "-Onone";
				SWIFT_VERSION = 4.2;
			};
			name = Debug;
		};
		83F74B471C314F030052CA6C /* Release */ = {
			isa = XCBuildConfiguration;
			baseConfigurationReference = EC7BC10C6DD7AB91E039A92E /* Pods-CatFacts.release.xcconfig */;
			buildSettings = {
				ASSETCATALOG_COMPILER_APPICON_NAME = AppIcon;
				CLANG_ENABLE_MODULES = YES;
				CODE_SIGN_ENTITLEMENTS = CatFacts/CatFacts.entitlements;
				CODE_SIGN_IDENTITY = "iPhone Developer: Matt McWilliam (YP948Q6FPH)";
				"CODE_SIGN_IDENTITY[sdk=iphoneos*]" = "iPhone Developer";
				CURRENT_PROJECT_VERSION = 2.0;
				DEVELOPMENT_TEAM = D8TWV9SE4V;
				ENABLE_BITCODE = NO;
				FRAMEWORK_SEARCH_PATHS = (
					"$(inherited)",
					"$(PROJECT_DIR)/CatFacts/Common/ThirdParty",
					"$(PROJECT_DIR)/Framework",
					"$(PROJECT_DIR)/Carthage/Build/iOS",
				);
				HEADER_SEARCH_PATHS = (
					"$(inherited)",
					"\"$(PROJECT_DIR)/Framework\"",
				);
				INFOPLIST_FILE = CatFacts/Info.plist;
				IPHONEOS_DEPLOYMENT_TARGET = 11.2;
				LD_RUNPATH_SEARCH_PATHS = "$(inherited) @executable_path/Frameworks";
				MARKETING_VERSION = 1.18;
				ONLY_ACTIVE_ARCH = NO;
				PRODUCT_BUNDLE_IDENTIFIER = com.mjm.catfacts;
				PRODUCT_NAME = "$(TARGET_NAME)";
				PROVISIONING_PROFILE = "";
				PROVISIONING_PROFILE_SPECIFIER = "";
				SDKROOT = iphoneos;
				SWIFT_OBJC_BRIDGING_HEADER = "CatFacts/CatFacts-Bridging-Header.h";
				SWIFT_VERSION = 4.2;
			};
			name = Release;
		};
		83F74B491C314F030052CA6C /* Debug */ = {
			isa = XCBuildConfiguration;
			buildSettings = {
				BUNDLE_LOADER = "$(TEST_HOST)";
				INFOPLIST_FILE = CatFactsTests/Info.plist;
				LD_RUNPATH_SEARCH_PATHS = "$(inherited) @executable_path/Frameworks @loader_path/Frameworks";
				PRODUCT_BUNDLE_IDENTIFIER = com.global.CatFactsTests;
				PRODUCT_NAME = "$(TARGET_NAME)";
				SWIFT_VERSION = 4.2;
				TEST_HOST = "$(BUILT_PRODUCTS_DIR)/CatFacts.app/CatFacts";
			};
			name = Debug;
		};
		83F74B4A1C314F030052CA6C /* Release */ = {
			isa = XCBuildConfiguration;
			buildSettings = {
				BUNDLE_LOADER = "$(TEST_HOST)";
				INFOPLIST_FILE = CatFactsTests/Info.plist;
				LD_RUNPATH_SEARCH_PATHS = "$(inherited) @executable_path/Frameworks @loader_path/Frameworks";
				PRODUCT_BUNDLE_IDENTIFIER = com.global.CatFactsTests;
				PRODUCT_NAME = "$(TARGET_NAME)";
				SWIFT_VERSION = 4.2;
				TEST_HOST = "$(BUILT_PRODUCTS_DIR)/CatFacts.app/CatFacts";
			};
			name = Release;
		};
		83F74B4C1C314F030052CA6C /* Debug */ = {
			isa = XCBuildConfiguration;
			buildSettings = {
				INFOPLIST_FILE = CatFactsUITests/Info.plist;
				LD_RUNPATH_SEARCH_PATHS = "$(inherited) @executable_path/Frameworks @loader_path/Frameworks";
				PRODUCT_BUNDLE_IDENTIFIER = com.global.CatFactsUITests;
				PRODUCT_NAME = "$(TARGET_NAME)";
				SWIFT_VERSION = 4.2;
				TEST_TARGET_NAME = CatFacts;
				USES_XCTRUNNER = YES;
			};
			name = Debug;
		};
		83F74B4D1C314F030052CA6C /* Release */ = {
			isa = XCBuildConfiguration;
			buildSettings = {
				INFOPLIST_FILE = CatFactsUITests/Info.plist;
				LD_RUNPATH_SEARCH_PATHS = "$(inherited) @executable_path/Frameworks @loader_path/Frameworks";
				PRODUCT_BUNDLE_IDENTIFIER = com.global.CatFactsUITests;
				PRODUCT_NAME = "$(TARGET_NAME)";
				SWIFT_VERSION = 4.2;
				TEST_TARGET_NAME = CatFacts;
				USES_XCTRUNNER = YES;
			};
			name = Release;
		};
/* End XCBuildConfiguration section */

/* Begin XCConfigurationList section */
		83F74B181C314F020052CA6C /* Build configuration list for PBXProject "CatFacts" */ = {
			isa = XCConfigurationList;
			buildConfigurations = (
				83F74B431C314F030052CA6C /* Debug */,
				83F74B441C314F030052CA6C /* Release */,
			);
			defaultConfigurationIsVisible = 0;
			defaultConfigurationName = Release;
		};
		83F74B451C314F030052CA6C /* Build configuration list for PBXNativeTarget "CatFacts" */ = {
			isa = XCConfigurationList;
			buildConfigurations = (
				83F74B461C314F030052CA6C /* Debug */,
				83F74B471C314F030052CA6C /* Release */,
			);
			defaultConfigurationIsVisible = 0;
			defaultConfigurationName = Release;
		};
		83F74B481C314F030052CA6C /* Build configuration list for PBXNativeTarget "CatFactsTests" */ = {
			isa = XCConfigurationList;
			buildConfigurations = (
				83F74B491C314F030052CA6C /* Debug */,
				83F74B4A1C314F030052CA6C /* Release */,
			);
			defaultConfigurationIsVisible = 0;
			defaultConfigurationName = Release;
		};
		83F74B4B1C314F030052CA6C /* Build configuration list for PBXNativeTarget "CatFactsUITests" */ = {
			isa = XCConfigurationList;
			buildConfigurations = (
				83F74B4C1C314F030052CA6C /* Debug */,
				83F74B4D1C314F030052CA6C /* Release */,
			);
			defaultConfigurationIsVisible = 0;
			defaultConfigurationName = Release;
		};
/* End XCConfigurationList section */
	};
	rootObject = 83F74B151C314F020052CA6C /* Project object */;
}
